// !$*UTF8*$!
{
	archiveVersion = 1;
	classes = {
	};
	objectVersion = 46;
	objects = {

/* Begin PBXAggregateTarget section */
		"Atem::AtemPackageTests::ProductTarget" /* AtemPackageTests */ = {
			isa = PBXAggregateTarget;
			buildConfigurationList = OBJ_196 /* Build configuration list for PBXAggregateTarget "AtemPackageTests" */;
			buildPhases = (
			);
			dependencies = (
				OBJ_199 /* PBXTargetDependency */,
			);
			name = AtemPackageTests;
			productName = AtemPackageTests;
		};
/* End PBXAggregateTarget section */

/* Begin PBXBuildFile section */
		74D8D32720B5456F006EA471 /* EnvelopeWrapper.swift in Sources */ = {isa = PBXBuildFile; fileRef = OBJ_12 /* EnvelopeWrapper.swift */; };
		OBJ_133 /* ArrayOperations.swift in Sources */ = {isa = PBXBuildFile; fileRef = OBJ_9 /* ArrayOperations.swift */; };
		OBJ_134 /* Connection.swift in Sources */ = {isa = PBXBuildFile; fileRef = OBJ_10 /* Connection.swift */; };
		OBJ_135 /* Controller.swift in Sources */ = {isa = PBXBuildFile; fileRef = OBJ_11 /* Controller.swift */; };
		OBJ_137 /* HandlerWithTimer.swift in Sources */ = {isa = PBXBuildFile; fileRef = OBJ_13 /* HandlerWithTimer.swift */; };
		OBJ_138 /* InitialSwitcherStateMessages.swift in Sources */ = {isa = PBXBuildFile; fileRef = OBJ_14 /* InitialSwitcherStateMessages.swift */; };
		OBJ_139 /* IntOperators.swift in Sources */ = {isa = PBXBuildFile; fileRef = OBJ_15 /* IntOperators.swift */; };
		OBJ_140 /* Message.swift in Sources */ = {isa = PBXBuildFile; fileRef = OBJ_16 /* Message.swift */; };
		OBJ_141 /* Packet.swift in Sources */ = {isa = PBXBuildFile; fileRef = OBJ_17 /* Packet.swift */; };
		OBJ_142 /* PacketTypes.swift in Sources */ = {isa = PBXBuildFile; fileRef = OBJ_18 /* PacketTypes.swift */; };
		OBJ_143 /* Switcher.swift in Sources */ = {isa = PBXBuildFile; fileRef = OBJ_19 /* Switcher.swift */; };
		OBJ_145 /* NIO.framework in Frameworks */ = {isa = PBXBuildFile; fileRef = "swift-nio::NIO::Product" /* NIO.framework */; };
		OBJ_146 /* CNIOSHA1.framework in Frameworks */ = {isa = PBXBuildFile; fileRef = "swift-nio::CNIOSHA1::Product" /* CNIOSHA1.framework */; };
		OBJ_147 /* NIOPriorityQueue.framework in Frameworks */ = {isa = PBXBuildFile; fileRef = "swift-nio::NIOPriorityQueue::Product" /* NIOPriorityQueue.framework */; };
		OBJ_148 /* NIOConcurrencyHelpers.framework in Frameworks */ = {isa = PBXBuildFile; fileRef = "swift-nio::NIOConcurrencyHelpers::Product" /* NIOConcurrencyHelpers.framework */; };
		OBJ_149 /* CNIOAtomics.framework in Frameworks */ = {isa = PBXBuildFile; fileRef = "swift-nio::CNIOAtomics::Product" /* CNIOAtomics.framework */; };
		OBJ_150 /* CNIODarwin.framework in Frameworks */ = {isa = PBXBuildFile; fileRef = "swift-nio::CNIODarwin::Product" /* CNIODarwin.framework */; };
		OBJ_151 /* CNIOLinux.framework in Frameworks */ = {isa = PBXBuildFile; fileRef = "swift-nio::CNIOLinux::Product" /* CNIOLinux.framework */; };
		OBJ_171 /* Atem_Tests.swift in Sources */ = {isa = PBXBuildFile; fileRef = OBJ_22 /* Atem_Tests.swift */; };
		OBJ_173 /* Atem.framework in Frameworks */ = {isa = PBXBuildFile; fileRef = "Atem::Atem::Product" /* Atem.framework */; };
		OBJ_174 /* NIO.framework in Frameworks */ = {isa = PBXBuildFile; fileRef = "swift-nio::NIO::Product" /* NIO.framework */; };
		OBJ_175 /* CNIOSHA1.framework in Frameworks */ = {isa = PBXBuildFile; fileRef = "swift-nio::CNIOSHA1::Product" /* CNIOSHA1.framework */; };
		OBJ_176 /* NIOPriorityQueue.framework in Frameworks */ = {isa = PBXBuildFile; fileRef = "swift-nio::NIOPriorityQueue::Product" /* NIOPriorityQueue.framework */; };
		OBJ_177 /* NIOConcurrencyHelpers.framework in Frameworks */ = {isa = PBXBuildFile; fileRef = "swift-nio::NIOConcurrencyHelpers::Product" /* NIOConcurrencyHelpers.framework */; };
		OBJ_178 /* CNIOAtomics.framework in Frameworks */ = {isa = PBXBuildFile; fileRef = "swift-nio::CNIOAtomics::Product" /* CNIOAtomics.framework */; };
		OBJ_179 /* CNIODarwin.framework in Frameworks */ = {isa = PBXBuildFile; fileRef = "swift-nio::CNIODarwin::Product" /* CNIODarwin.framework */; };
		OBJ_180 /* CNIOLinux.framework in Frameworks */ = {isa = PBXBuildFile; fileRef = "swift-nio::CNIOLinux::Product" /* CNIOLinux.framework */; };
		OBJ_194 /* Package.swift in Sources */ = {isa = PBXBuildFile; fileRef = OBJ_6 /* Package.swift */; };
		OBJ_204 /* c-atomics.c in Sources */ = {isa = PBXBuildFile; fileRef = OBJ_27 /* c-atomics.c */; };
		OBJ_210 /* shim.c in Sources */ = {isa = PBXBuildFile; fileRef = OBJ_108 /* shim.c */; };
		OBJ_216 /* shim.c in Sources */ = {isa = PBXBuildFile; fileRef = OBJ_35 /* shim.c */; };
		OBJ_222 /* c_nio_sha1.c in Sources */ = {isa = PBXBuildFile; fileRef = OBJ_49 /* c_nio_sha1.c */; };
		OBJ_228 /* AddressedEnvelope.swift in Sources */ = {isa = PBXBuildFile; fileRef = OBJ_55 /* AddressedEnvelope.swift */; };
		OBJ_229 /* BaseSocket.swift in Sources */ = {isa = PBXBuildFile; fileRef = OBJ_56 /* BaseSocket.swift */; };
		OBJ_230 /* BaseSocketChannel.swift in Sources */ = {isa = PBXBuildFile; fileRef = OBJ_57 /* BaseSocketChannel.swift */; };
		OBJ_231 /* BlockingIOThreadPool.swift in Sources */ = {isa = PBXBuildFile; fileRef = OBJ_58 /* BlockingIOThreadPool.swift */; };
		OBJ_232 /* Bootstrap.swift in Sources */ = {isa = PBXBuildFile; fileRef = OBJ_59 /* Bootstrap.swift */; };
		OBJ_233 /* ByteBuffer-aux.swift in Sources */ = {isa = PBXBuildFile; fileRef = OBJ_60 /* ByteBuffer-aux.swift */; };
		OBJ_234 /* ByteBuffer-core.swift in Sources */ = {isa = PBXBuildFile; fileRef = OBJ_61 /* ByteBuffer-core.swift */; };
		OBJ_235 /* ByteBuffer-int.swift in Sources */ = {isa = PBXBuildFile; fileRef = OBJ_62 /* ByteBuffer-int.swift */; };
		OBJ_236 /* Channel.swift in Sources */ = {isa = PBXBuildFile; fileRef = OBJ_63 /* Channel.swift */; };
		OBJ_237 /* ChannelHandler.swift in Sources */ = {isa = PBXBuildFile; fileRef = OBJ_64 /* ChannelHandler.swift */; };
		OBJ_238 /* ChannelHandlers.swift in Sources */ = {isa = PBXBuildFile; fileRef = OBJ_65 /* ChannelHandlers.swift */; };
		OBJ_239 /* ChannelInvoker.swift in Sources */ = {isa = PBXBuildFile; fileRef = OBJ_66 /* ChannelInvoker.swift */; };
		OBJ_240 /* ChannelOption.swift in Sources */ = {isa = PBXBuildFile; fileRef = OBJ_67 /* ChannelOption.swift */; };
		OBJ_241 /* ChannelPipeline.swift in Sources */ = {isa = PBXBuildFile; fileRef = OBJ_68 /* ChannelPipeline.swift */; };
		OBJ_242 /* CircularBuffer.swift in Sources */ = {isa = PBXBuildFile; fileRef = OBJ_69 /* CircularBuffer.swift */; };
		OBJ_243 /* Codec.swift in Sources */ = {isa = PBXBuildFile; fileRef = OBJ_70 /* Codec.swift */; };
		OBJ_244 /* CompositeError.swift in Sources */ = {isa = PBXBuildFile; fileRef = OBJ_71 /* CompositeError.swift */; };
		OBJ_245 /* DeadChannel.swift in Sources */ = {isa = PBXBuildFile; fileRef = OBJ_72 /* DeadChannel.swift */; };
		OBJ_246 /* Embedded.swift in Sources */ = {isa = PBXBuildFile; fileRef = OBJ_73 /* Embedded.swift */; };
		OBJ_247 /* EventLoop.swift in Sources */ = {isa = PBXBuildFile; fileRef = OBJ_74 /* EventLoop.swift */; };
		OBJ_248 /* EventLoopFuture.swift in Sources */ = {isa = PBXBuildFile; fileRef = OBJ_75 /* EventLoopFuture.swift */; };
		OBJ_249 /* FileDescriptor.swift in Sources */ = {isa = PBXBuildFile; fileRef = OBJ_76 /* FileDescriptor.swift */; };
		OBJ_250 /* FileHandle.swift in Sources */ = {isa = PBXBuildFile; fileRef = OBJ_77 /* FileHandle.swift */; };
		OBJ_251 /* FileRegion.swift in Sources */ = {isa = PBXBuildFile; fileRef = OBJ_78 /* FileRegion.swift */; };
		OBJ_252 /* GetaddrinfoResolver.swift in Sources */ = {isa = PBXBuildFile; fileRef = OBJ_79 /* GetaddrinfoResolver.swift */; };
		OBJ_253 /* HappyEyeballs.swift in Sources */ = {isa = PBXBuildFile; fileRef = OBJ_80 /* HappyEyeballs.swift */; };
		OBJ_254 /* Heap.swift in Sources */ = {isa = PBXBuildFile; fileRef = OBJ_81 /* Heap.swift */; };
		OBJ_255 /* IO.swift in Sources */ = {isa = PBXBuildFile; fileRef = OBJ_82 /* IO.swift */; };
		OBJ_256 /* IOData.swift in Sources */ = {isa = PBXBuildFile; fileRef = OBJ_83 /* IOData.swift */; };
		OBJ_257 /* IntegerTypes.swift in Sources */ = {isa = PBXBuildFile; fileRef = OBJ_84 /* IntegerTypes.swift */; };
		OBJ_258 /* Interfaces.swift in Sources */ = {isa = PBXBuildFile; fileRef = OBJ_85 /* Interfaces.swift */; };
		OBJ_259 /* Linux.swift in Sources */ = {isa = PBXBuildFile; fileRef = OBJ_86 /* Linux.swift */; };
		OBJ_260 /* LinuxCPUSet.swift in Sources */ = {isa = PBXBuildFile; fileRef = OBJ_87 /* LinuxCPUSet.swift */; };
		OBJ_261 /* MarkedCircularBuffer.swift in Sources */ = {isa = PBXBuildFile; fileRef = OBJ_88 /* MarkedCircularBuffer.swift */; };
		OBJ_262 /* NIOAny.swift in Sources */ = {isa = PBXBuildFile; fileRef = OBJ_89 /* NIOAny.swift */; };
		OBJ_263 /* NonBlockingFileIO.swift in Sources */ = {isa = PBXBuildFile; fileRef = OBJ_90 /* NonBlockingFileIO.swift */; };
		OBJ_264 /* PendingDatagramWritesManager.swift in Sources */ = {isa = PBXBuildFile; fileRef = OBJ_91 /* PendingDatagramWritesManager.swift */; };
		OBJ_265 /* PendingWritesManager.swift in Sources */ = {isa = PBXBuildFile; fileRef = OBJ_92 /* PendingWritesManager.swift */; };
		OBJ_266 /* PriorityQueue.swift in Sources */ = {isa = PBXBuildFile; fileRef = OBJ_93 /* PriorityQueue.swift */; };
		OBJ_267 /* RecvByteBufferAllocator.swift in Sources */ = {isa = PBXBuildFile; fileRef = OBJ_94 /* RecvByteBufferAllocator.swift */; };
		OBJ_268 /* Resolver.swift in Sources */ = {isa = PBXBuildFile; fileRef = OBJ_95 /* Resolver.swift */; };
		OBJ_269 /* Selectable.swift in Sources */ = {isa = PBXBuildFile; fileRef = OBJ_96 /* Selectable.swift */; };
		OBJ_270 /* Selector.swift in Sources */ = {isa = PBXBuildFile; fileRef = OBJ_97 /* Selector.swift */; };
		OBJ_271 /* ServerSocket.swift in Sources */ = {isa = PBXBuildFile; fileRef = OBJ_98 /* ServerSocket.swift */; };
		OBJ_272 /* Socket.swift in Sources */ = {isa = PBXBuildFile; fileRef = OBJ_99 /* Socket.swift */; };
		OBJ_273 /* SocketAddresses.swift in Sources */ = {isa = PBXBuildFile; fileRef = OBJ_100 /* SocketAddresses.swift */; };
		OBJ_274 /* SocketChannel.swift in Sources */ = {isa = PBXBuildFile; fileRef = OBJ_101 /* SocketChannel.swift */; };
		OBJ_275 /* System.swift in Sources */ = {isa = PBXBuildFile; fileRef = OBJ_102 /* System.swift */; };
		OBJ_276 /* Thread.swift in Sources */ = {isa = PBXBuildFile; fileRef = OBJ_103 /* Thread.swift */; };
		OBJ_277 /* TypeAssistedChannelHandler.swift in Sources */ = {isa = PBXBuildFile; fileRef = OBJ_104 /* TypeAssistedChannelHandler.swift */; };
		OBJ_278 /* Utilities.swift in Sources */ = {isa = PBXBuildFile; fileRef = OBJ_105 /* Utilities.swift */; };
		OBJ_280 /* CNIOSHA1.framework in Frameworks */ = {isa = PBXBuildFile; fileRef = "swift-nio::CNIOSHA1::Product" /* CNIOSHA1.framework */; };
		OBJ_281 /* NIOPriorityQueue.framework in Frameworks */ = {isa = PBXBuildFile; fileRef = "swift-nio::NIOPriorityQueue::Product" /* NIOPriorityQueue.framework */; };
		OBJ_282 /* NIOConcurrencyHelpers.framework in Frameworks */ = {isa = PBXBuildFile; fileRef = "swift-nio::NIOConcurrencyHelpers::Product" /* NIOConcurrencyHelpers.framework */; };
		OBJ_283 /* CNIOAtomics.framework in Frameworks */ = {isa = PBXBuildFile; fileRef = "swift-nio::CNIOAtomics::Product" /* CNIOAtomics.framework */; };
		OBJ_284 /* CNIODarwin.framework in Frameworks */ = {isa = PBXBuildFile; fileRef = "swift-nio::CNIODarwin::Product" /* CNIODarwin.framework */; };
		OBJ_285 /* CNIOLinux.framework in Frameworks */ = {isa = PBXBuildFile; fileRef = "swift-nio::CNIOLinux::Product" /* CNIOLinux.framework */; };
		OBJ_296 /* atomics.swift in Sources */ = {isa = PBXBuildFile; fileRef = OBJ_42 /* atomics.swift */; };
		OBJ_297 /* lock.swift in Sources */ = {isa = PBXBuildFile; fileRef = OBJ_43 /* lock.swift */; };
		OBJ_299 /* CNIOAtomics.framework in Frameworks */ = {isa = PBXBuildFile; fileRef = "swift-nio::CNIOAtomics::Product" /* CNIOAtomics.framework */; };
		OBJ_305 /* Heap.swift in Sources */ = {isa = PBXBuildFile; fileRef = OBJ_113 /* Heap.swift */; };
		OBJ_306 /* PriorityQueue.swift in Sources */ = {isa = PBXBuildFile; fileRef = OBJ_114 /* PriorityQueue.swift */; };
		OBJ_313 /* Package.swift in Sources */ = {isa = PBXBuildFile; fileRef = OBJ_117 /* Package.swift */; };
/* End PBXBuildFile section */

/* Begin PBXContainerItemProxy section */
		74D8D2F220B452B1006EA471 /* PBXContainerItemProxy */ = {
			isa = PBXContainerItemProxy;
			containerPortal = OBJ_1 /* Project object */;
			proxyType = 1;
			remoteGlobalIDString = "swift-nio::CNIOAtomics";
			remoteInfo = CNIOAtomics;
		};
		74D8D2F320B452B1006EA471 /* PBXContainerItemProxy */ = {
			isa = PBXContainerItemProxy;
			containerPortal = OBJ_1 /* Project object */;
			proxyType = 1;
			remoteGlobalIDString = "swift-nio::NIO";
			remoteInfo = NIO;
		};
		74D8D2F420B452B1006EA471 /* PBXContainerItemProxy */ = {
			isa = PBXContainerItemProxy;
			containerPortal = OBJ_1 /* Project object */;
			proxyType = 1;
			remoteGlobalIDString = "swift-nio::CNIOSHA1";
			remoteInfo = CNIOSHA1;
		};
		74D8D2F520B452B1006EA471 /* PBXContainerItemProxy */ = {
			isa = PBXContainerItemProxy;
			containerPortal = OBJ_1 /* Project object */;
			proxyType = 1;
			remoteGlobalIDString = "swift-nio::NIOPriorityQueue";
			remoteInfo = NIOPriorityQueue;
		};
		74D8D2F620B452B1006EA471 /* PBXContainerItemProxy */ = {
			isa = PBXContainerItemProxy;
			containerPortal = OBJ_1 /* Project object */;
			proxyType = 1;
			remoteGlobalIDString = "swift-nio::NIOConcurrencyHelpers";
			remoteInfo = NIOConcurrencyHelpers;
		};
		74D8D2F720B452B1006EA471 /* PBXContainerItemProxy */ = {
			isa = PBXContainerItemProxy;
			containerPortal = OBJ_1 /* Project object */;
			proxyType = 1;
			remoteGlobalIDString = "swift-nio::CNIOAtomics";
			remoteInfo = CNIOAtomics;
		};
		74D8D2F820B452B1006EA471 /* PBXContainerItemProxy */ = {
			isa = PBXContainerItemProxy;
			containerPortal = OBJ_1 /* Project object */;
			proxyType = 1;
			remoteGlobalIDString = "swift-nio::CNIODarwin";
			remoteInfo = CNIODarwin;
		};
		74D8D2F920B452B1006EA471 /* PBXContainerItemProxy */ = {
			isa = PBXContainerItemProxy;
			containerPortal = OBJ_1 /* Project object */;
			proxyType = 1;
			remoteGlobalIDString = "swift-nio::CNIOLinux";
			remoteInfo = CNIOLinux;
		};
		74D8D2FA20B452B1006EA471 /* PBXContainerItemProxy */ = {
			isa = PBXContainerItemProxy;
			containerPortal = OBJ_1 /* Project object */;
			proxyType = 1;
			remoteGlobalIDString = "swift-nio::CNIOSHA1";
			remoteInfo = CNIOSHA1;
		};
		74D8D2FB20B452B1006EA471 /* PBXContainerItemProxy */ = {
			isa = PBXContainerItemProxy;
			containerPortal = OBJ_1 /* Project object */;
			proxyType = 1;
			remoteGlobalIDString = "swift-nio::NIOPriorityQueue";
			remoteInfo = NIOPriorityQueue;
		};
		74D8D2FC20B452B1006EA471 /* PBXContainerItemProxy */ = {
			isa = PBXContainerItemProxy;
			containerPortal = OBJ_1 /* Project object */;
			proxyType = 1;
			remoteGlobalIDString = "swift-nio::NIOConcurrencyHelpers";
			remoteInfo = NIOConcurrencyHelpers;
		};
		74D8D2FD20B452B1006EA471 /* PBXContainerItemProxy */ = {
			isa = PBXContainerItemProxy;
			containerPortal = OBJ_1 /* Project object */;
			proxyType = 1;
			remoteGlobalIDString = "swift-nio::CNIOAtomics";
			remoteInfo = CNIOAtomics;
		};
		74D8D2FE20B452B1006EA471 /* PBXContainerItemProxy */ = {
			isa = PBXContainerItemProxy;
			containerPortal = OBJ_1 /* Project object */;
			proxyType = 1;
			remoteGlobalIDString = "swift-nio::CNIODarwin";
			remoteInfo = CNIODarwin;
		};
		74D8D2FF20B452B1006EA471 /* PBXContainerItemProxy */ = {
			isa = PBXContainerItemProxy;
			containerPortal = OBJ_1 /* Project object */;
			proxyType = 1;
			remoteGlobalIDString = "swift-nio::CNIOLinux";
			remoteInfo = CNIOLinux;
		};
		74D8D30020B452B1006EA471 /* PBXContainerItemProxy */ = {
			isa = PBXContainerItemProxy;
			containerPortal = OBJ_1 /* Project object */;
			proxyType = 1;
			remoteGlobalIDString = "Atem::Atem";
			remoteInfo = Atem;
		};
		74D8D30120B452B1006EA471 /* PBXContainerItemProxy */ = {
			isa = PBXContainerItemProxy;
			containerPortal = OBJ_1 /* Project object */;
			proxyType = 1;
			remoteGlobalIDString = "swift-nio::NIO";
			remoteInfo = NIO;
		};
		74D8D30220B452B1006EA471 /* PBXContainerItemProxy */ = {
			isa = PBXContainerItemProxy;
			containerPortal = OBJ_1 /* Project object */;
			proxyType = 1;
			remoteGlobalIDString = "swift-nio::CNIOSHA1";
			remoteInfo = CNIOSHA1;
		};
		74D8D30320B452B1006EA471 /* PBXContainerItemProxy */ = {
			isa = PBXContainerItemProxy;
			containerPortal = OBJ_1 /* Project object */;
			proxyType = 1;
			remoteGlobalIDString = "swift-nio::NIOPriorityQueue";
			remoteInfo = NIOPriorityQueue;
		};
		74D8D30420B452B1006EA471 /* PBXContainerItemProxy */ = {
			isa = PBXContainerItemProxy;
			containerPortal = OBJ_1 /* Project object */;
			proxyType = 1;
			remoteGlobalIDString = "swift-nio::NIOConcurrencyHelpers";
			remoteInfo = NIOConcurrencyHelpers;
		};
		74D8D30520B452B1006EA471 /* PBXContainerItemProxy */ = {
			isa = PBXContainerItemProxy;
			containerPortal = OBJ_1 /* Project object */;
			proxyType = 1;
			remoteGlobalIDString = "swift-nio::CNIOAtomics";
			remoteInfo = CNIOAtomics;
		};
		74D8D30620B452B1006EA471 /* PBXContainerItemProxy */ = {
			isa = PBXContainerItemProxy;
			containerPortal = OBJ_1 /* Project object */;
			proxyType = 1;
			remoteGlobalIDString = "swift-nio::CNIODarwin";
			remoteInfo = CNIODarwin;
		};
		74D8D30720B452B1006EA471 /* PBXContainerItemProxy */ = {
			isa = PBXContainerItemProxy;
			containerPortal = OBJ_1 /* Project object */;
			proxyType = 1;
			remoteGlobalIDString = "swift-nio::CNIOLinux";
			remoteInfo = CNIOLinux;
		};
		74D8D30820B452B2006EA471 /* PBXContainerItemProxy */ = {
			isa = PBXContainerItemProxy;
			containerPortal = OBJ_1 /* Project object */;
			proxyType = 1;
			remoteGlobalIDString = "Atem::Atem RTests";
			remoteInfo = "Atem RTests";
		};
/* End PBXContainerItemProxy section */

/* Begin PBXFileReference section */
		"Atem::Atem RTests::Product" /* Atem_RTests.xctest */ = {isa = PBXFileReference; lastKnownFileType = file; name = Atem_RTests.xctest; path = "Atem RTests.xctest"; sourceTree = BUILT_PRODUCTS_DIR; };
		"Atem::Atem::Product" /* Atem.framework */ = {isa = PBXFileReference; explicitFileType = wrapper.framework; path = Atem.framework; sourceTree = BUILT_PRODUCTS_DIR; };
		OBJ_10 /* Connection.swift */ = {isa = PBXFileReference; lastKnownFileType = sourcecode.swift; path = Connection.swift; sourceTree = "<group>"; };
		OBJ_100 /* SocketAddresses.swift */ = {isa = PBXFileReference; lastKnownFileType = sourcecode.swift; path = SocketAddresses.swift; sourceTree = "<group>"; };
		OBJ_101 /* SocketChannel.swift */ = {isa = PBXFileReference; lastKnownFileType = sourcecode.swift; path = SocketChannel.swift; sourceTree = "<group>"; };
		OBJ_102 /* System.swift */ = {isa = PBXFileReference; lastKnownFileType = sourcecode.swift; path = System.swift; sourceTree = "<group>"; };
		OBJ_103 /* Thread.swift */ = {isa = PBXFileReference; lastKnownFileType = sourcecode.swift; path = Thread.swift; sourceTree = "<group>"; };
		OBJ_104 /* TypeAssistedChannelHandler.swift */ = {isa = PBXFileReference; lastKnownFileType = sourcecode.swift; path = TypeAssistedChannelHandler.swift; sourceTree = "<group>"; };
		OBJ_105 /* Utilities.swift */ = {isa = PBXFileReference; lastKnownFileType = sourcecode.swift; path = Utilities.swift; sourceTree = "<group>"; };
		OBJ_108 /* shim.c */ = {isa = PBXFileReference; lastKnownFileType = sourcecode.c.c; path = shim.c; sourceTree = "<group>"; };
		OBJ_11 /* Controller.swift */ = {isa = PBXFileReference; lastKnownFileType = sourcecode.swift; path = Controller.swift; sourceTree = "<group>"; };
		OBJ_110 /* c_nio_darwin.h */ = {isa = PBXFileReference; lastKnownFileType = sourcecode.c.h; path = c_nio_darwin.h; sourceTree = "<group>"; };
		OBJ_111 /* module.modulemap */ = {isa = PBXFileReference; lastKnownFileType = "sourcecode.module-map"; name = module.modulemap; path = /Users/damiaan/Documents/Projecten/AtemSimulator/Protocol/Atem.xcodeproj/GeneratedModuleMap/CNIODarwin/module.modulemap; sourceTree = "<group>"; };
		OBJ_113 /* Heap.swift */ = {isa = PBXFileReference; lastKnownFileType = sourcecode.swift; path = Heap.swift; sourceTree = "<group>"; };
		OBJ_114 /* PriorityQueue.swift */ = {isa = PBXFileReference; lastKnownFileType = sourcecode.swift; path = PriorityQueue.swift; sourceTree = "<group>"; };
		OBJ_117 /* Package.swift */ = {isa = PBXFileReference; explicitFileType = sourcecode.swift; name = Package.swift; path = "/Users/damiaan/Documents/Projecten/AtemSimulator/Protocol/.build/checkouts/swift-nio.git-3108475404973543938/Package.swift"; sourceTree = "<group>"; };
		OBJ_12 /* EnvelopeWrapper.swift */ = {isa = PBXFileReference; lastKnownFileType = sourcecode.swift; path = EnvelopeWrapper.swift; sourceTree = "<group>"; };
		OBJ_13 /* HandlerWithTimer.swift */ = {isa = PBXFileReference; lastKnownFileType = sourcecode.swift; path = HandlerWithTimer.swift; sourceTree = "<group>"; };
		OBJ_14 /* InitialSwitcherStateMessages.swift */ = {isa = PBXFileReference; lastKnownFileType = sourcecode.swift; path = InitialSwitcherStateMessages.swift; sourceTree = "<group>"; };
		OBJ_15 /* IntOperators.swift */ = {isa = PBXFileReference; lastKnownFileType = sourcecode.swift; path = IntOperators.swift; sourceTree = "<group>"; };
		OBJ_16 /* Message.swift */ = {isa = PBXFileReference; lastKnownFileType = sourcecode.swift; path = Message.swift; sourceTree = "<group>"; };
		OBJ_17 /* Packet.swift */ = {isa = PBXFileReference; lastKnownFileType = sourcecode.swift; path = Packet.swift; sourceTree = "<group>"; };
		OBJ_18 /* PacketTypes.swift */ = {isa = PBXFileReference; lastKnownFileType = sourcecode.swift; path = PacketTypes.swift; sourceTree = "<group>"; };
		OBJ_19 /* Switcher.swift */ = {isa = PBXFileReference; lastKnownFileType = sourcecode.swift; path = Switcher.swift; sourceTree = "<group>"; };
		OBJ_22 /* Atem_Tests.swift */ = {isa = PBXFileReference; lastKnownFileType = sourcecode.swift; path = Atem_Tests.swift; sourceTree = "<group>"; };
		OBJ_27 /* c-atomics.c */ = {isa = PBXFileReference; lastKnownFileType = sourcecode.c.c; path = "c-atomics.c"; sourceTree = "<group>"; };
		OBJ_29 /* c-atomics.h */ = {isa = PBXFileReference; lastKnownFileType = sourcecode.c.h; path = "c-atomics.h"; sourceTree = "<group>"; };
		OBJ_30 /* cpp_magic.h */ = {isa = PBXFileReference; lastKnownFileType = sourcecode.c.h; path = cpp_magic.h; sourceTree = "<group>"; };
		OBJ_31 /* module.modulemap */ = {isa = PBXFileReference; lastKnownFileType = "sourcecode.module-map"; name = module.modulemap; path = /Users/damiaan/Documents/Projecten/AtemSimulator/Protocol/Atem.xcodeproj/GeneratedModuleMap/CNIOAtomics/module.modulemap; sourceTree = "<group>"; };
		OBJ_35 /* shim.c */ = {isa = PBXFileReference; lastKnownFileType = sourcecode.c.c; path = shim.c; sourceTree = "<group>"; };
		OBJ_37 /* c_nio_linux.h */ = {isa = PBXFileReference; lastKnownFileType = sourcecode.c.h; path = c_nio_linux.h; sourceTree = "<group>"; };
		OBJ_38 /* module.modulemap */ = {isa = PBXFileReference; lastKnownFileType = "sourcecode.module-map"; name = module.modulemap; path = /Users/damiaan/Documents/Projecten/AtemSimulator/Protocol/Atem.xcodeproj/GeneratedModuleMap/CNIOLinux/module.modulemap; sourceTree = "<group>"; };
		OBJ_42 /* atomics.swift */ = {isa = PBXFileReference; lastKnownFileType = sourcecode.swift; path = atomics.swift; sourceTree = "<group>"; };
		OBJ_43 /* lock.swift */ = {isa = PBXFileReference; lastKnownFileType = sourcecode.swift; path = lock.swift; sourceTree = "<group>"; };
		OBJ_49 /* c_nio_sha1.c */ = {isa = PBXFileReference; lastKnownFileType = sourcecode.c.c; path = c_nio_sha1.c; sourceTree = "<group>"; };
		OBJ_51 /* c_nio_sha1.h */ = {isa = PBXFileReference; lastKnownFileType = sourcecode.c.h; path = c_nio_sha1.h; sourceTree = "<group>"; };
		OBJ_52 /* module.modulemap */ = {isa = PBXFileReference; lastKnownFileType = "sourcecode.module-map"; name = module.modulemap; path = /Users/damiaan/Documents/Projecten/AtemSimulator/Protocol/Atem.xcodeproj/GeneratedModuleMap/CNIOSHA1/module.modulemap; sourceTree = "<group>"; };
		OBJ_55 /* AddressedEnvelope.swift */ = {isa = PBXFileReference; lastKnownFileType = sourcecode.swift; path = AddressedEnvelope.swift; sourceTree = "<group>"; };
		OBJ_56 /* BaseSocket.swift */ = {isa = PBXFileReference; lastKnownFileType = sourcecode.swift; path = BaseSocket.swift; sourceTree = "<group>"; };
		OBJ_57 /* BaseSocketChannel.swift */ = {isa = PBXFileReference; lastKnownFileType = sourcecode.swift; path = BaseSocketChannel.swift; sourceTree = "<group>"; };
		OBJ_58 /* BlockingIOThreadPool.swift */ = {isa = PBXFileReference; lastKnownFileType = sourcecode.swift; path = BlockingIOThreadPool.swift; sourceTree = "<group>"; };
		OBJ_59 /* Bootstrap.swift */ = {isa = PBXFileReference; lastKnownFileType = sourcecode.swift; path = Bootstrap.swift; sourceTree = "<group>"; };
		OBJ_6 /* Package.swift */ = {isa = PBXFileReference; explicitFileType = sourcecode.swift; path = Package.swift; sourceTree = "<group>"; };
		OBJ_60 /* ByteBuffer-aux.swift */ = {isa = PBXFileReference; lastKnownFileType = sourcecode.swift; path = "ByteBuffer-aux.swift"; sourceTree = "<group>"; };
		OBJ_61 /* ByteBuffer-core.swift */ = {isa = PBXFileReference; lastKnownFileType = sourcecode.swift; path = "ByteBuffer-core.swift"; sourceTree = "<group>"; };
		OBJ_62 /* ByteBuffer-int.swift */ = {isa = PBXFileReference; lastKnownFileType = sourcecode.swift; path = "ByteBuffer-int.swift"; sourceTree = "<group>"; };
		OBJ_63 /* Channel.swift */ = {isa = PBXFileReference; lastKnownFileType = sourcecode.swift; path = Channel.swift; sourceTree = "<group>"; };
		OBJ_64 /* ChannelHandler.swift */ = {isa = PBXFileReference; lastKnownFileType = sourcecode.swift; path = ChannelHandler.swift; sourceTree = "<group>"; };
		OBJ_65 /* ChannelHandlers.swift */ = {isa = PBXFileReference; lastKnownFileType = sourcecode.swift; path = ChannelHandlers.swift; sourceTree = "<group>"; };
		OBJ_66 /* ChannelInvoker.swift */ = {isa = PBXFileReference; lastKnownFileType = sourcecode.swift; path = ChannelInvoker.swift; sourceTree = "<group>"; };
		OBJ_67 /* ChannelOption.swift */ = {isa = PBXFileReference; lastKnownFileType = sourcecode.swift; path = ChannelOption.swift; sourceTree = "<group>"; };
		OBJ_68 /* ChannelPipeline.swift */ = {isa = PBXFileReference; lastKnownFileType = sourcecode.swift; path = ChannelPipeline.swift; sourceTree = "<group>"; };
		OBJ_69 /* CircularBuffer.swift */ = {isa = PBXFileReference; lastKnownFileType = sourcecode.swift; path = CircularBuffer.swift; sourceTree = "<group>"; };
		OBJ_70 /* Codec.swift */ = {isa = PBXFileReference; lastKnownFileType = sourcecode.swift; path = Codec.swift; sourceTree = "<group>"; };
		OBJ_71 /* CompositeError.swift */ = {isa = PBXFileReference; lastKnownFileType = sourcecode.swift; path = CompositeError.swift; sourceTree = "<group>"; };
		OBJ_72 /* DeadChannel.swift */ = {isa = PBXFileReference; lastKnownFileType = sourcecode.swift; path = DeadChannel.swift; sourceTree = "<group>"; };
		OBJ_73 /* Embedded.swift */ = {isa = PBXFileReference; lastKnownFileType = sourcecode.swift; path = Embedded.swift; sourceTree = "<group>"; };
		OBJ_74 /* EventLoop.swift */ = {isa = PBXFileReference; lastKnownFileType = sourcecode.swift; path = EventLoop.swift; sourceTree = "<group>"; };
		OBJ_75 /* EventLoopFuture.swift */ = {isa = PBXFileReference; lastKnownFileType = sourcecode.swift; path = EventLoopFuture.swift; sourceTree = "<group>"; };
		OBJ_76 /* FileDescriptor.swift */ = {isa = PBXFileReference; lastKnownFileType = sourcecode.swift; path = FileDescriptor.swift; sourceTree = "<group>"; };
		OBJ_77 /* FileHandle.swift */ = {isa = PBXFileReference; lastKnownFileType = sourcecode.swift; path = FileHandle.swift; sourceTree = "<group>"; };
		OBJ_78 /* FileRegion.swift */ = {isa = PBXFileReference; lastKnownFileType = sourcecode.swift; path = FileRegion.swift; sourceTree = "<group>"; };
		OBJ_79 /* GetaddrinfoResolver.swift */ = {isa = PBXFileReference; lastKnownFileType = sourcecode.swift; path = GetaddrinfoResolver.swift; sourceTree = "<group>"; };
		OBJ_80 /* HappyEyeballs.swift */ = {isa = PBXFileReference; lastKnownFileType = sourcecode.swift; path = HappyEyeballs.swift; sourceTree = "<group>"; };
		OBJ_81 /* Heap.swift */ = {isa = PBXFileReference; lastKnownFileType = sourcecode.swift; path = Heap.swift; sourceTree = "<group>"; };
		OBJ_82 /* IO.swift */ = {isa = PBXFileReference; lastKnownFileType = sourcecode.swift; path = IO.swift; sourceTree = "<group>"; };
		OBJ_83 /* IOData.swift */ = {isa = PBXFileReference; lastKnownFileType = sourcecode.swift; path = IOData.swift; sourceTree = "<group>"; };
		OBJ_84 /* IntegerTypes.swift */ = {isa = PBXFileReference; lastKnownFileType = sourcecode.swift; path = IntegerTypes.swift; sourceTree = "<group>"; };
		OBJ_85 /* Interfaces.swift */ = {isa = PBXFileReference; lastKnownFileType = sourcecode.swift; path = Interfaces.swift; sourceTree = "<group>"; };
		OBJ_86 /* Linux.swift */ = {isa = PBXFileReference; lastKnownFileType = sourcecode.swift; path = Linux.swift; sourceTree = "<group>"; };
		OBJ_87 /* LinuxCPUSet.swift */ = {isa = PBXFileReference; lastKnownFileType = sourcecode.swift; path = LinuxCPUSet.swift; sourceTree = "<group>"; };
		OBJ_88 /* MarkedCircularBuffer.swift */ = {isa = PBXFileReference; lastKnownFileType = sourcecode.swift; path = MarkedCircularBuffer.swift; sourceTree = "<group>"; };
		OBJ_89 /* NIOAny.swift */ = {isa = PBXFileReference; lastKnownFileType = sourcecode.swift; path = NIOAny.swift; sourceTree = "<group>"; };
		OBJ_9 /* ArrayOperations.swift */ = {isa = PBXFileReference; lastKnownFileType = sourcecode.swift; path = ArrayOperations.swift; sourceTree = "<group>"; };
		OBJ_90 /* NonBlockingFileIO.swift */ = {isa = PBXFileReference; lastKnownFileType = sourcecode.swift; path = NonBlockingFileIO.swift; sourceTree = "<group>"; };
		OBJ_91 /* PendingDatagramWritesManager.swift */ = {isa = PBXFileReference; lastKnownFileType = sourcecode.swift; path = PendingDatagramWritesManager.swift; sourceTree = "<group>"; };
		OBJ_92 /* PendingWritesManager.swift */ = {isa = PBXFileReference; lastKnownFileType = sourcecode.swift; path = PendingWritesManager.swift; sourceTree = "<group>"; };
		OBJ_93 /* PriorityQueue.swift */ = {isa = PBXFileReference; lastKnownFileType = sourcecode.swift; path = PriorityQueue.swift; sourceTree = "<group>"; };
		OBJ_94 /* RecvByteBufferAllocator.swift */ = {isa = PBXFileReference; lastKnownFileType = sourcecode.swift; path = RecvByteBufferAllocator.swift; sourceTree = "<group>"; };
		OBJ_95 /* Resolver.swift */ = {isa = PBXFileReference; lastKnownFileType = sourcecode.swift; path = Resolver.swift; sourceTree = "<group>"; };
		OBJ_96 /* Selectable.swift */ = {isa = PBXFileReference; lastKnownFileType = sourcecode.swift; path = Selectable.swift; sourceTree = "<group>"; };
		OBJ_97 /* Selector.swift */ = {isa = PBXFileReference; lastKnownFileType = sourcecode.swift; path = Selector.swift; sourceTree = "<group>"; };
		OBJ_98 /* ServerSocket.swift */ = {isa = PBXFileReference; lastKnownFileType = sourcecode.swift; path = ServerSocket.swift; sourceTree = "<group>"; };
		OBJ_99 /* Socket.swift */ = {isa = PBXFileReference; lastKnownFileType = sourcecode.swift; path = Socket.swift; sourceTree = "<group>"; };
		"swift-nio::CNIOAtomics::Product" /* CNIOAtomics.framework */ = {isa = PBXFileReference; explicitFileType = wrapper.framework; path = CNIOAtomics.framework; sourceTree = BUILT_PRODUCTS_DIR; };
		"swift-nio::CNIODarwin::Product" /* CNIODarwin.framework */ = {isa = PBXFileReference; explicitFileType = wrapper.framework; path = CNIODarwin.framework; sourceTree = BUILT_PRODUCTS_DIR; };
		"swift-nio::CNIOLinux::Product" /* CNIOLinux.framework */ = {isa = PBXFileReference; explicitFileType = wrapper.framework; path = CNIOLinux.framework; sourceTree = BUILT_PRODUCTS_DIR; };
		"swift-nio::CNIOSHA1::Product" /* CNIOSHA1.framework */ = {isa = PBXFileReference; explicitFileType = wrapper.framework; path = CNIOSHA1.framework; sourceTree = BUILT_PRODUCTS_DIR; };
		"swift-nio::NIO::Product" /* NIO.framework */ = {isa = PBXFileReference; explicitFileType = wrapper.framework; path = NIO.framework; sourceTree = BUILT_PRODUCTS_DIR; };
		"swift-nio::NIOConcurrencyHelpers::Product" /* NIOConcurrencyHelpers.framework */ = {isa = PBXFileReference; explicitFileType = wrapper.framework; path = NIOConcurrencyHelpers.framework; sourceTree = BUILT_PRODUCTS_DIR; };
		"swift-nio::NIOPriorityQueue::Product" /* NIOPriorityQueue.framework */ = {isa = PBXFileReference; explicitFileType = wrapper.framework; path = NIOPriorityQueue.framework; sourceTree = BUILT_PRODUCTS_DIR; };
/* End PBXFileReference section */

/* Begin PBXFrameworksBuildPhase section */
		OBJ_144 /* Frameworks */ = {
			isa = PBXFrameworksBuildPhase;
			buildActionMask = 0;
			files = (
				OBJ_145 /* NIO.framework in Frameworks */,
				OBJ_146 /* CNIOSHA1.framework in Frameworks */,
				OBJ_147 /* NIOPriorityQueue.framework in Frameworks */,
				OBJ_148 /* NIOConcurrencyHelpers.framework in Frameworks */,
				OBJ_149 /* CNIOAtomics.framework in Frameworks */,
				OBJ_150 /* CNIODarwin.framework in Frameworks */,
				OBJ_151 /* CNIOLinux.framework in Frameworks */,
			);
			runOnlyForDeploymentPostprocessing = 0;
		};
		OBJ_172 /* Frameworks */ = {
			isa = PBXFrameworksBuildPhase;
			buildActionMask = 0;
			files = (
				OBJ_173 /* Atem.framework in Frameworks */,
				OBJ_174 /* NIO.framework in Frameworks */,
				OBJ_175 /* CNIOSHA1.framework in Frameworks */,
				OBJ_176 /* NIOPriorityQueue.framework in Frameworks */,
				OBJ_177 /* NIOConcurrencyHelpers.framework in Frameworks */,
				OBJ_178 /* CNIOAtomics.framework in Frameworks */,
				OBJ_179 /* CNIODarwin.framework in Frameworks */,
				OBJ_180 /* CNIOLinux.framework in Frameworks */,
			);
			runOnlyForDeploymentPostprocessing = 0;
		};
		OBJ_205 /* Frameworks */ = {
			isa = PBXFrameworksBuildPhase;
			buildActionMask = 0;
			files = (
			);
			runOnlyForDeploymentPostprocessing = 0;
		};
		OBJ_211 /* Frameworks */ = {
			isa = PBXFrameworksBuildPhase;
			buildActionMask = 0;
			files = (
			);
			runOnlyForDeploymentPostprocessing = 0;
		};
		OBJ_217 /* Frameworks */ = {
			isa = PBXFrameworksBuildPhase;
			buildActionMask = 0;
			files = (
			);
			runOnlyForDeploymentPostprocessing = 0;
		};
		OBJ_223 /* Frameworks */ = {
			isa = PBXFrameworksBuildPhase;
			buildActionMask = 0;
			files = (
			);
			runOnlyForDeploymentPostprocessing = 0;
		};
		OBJ_279 /* Frameworks */ = {
			isa = PBXFrameworksBuildPhase;
			buildActionMask = 0;
			files = (
				OBJ_280 /* CNIOSHA1.framework in Frameworks */,
				OBJ_281 /* NIOPriorityQueue.framework in Frameworks */,
				OBJ_282 /* NIOConcurrencyHelpers.framework in Frameworks */,
				OBJ_283 /* CNIOAtomics.framework in Frameworks */,
				OBJ_284 /* CNIODarwin.framework in Frameworks */,
				OBJ_285 /* CNIOLinux.framework in Frameworks */,
			);
			runOnlyForDeploymentPostprocessing = 0;
		};
		OBJ_298 /* Frameworks */ = {
			isa = PBXFrameworksBuildPhase;
			buildActionMask = 0;
			files = (
				OBJ_299 /* CNIOAtomics.framework in Frameworks */,
			);
			runOnlyForDeploymentPostprocessing = 0;
		};
		OBJ_307 /* Frameworks */ = {
			isa = PBXFrameworksBuildPhase;
			buildActionMask = 0;
			files = (
			);
			runOnlyForDeploymentPostprocessing = 0;
		};
/* End PBXFrameworksBuildPhase section */

/* Begin PBXGroup section */
		74D8D32620B5454B006EA471 /* Utilities */ = {
			isa = PBXGroup;
			children = (
				OBJ_9 /* ArrayOperations.swift */,
				OBJ_15 /* IntOperators.swift */,
				OBJ_13 /* HandlerWithTimer.swift */,
				OBJ_14 /* InitialSwitcherStateMessages.swift */,
			);
			path = Utilities;
			sourceTree = "<group>";
		};
		OBJ_106 /* NIOHTTP1 */ = {
			isa = PBXGroup;
			children = (
			);
			name = NIOHTTP1;
			path = ".build/checkouts/swift-nio.git-3108475404973543938/Sources/NIOHTTP1";
			sourceTree = SOURCE_ROOT;
		};
		OBJ_107 /* CNIODarwin */ = {
			isa = PBXGroup;
			children = (
				OBJ_108 /* shim.c */,
				OBJ_109 /* include */,
			);
			name = CNIODarwin;
			path = ".build/checkouts/swift-nio.git-3108475404973543938/Sources/CNIODarwin";
			sourceTree = SOURCE_ROOT;
		};
		OBJ_109 /* include */ = {
			isa = PBXGroup;
			children = (
				OBJ_110 /* c_nio_darwin.h */,
				OBJ_111 /* module.modulemap */,
			);
			path = include;
			sourceTree = "<group>";
		};
		OBJ_112 /* NIOPriorityQueue */ = {
			isa = PBXGroup;
			children = (
				OBJ_113 /* Heap.swift */,
				OBJ_114 /* PriorityQueue.swift */,
			);
			name = NIOPriorityQueue;
			path = ".build/checkouts/swift-nio.git-3108475404973543938/Sources/NIOPriorityQueue";
			sourceTree = SOURCE_ROOT;
		};
		OBJ_115 /* NIOFoundationCompat */ = {
			isa = PBXGroup;
			children = (
			);
			name = NIOFoundationCompat;
			path = ".build/checkouts/swift-nio.git-3108475404973543938/Sources/NIOFoundationCompat";
			sourceTree = SOURCE_ROOT;
		};
		OBJ_116 /* NIOWebSocket */ = {
			isa = PBXGroup;
			children = (
			);
			name = NIOWebSocket;
			path = ".build/checkouts/swift-nio.git-3108475404973543938/Sources/NIOWebSocket";
			sourceTree = SOURCE_ROOT;
		};
		OBJ_118 /* Products */ = {
			isa = PBXGroup;
			children = (
				"swift-nio::CNIOAtomics::Product" /* CNIOAtomics.framework */,
				"swift-nio::CNIODarwin::Product" /* CNIODarwin.framework */,
				"Atem::Atem RTests::Product" /* Atem_RTests.xctest */,
				"swift-nio::NIOPriorityQueue::Product" /* NIOPriorityQueue.framework */,
				"swift-nio::NIOConcurrencyHelpers::Product" /* NIOConcurrencyHelpers.framework */,
				"Atem::Atem::Product" /* Atem.framework */,
				"swift-nio::NIO::Product" /* NIO.framework */,
				"swift-nio::CNIOSHA1::Product" /* CNIOSHA1.framework */,
				"swift-nio::CNIOLinux::Product" /* CNIOLinux.framework */,
			);
			name = Products;
			sourceTree = BUILT_PRODUCTS_DIR;
		};
		OBJ_20 /* Tests */ = {
			isa = PBXGroup;
			children = (
				OBJ_21 /* Atem Tests */,
			);
			name = Tests;
			sourceTree = SOURCE_ROOT;
		};
		OBJ_21 /* Atem Tests */ = {
			isa = PBXGroup;
			children = (
				OBJ_22 /* Atem_Tests.swift */,
				OBJ_12 /* EnvelopeWrapper.swift */,
			);
			name = "Atem Tests";
			path = "Tests/Atem Tests";
			sourceTree = SOURCE_ROOT;
		};
		OBJ_23 /* Dependencies */ = {
			isa = PBXGroup;
			children = (
				OBJ_24 /* swift-nio 1.6.1 */,
			);
			name = Dependencies;
			sourceTree = "<group>";
		};
		OBJ_24 /* swift-nio 1.6.1 */ = {
			isa = PBXGroup;
			children = (
				OBJ_25 /* CNIOAtomics */,
				OBJ_32 /* CNIOHTTPParser */,
				OBJ_33 /* NIOEchoClient */,
				OBJ_34 /* CNIOLinux */,
				OBJ_39 /* NIOEchoServer */,
				OBJ_40 /* NIOChatServer */,
				OBJ_41 /* NIOConcurrencyHelpers */,
				OBJ_44 /* NIOHTTP1Server */,
				OBJ_45 /* NIOWebSocketServer */,
				OBJ_46 /* NIOChatClient */,
				OBJ_47 /* CNIOZlib */,
				OBJ_48 /* CNIOSHA1 */,
				OBJ_53 /* NIOTLS */,
				OBJ_54 /* NIO */,
				OBJ_106 /* NIOHTTP1 */,
				OBJ_107 /* CNIODarwin */,
				OBJ_112 /* NIOPriorityQueue */,
				OBJ_115 /* NIOFoundationCompat */,
				OBJ_116 /* NIOWebSocket */,
				OBJ_117 /* Package.swift */,
			);
			name = "swift-nio 1.6.1";
			sourceTree = SOURCE_ROOT;
		};
		OBJ_25 /* CNIOAtomics */ = {
			isa = PBXGroup;
			children = (
				OBJ_26 /* src */,
				OBJ_28 /* include */,
			);
			name = CNIOAtomics;
			path = ".build/checkouts/swift-nio.git-3108475404973543938/Sources/CNIOAtomics";
			sourceTree = SOURCE_ROOT;
		};
		OBJ_26 /* src */ = {
			isa = PBXGroup;
			children = (
				OBJ_27 /* c-atomics.c */,
			);
			path = src;
			sourceTree = "<group>";
		};
		OBJ_28 /* include */ = {
			isa = PBXGroup;
			children = (
				OBJ_29 /* c-atomics.h */,
				OBJ_30 /* cpp_magic.h */,
				OBJ_31 /* module.modulemap */,
			);
			path = include;
			sourceTree = "<group>";
		};
		OBJ_32 /* CNIOHTTPParser */ = {
			isa = PBXGroup;
			children = (
			);
			name = CNIOHTTPParser;
			path = ".build/checkouts/swift-nio.git-3108475404973543938/Sources/CNIOHTTPParser";
			sourceTree = SOURCE_ROOT;
		};
		OBJ_33 /* NIOEchoClient */ = {
			isa = PBXGroup;
			children = (
			);
			name = NIOEchoClient;
			path = ".build/checkouts/swift-nio.git-3108475404973543938/Sources/NIOEchoClient";
			sourceTree = SOURCE_ROOT;
		};
		OBJ_34 /* CNIOLinux */ = {
			isa = PBXGroup;
			children = (
				OBJ_35 /* shim.c */,
				OBJ_36 /* include */,
			);
			name = CNIOLinux;
			path = ".build/checkouts/swift-nio.git-3108475404973543938/Sources/CNIOLinux";
			sourceTree = SOURCE_ROOT;
		};
		OBJ_36 /* include */ = {
			isa = PBXGroup;
			children = (
				OBJ_37 /* c_nio_linux.h */,
				OBJ_38 /* module.modulemap */,
			);
			path = include;
			sourceTree = "<group>";
		};
		OBJ_39 /* NIOEchoServer */ = {
			isa = PBXGroup;
			children = (
			);
			name = NIOEchoServer;
			path = ".build/checkouts/swift-nio.git-3108475404973543938/Sources/NIOEchoServer";
			sourceTree = SOURCE_ROOT;
		};
		OBJ_40 /* NIOChatServer */ = {
			isa = PBXGroup;
			children = (
			);
			name = NIOChatServer;
			path = ".build/checkouts/swift-nio.git-3108475404973543938/Sources/NIOChatServer";
			sourceTree = SOURCE_ROOT;
		};
		OBJ_41 /* NIOConcurrencyHelpers */ = {
			isa = PBXGroup;
			children = (
				OBJ_42 /* atomics.swift */,
				OBJ_43 /* lock.swift */,
			);
			name = NIOConcurrencyHelpers;
			path = ".build/checkouts/swift-nio.git-3108475404973543938/Sources/NIOConcurrencyHelpers";
			sourceTree = SOURCE_ROOT;
		};
		OBJ_44 /* NIOHTTP1Server */ = {
			isa = PBXGroup;
			children = (
			);
			name = NIOHTTP1Server;
			path = ".build/checkouts/swift-nio.git-3108475404973543938/Sources/NIOHTTP1Server";
			sourceTree = SOURCE_ROOT;
		};
		OBJ_45 /* NIOWebSocketServer */ = {
			isa = PBXGroup;
			children = (
			);
			name = NIOWebSocketServer;
			path = ".build/checkouts/swift-nio.git-3108475404973543938/Sources/NIOWebSocketServer";
			sourceTree = SOURCE_ROOT;
		};
		OBJ_46 /* NIOChatClient */ = {
			isa = PBXGroup;
			children = (
			);
			name = NIOChatClient;
			path = ".build/checkouts/swift-nio.git-3108475404973543938/Sources/NIOChatClient";
			sourceTree = SOURCE_ROOT;
		};
		OBJ_47 /* CNIOZlib */ = {
			isa = PBXGroup;
			children = (
			);
			name = CNIOZlib;
			path = ".build/checkouts/swift-nio.git-3108475404973543938/Sources/CNIOZlib";
			sourceTree = SOURCE_ROOT;
		};
		OBJ_48 /* CNIOSHA1 */ = {
			isa = PBXGroup;
			children = (
				OBJ_49 /* c_nio_sha1.c */,
				OBJ_50 /* include */,
			);
			name = CNIOSHA1;
			path = ".build/checkouts/swift-nio.git-3108475404973543938/Sources/CNIOSHA1";
			sourceTree = SOURCE_ROOT;
		};
		OBJ_5 = {
			isa = PBXGroup;
			children = (
				OBJ_6 /* Package.swift */,
				OBJ_7 /* Sources */,
				OBJ_20 /* Tests */,
				OBJ_23 /* Dependencies */,
				OBJ_118 /* Products */,
			);
			sourceTree = "<group>";
		};
		OBJ_50 /* include */ = {
			isa = PBXGroup;
			children = (
				OBJ_51 /* c_nio_sha1.h */,
				OBJ_52 /* module.modulemap */,
			);
			path = include;
			sourceTree = "<group>";
		};
		OBJ_53 /* NIOTLS */ = {
			isa = PBXGroup;
			children = (
			);
			name = NIOTLS;
			path = ".build/checkouts/swift-nio.git-3108475404973543938/Sources/NIOTLS";
			sourceTree = SOURCE_ROOT;
		};
		OBJ_54 /* NIO */ = {
			isa = PBXGroup;
			children = (
				OBJ_55 /* AddressedEnvelope.swift */,
				OBJ_56 /* BaseSocket.swift */,
				OBJ_57 /* BaseSocketChannel.swift */,
				OBJ_58 /* BlockingIOThreadPool.swift */,
				OBJ_59 /* Bootstrap.swift */,
				OBJ_60 /* ByteBuffer-aux.swift */,
				OBJ_61 /* ByteBuffer-core.swift */,
				OBJ_62 /* ByteBuffer-int.swift */,
				OBJ_63 /* Channel.swift */,
				OBJ_64 /* ChannelHandler.swift */,
				OBJ_65 /* ChannelHandlers.swift */,
				OBJ_66 /* ChannelInvoker.swift */,
				OBJ_67 /* ChannelOption.swift */,
				OBJ_68 /* ChannelPipeline.swift */,
				OBJ_69 /* CircularBuffer.swift */,
				OBJ_70 /* Codec.swift */,
				OBJ_71 /* CompositeError.swift */,
				OBJ_72 /* DeadChannel.swift */,
				OBJ_73 /* Embedded.swift */,
				OBJ_74 /* EventLoop.swift */,
				OBJ_75 /* EventLoopFuture.swift */,
				OBJ_76 /* FileDescriptor.swift */,
				OBJ_77 /* FileHandle.swift */,
				OBJ_78 /* FileRegion.swift */,
				OBJ_79 /* GetaddrinfoResolver.swift */,
				OBJ_80 /* HappyEyeballs.swift */,
				OBJ_81 /* Heap.swift */,
				OBJ_82 /* IO.swift */,
				OBJ_83 /* IOData.swift */,
				OBJ_84 /* IntegerTypes.swift */,
				OBJ_85 /* Interfaces.swift */,
				OBJ_86 /* Linux.swift */,
				OBJ_87 /* LinuxCPUSet.swift */,
				OBJ_88 /* MarkedCircularBuffer.swift */,
				OBJ_89 /* NIOAny.swift */,
				OBJ_90 /* NonBlockingFileIO.swift */,
				OBJ_91 /* PendingDatagramWritesManager.swift */,
				OBJ_92 /* PendingWritesManager.swift */,
				OBJ_93 /* PriorityQueue.swift */,
				OBJ_94 /* RecvByteBufferAllocator.swift */,
				OBJ_95 /* Resolver.swift */,
				OBJ_96 /* Selectable.swift */,
				OBJ_97 /* Selector.swift */,
				OBJ_98 /* ServerSocket.swift */,
				OBJ_99 /* Socket.swift */,
				OBJ_100 /* SocketAddresses.swift */,
				OBJ_101 /* SocketChannel.swift */,
				OBJ_102 /* System.swift */,
				OBJ_103 /* Thread.swift */,
				OBJ_104 /* TypeAssistedChannelHandler.swift */,
				OBJ_105 /* Utilities.swift */,
			);
			name = NIO;
			path = ".build/checkouts/swift-nio.git-3108475404973543938/Sources/NIO";
			sourceTree = SOURCE_ROOT;
		};
		OBJ_7 /* Sources */ = {
			isa = PBXGroup;
			children = (
				OBJ_8 /* Atem */,
			);
			name = Sources;
			sourceTree = SOURCE_ROOT;
		};
		OBJ_8 /* Atem */ = {
			isa = PBXGroup;
			children = (
				OBJ_11 /* Controller.swift */,
				OBJ_19 /* Switcher.swift */,
				OBJ_10 /* Connection.swift */,
				OBJ_16 /* Message.swift */,
				OBJ_17 /* Packet.swift */,
				OBJ_18 /* PacketTypes.swift */,
				74D8D32620B5454B006EA471 /* Utilities */,
			);
			name = Atem;
			path = Sources/Atem;
			sourceTree = SOURCE_ROOT;
		};
/* End PBXGroup section */

/* Begin PBXNativeTarget section */
		"Atem::Atem" /* Atem */ = {
			isa = PBXNativeTarget;
			buildConfigurationList = OBJ_129 /* Build configuration list for PBXNativeTarget "Atem" */;
			buildPhases = (
				OBJ_132 /* Sources */,
				OBJ_144 /* Frameworks */,
			);
			buildRules = (
			);
			dependencies = (
				OBJ_152 /* PBXTargetDependency */,
				OBJ_154 /* PBXTargetDependency */,
				OBJ_156 /* PBXTargetDependency */,
				OBJ_158 /* PBXTargetDependency */,
				OBJ_160 /* PBXTargetDependency */,
				OBJ_162 /* PBXTargetDependency */,
				OBJ_164 /* PBXTargetDependency */,
			);
			name = Atem;
			productName = Atem;
			productReference = "Atem::Atem::Product" /* Atem.framework */;
			productType = "com.apple.product-type.framework";
		};
		"Atem::Atem RTests" /* Atem RTests */ = {
			isa = PBXNativeTarget;
			buildConfigurationList = OBJ_167 /* Build configuration list for PBXNativeTarget "Atem RTests" */;
			buildPhases = (
				OBJ_170 /* Sources */,
				OBJ_172 /* Frameworks */,
			);
			buildRules = (
			);
			dependencies = (
				OBJ_181 /* PBXTargetDependency */,
				OBJ_182 /* PBXTargetDependency */,
				OBJ_183 /* PBXTargetDependency */,
				OBJ_184 /* PBXTargetDependency */,
				OBJ_185 /* PBXTargetDependency */,
				OBJ_186 /* PBXTargetDependency */,
				OBJ_187 /* PBXTargetDependency */,
				OBJ_188 /* PBXTargetDependency */,
			);
			name = "Atem RTests";
			productName = Atem_RTests;
			productReference = "Atem::Atem RTests::Product" /* Atem_RTests.xctest */;
			productType = "com.apple.product-type.bundle.unit-test";
		};
		"Atem::SwiftPMPackageDescription" /* AtemPackageDescription */ = {
			isa = PBXNativeTarget;
			buildConfigurationList = OBJ_190 /* Build configuration list for PBXNativeTarget "AtemPackageDescription" */;
			buildPhases = (
				OBJ_193 /* Sources */,
			);
			buildRules = (
			);
			dependencies = (
			);
			name = AtemPackageDescription;
			productName = AtemPackageDescription;
			productType = "com.apple.product-type.framework";
		};
		"swift-nio::CNIOAtomics" /* CNIOAtomics */ = {
			isa = PBXNativeTarget;
			buildConfigurationList = OBJ_200 /* Build configuration list for PBXNativeTarget "CNIOAtomics" */;
			buildPhases = (
				OBJ_203 /* Sources */,
				OBJ_205 /* Frameworks */,
			);
			buildRules = (
			);
			dependencies = (
			);
			name = CNIOAtomics;
			productName = CNIOAtomics;
			productReference = "swift-nio::CNIOAtomics::Product" /* CNIOAtomics.framework */;
			productType = "com.apple.product-type.framework";
		};
		"swift-nio::CNIODarwin" /* CNIODarwin */ = {
			isa = PBXNativeTarget;
			buildConfigurationList = OBJ_206 /* Build configuration list for PBXNativeTarget "CNIODarwin" */;
			buildPhases = (
				OBJ_209 /* Sources */,
				OBJ_211 /* Frameworks */,
			);
			buildRules = (
			);
			dependencies = (
			);
			name = CNIODarwin;
			productName = CNIODarwin;
			productReference = "swift-nio::CNIODarwin::Product" /* CNIODarwin.framework */;
			productType = "com.apple.product-type.framework";
		};
		"swift-nio::CNIOLinux" /* CNIOLinux */ = {
			isa = PBXNativeTarget;
			buildConfigurationList = OBJ_212 /* Build configuration list for PBXNativeTarget "CNIOLinux" */;
			buildPhases = (
				OBJ_215 /* Sources */,
				OBJ_217 /* Frameworks */,
			);
			buildRules = (
			);
			dependencies = (
			);
			name = CNIOLinux;
			productName = CNIOLinux;
			productReference = "swift-nio::CNIOLinux::Product" /* CNIOLinux.framework */;
			productType = "com.apple.product-type.framework";
		};
		"swift-nio::CNIOSHA1" /* CNIOSHA1 */ = {
			isa = PBXNativeTarget;
			buildConfigurationList = OBJ_218 /* Build configuration list for PBXNativeTarget "CNIOSHA1" */;
			buildPhases = (
				OBJ_221 /* Sources */,
				OBJ_223 /* Frameworks */,
			);
			buildRules = (
			);
			dependencies = (
			);
			name = CNIOSHA1;
			productName = CNIOSHA1;
			productReference = "swift-nio::CNIOSHA1::Product" /* CNIOSHA1.framework */;
			productType = "com.apple.product-type.framework";
		};
		"swift-nio::NIO" /* NIO */ = {
			isa = PBXNativeTarget;
			buildConfigurationList = OBJ_224 /* Build configuration list for PBXNativeTarget "NIO" */;
			buildPhases = (
				OBJ_227 /* Sources */,
				OBJ_279 /* Frameworks */,
			);
			buildRules = (
			);
			dependencies = (
				OBJ_286 /* PBXTargetDependency */,
				OBJ_287 /* PBXTargetDependency */,
				OBJ_288 /* PBXTargetDependency */,
				OBJ_289 /* PBXTargetDependency */,
				OBJ_290 /* PBXTargetDependency */,
				OBJ_291 /* PBXTargetDependency */,
			);
			name = NIO;
			productName = NIO;
			productReference = "swift-nio::NIO::Product" /* NIO.framework */;
			productType = "com.apple.product-type.framework";
		};
		"swift-nio::NIOConcurrencyHelpers" /* NIOConcurrencyHelpers */ = {
			isa = PBXNativeTarget;
			buildConfigurationList = OBJ_292 /* Build configuration list for PBXNativeTarget "NIOConcurrencyHelpers" */;
			buildPhases = (
				OBJ_295 /* Sources */,
				OBJ_298 /* Frameworks */,
			);
			buildRules = (
			);
			dependencies = (
				OBJ_300 /* PBXTargetDependency */,
			);
			name = NIOConcurrencyHelpers;
			productName = NIOConcurrencyHelpers;
			productReference = "swift-nio::NIOConcurrencyHelpers::Product" /* NIOConcurrencyHelpers.framework */;
			productType = "com.apple.product-type.framework";
		};
		"swift-nio::NIOPriorityQueue" /* NIOPriorityQueue */ = {
			isa = PBXNativeTarget;
			buildConfigurationList = OBJ_301 /* Build configuration list for PBXNativeTarget "NIOPriorityQueue" */;
			buildPhases = (
				OBJ_304 /* Sources */,
				OBJ_307 /* Frameworks */,
			);
			buildRules = (
			);
			dependencies = (
			);
			name = NIOPriorityQueue;
			productName = NIOPriorityQueue;
			productReference = "swift-nio::NIOPriorityQueue::Product" /* NIOPriorityQueue.framework */;
			productType = "com.apple.product-type.framework";
		};
		"swift-nio::SwiftPMPackageDescription" /* swift-nioPackageDescription */ = {
			isa = PBXNativeTarget;
			buildConfigurationList = OBJ_309 /* Build configuration list for PBXNativeTarget "swift-nioPackageDescription" */;
			buildPhases = (
				OBJ_312 /* Sources */,
			);
			buildRules = (
			);
			dependencies = (
			);
			name = "swift-nioPackageDescription";
			productName = "swift-nioPackageDescription";
			productType = "com.apple.product-type.framework";
		};
/* End PBXNativeTarget section */

/* Begin PBXProject section */
		OBJ_1 /* Project object */ = {
			isa = PBXProject;
			attributes = {
				LastUpgradeCheck = 9999;
			};
			buildConfigurationList = OBJ_2 /* Build configuration list for PBXProject "Atem" */;
			compatibilityVersion = "Xcode 3.2";
			developmentRegion = English;
			hasScannedForEncodings = 0;
			knownRegions = (
				en,
			);
			mainGroup = OBJ_5;
			productRefGroup = OBJ_118 /* Products */;
			projectDirPath = "";
			projectRoot = "";
			targets = (
				"Atem::Atem" /* Atem */,
				"Atem::Atem RTests" /* Atem RTests */,
				"Atem::SwiftPMPackageDescription" /* AtemPackageDescription */,
				"Atem::AtemPackageTests::ProductTarget" /* AtemPackageTests */,
				"swift-nio::CNIOAtomics" /* CNIOAtomics */,
				"swift-nio::CNIODarwin" /* CNIODarwin */,
				"swift-nio::CNIOLinux" /* CNIOLinux */,
				"swift-nio::CNIOSHA1" /* CNIOSHA1 */,
				"swift-nio::NIO" /* NIO */,
				"swift-nio::NIOConcurrencyHelpers" /* NIOConcurrencyHelpers */,
				"swift-nio::NIOPriorityQueue" /* NIOPriorityQueue */,
				"swift-nio::SwiftPMPackageDescription" /* swift-nioPackageDescription */,
			);
		};
/* End PBXProject section */

/* Begin PBXSourcesBuildPhase section */
		OBJ_132 /* Sources */ = {
			isa = PBXSourcesBuildPhase;
			buildActionMask = 0;
			files = (
				OBJ_133 /* ArrayOperations.swift in Sources */,
				OBJ_134 /* Connection.swift in Sources */,
				OBJ_135 /* Controller.swift in Sources */,
				OBJ_137 /* HandlerWithTimer.swift in Sources */,
				OBJ_138 /* InitialSwitcherStateMessages.swift in Sources */,
				OBJ_139 /* IntOperators.swift in Sources */,
				OBJ_140 /* Message.swift in Sources */,
				OBJ_141 /* Packet.swift in Sources */,
				OBJ_142 /* PacketTypes.swift in Sources */,
				OBJ_143 /* Switcher.swift in Sources */,
			);
			runOnlyForDeploymentPostprocessing = 0;
		};
		OBJ_170 /* Sources */ = {
			isa = PBXSourcesBuildPhase;
			buildActionMask = 0;
			files = (
				OBJ_171 /* Atem_Tests.swift in Sources */,
				74D8D32720B5456F006EA471 /* EnvelopeWrapper.swift in Sources */,
			);
			runOnlyForDeploymentPostprocessing = 0;
		};
		OBJ_193 /* Sources */ = {
			isa = PBXSourcesBuildPhase;
			buildActionMask = 0;
			files = (
				OBJ_194 /* Package.swift in Sources */,
			);
			runOnlyForDeploymentPostprocessing = 0;
		};
		OBJ_203 /* Sources */ = {
			isa = PBXSourcesBuildPhase;
			buildActionMask = 0;
			files = (
				OBJ_204 /* c-atomics.c in Sources */,
			);
			runOnlyForDeploymentPostprocessing = 0;
		};
		OBJ_209 /* Sources */ = {
			isa = PBXSourcesBuildPhase;
			buildActionMask = 0;
			files = (
				OBJ_210 /* shim.c in Sources */,
			);
			runOnlyForDeploymentPostprocessing = 0;
		};
		OBJ_215 /* Sources */ = {
			isa = PBXSourcesBuildPhase;
			buildActionMask = 0;
			files = (
				OBJ_216 /* shim.c in Sources */,
			);
			runOnlyForDeploymentPostprocessing = 0;
		};
		OBJ_221 /* Sources */ = {
			isa = PBXSourcesBuildPhase;
			buildActionMask = 0;
			files = (
				OBJ_222 /* c_nio_sha1.c in Sources */,
			);
			runOnlyForDeploymentPostprocessing = 0;
		};
		OBJ_227 /* Sources */ = {
			isa = PBXSourcesBuildPhase;
			buildActionMask = 0;
			files = (
				OBJ_228 /* AddressedEnvelope.swift in Sources */,
				OBJ_229 /* BaseSocket.swift in Sources */,
				OBJ_230 /* BaseSocketChannel.swift in Sources */,
				OBJ_231 /* BlockingIOThreadPool.swift in Sources */,
				OBJ_232 /* Bootstrap.swift in Sources */,
				OBJ_233 /* ByteBuffer-aux.swift in Sources */,
				OBJ_234 /* ByteBuffer-core.swift in Sources */,
				OBJ_235 /* ByteBuffer-int.swift in Sources */,
				OBJ_236 /* Channel.swift in Sources */,
				OBJ_237 /* ChannelHandler.swift in Sources */,
				OBJ_238 /* ChannelHandlers.swift in Sources */,
				OBJ_239 /* ChannelInvoker.swift in Sources */,
				OBJ_240 /* ChannelOption.swift in Sources */,
				OBJ_241 /* ChannelPipeline.swift in Sources */,
				OBJ_242 /* CircularBuffer.swift in Sources */,
				OBJ_243 /* Codec.swift in Sources */,
				OBJ_244 /* CompositeError.swift in Sources */,
				OBJ_245 /* DeadChannel.swift in Sources */,
				OBJ_246 /* Embedded.swift in Sources */,
				OBJ_247 /* EventLoop.swift in Sources */,
				OBJ_248 /* EventLoopFuture.swift in Sources */,
				OBJ_249 /* FileDescriptor.swift in Sources */,
				OBJ_250 /* FileHandle.swift in Sources */,
				OBJ_251 /* FileRegion.swift in Sources */,
				OBJ_252 /* GetaddrinfoResolver.swift in Sources */,
				OBJ_253 /* HappyEyeballs.swift in Sources */,
				OBJ_254 /* Heap.swift in Sources */,
				OBJ_255 /* IO.swift in Sources */,
				OBJ_256 /* IOData.swift in Sources */,
				OBJ_257 /* IntegerTypes.swift in Sources */,
				OBJ_258 /* Interfaces.swift in Sources */,
				OBJ_259 /* Linux.swift in Sources */,
				OBJ_260 /* LinuxCPUSet.swift in Sources */,
				OBJ_261 /* MarkedCircularBuffer.swift in Sources */,
				OBJ_262 /* NIOAny.swift in Sources */,
				OBJ_263 /* NonBlockingFileIO.swift in Sources */,
				OBJ_264 /* PendingDatagramWritesManager.swift in Sources */,
				OBJ_265 /* PendingWritesManager.swift in Sources */,
				OBJ_266 /* PriorityQueue.swift in Sources */,
				OBJ_267 /* RecvByteBufferAllocator.swift in Sources */,
				OBJ_268 /* Resolver.swift in Sources */,
				OBJ_269 /* Selectable.swift in Sources */,
				OBJ_270 /* Selector.swift in Sources */,
				OBJ_271 /* ServerSocket.swift in Sources */,
				OBJ_272 /* Socket.swift in Sources */,
				OBJ_273 /* SocketAddresses.swift in Sources */,
				OBJ_274 /* SocketChannel.swift in Sources */,
				OBJ_275 /* System.swift in Sources */,
				OBJ_276 /* Thread.swift in Sources */,
				OBJ_277 /* TypeAssistedChannelHandler.swift in Sources */,
				OBJ_278 /* Utilities.swift in Sources */,
			);
			runOnlyForDeploymentPostprocessing = 0;
		};
		OBJ_295 /* Sources */ = {
			isa = PBXSourcesBuildPhase;
			buildActionMask = 0;
			files = (
				OBJ_296 /* atomics.swift in Sources */,
				OBJ_297 /* lock.swift in Sources */,
			);
			runOnlyForDeploymentPostprocessing = 0;
		};
		OBJ_304 /* Sources */ = {
			isa = PBXSourcesBuildPhase;
			buildActionMask = 0;
			files = (
				OBJ_305 /* Heap.swift in Sources */,
				OBJ_306 /* PriorityQueue.swift in Sources */,
			);
			runOnlyForDeploymentPostprocessing = 0;
		};
		OBJ_312 /* Sources */ = {
			isa = PBXSourcesBuildPhase;
			buildActionMask = 0;
			files = (
				OBJ_313 /* Package.swift in Sources */,
			);
			runOnlyForDeploymentPostprocessing = 0;
		};
/* End PBXSourcesBuildPhase section */

/* Begin PBXTargetDependency section */
		OBJ_152 /* PBXTargetDependency */ = {
			isa = PBXTargetDependency;
			target = "swift-nio::NIO" /* NIO */;
			targetProxy = 74D8D2F320B452B1006EA471 /* PBXContainerItemProxy */;
		};
		OBJ_154 /* PBXTargetDependency */ = {
			isa = PBXTargetDependency;
			target = "swift-nio::CNIOSHA1" /* CNIOSHA1 */;
			targetProxy = 74D8D2FA20B452B1006EA471 /* PBXContainerItemProxy */;
		};
		OBJ_156 /* PBXTargetDependency */ = {
			isa = PBXTargetDependency;
			target = "swift-nio::NIOPriorityQueue" /* NIOPriorityQueue */;
			targetProxy = 74D8D2FB20B452B1006EA471 /* PBXContainerItemProxy */;
		};
		OBJ_158 /* PBXTargetDependency */ = {
			isa = PBXTargetDependency;
			target = "swift-nio::NIOConcurrencyHelpers" /* NIOConcurrencyHelpers */;
			targetProxy = 74D8D2FC20B452B1006EA471 /* PBXContainerItemProxy */;
		};
		OBJ_160 /* PBXTargetDependency */ = {
			isa = PBXTargetDependency;
			target = "swift-nio::CNIOAtomics" /* CNIOAtomics */;
			targetProxy = 74D8D2FD20B452B1006EA471 /* PBXContainerItemProxy */;
		};
		OBJ_162 /* PBXTargetDependency */ = {
			isa = PBXTargetDependency;
			target = "swift-nio::CNIODarwin" /* CNIODarwin */;
			targetProxy = 74D8D2FE20B452B1006EA471 /* PBXContainerItemProxy */;
		};
		OBJ_164 /* PBXTargetDependency */ = {
			isa = PBXTargetDependency;
			target = "swift-nio::CNIOLinux" /* CNIOLinux */;
			targetProxy = 74D8D2FF20B452B1006EA471 /* PBXContainerItemProxy */;
		};
		OBJ_181 /* PBXTargetDependency */ = {
			isa = PBXTargetDependency;
			target = "Atem::Atem" /* Atem */;
			targetProxy = 74D8D30020B452B1006EA471 /* PBXContainerItemProxy */;
		};
		OBJ_182 /* PBXTargetDependency */ = {
			isa = PBXTargetDependency;
			target = "swift-nio::NIO" /* NIO */;
			targetProxy = 74D8D30120B452B1006EA471 /* PBXContainerItemProxy */;
		};
		OBJ_183 /* PBXTargetDependency */ = {
			isa = PBXTargetDependency;
			target = "swift-nio::CNIOSHA1" /* CNIOSHA1 */;
			targetProxy = 74D8D30220B452B1006EA471 /* PBXContainerItemProxy */;
		};
		OBJ_184 /* PBXTargetDependency */ = {
			isa = PBXTargetDependency;
			target = "swift-nio::NIOPriorityQueue" /* NIOPriorityQueue */;
			targetProxy = 74D8D30320B452B1006EA471 /* PBXContainerItemProxy */;
		};
		OBJ_185 /* PBXTargetDependency */ = {
			isa = PBXTargetDependency;
			target = "swift-nio::NIOConcurrencyHelpers" /* NIOConcurrencyHelpers */;
			targetProxy = 74D8D30420B452B1006EA471 /* PBXContainerItemProxy */;
		};
		OBJ_186 /* PBXTargetDependency */ = {
			isa = PBXTargetDependency;
			target = "swift-nio::CNIOAtomics" /* CNIOAtomics */;
			targetProxy = 74D8D30520B452B1006EA471 /* PBXContainerItemProxy */;
		};
		OBJ_187 /* PBXTargetDependency */ = {
			isa = PBXTargetDependency;
			target = "swift-nio::CNIODarwin" /* CNIODarwin */;
			targetProxy = 74D8D30620B452B1006EA471 /* PBXContainerItemProxy */;
		};
		OBJ_188 /* PBXTargetDependency */ = {
			isa = PBXTargetDependency;
			target = "swift-nio::CNIOLinux" /* CNIOLinux */;
			targetProxy = 74D8D30720B452B1006EA471 /* PBXContainerItemProxy */;
		};
		OBJ_199 /* PBXTargetDependency */ = {
			isa = PBXTargetDependency;
			target = "Atem::Atem RTests" /* Atem RTests */;
			targetProxy = 74D8D30820B452B2006EA471 /* PBXContainerItemProxy */;
		};
		OBJ_286 /* PBXTargetDependency */ = {
			isa = PBXTargetDependency;
			target = "swift-nio::CNIOSHA1" /* CNIOSHA1 */;
			targetProxy = 74D8D2F420B452B1006EA471 /* PBXContainerItemProxy */;
		};
		OBJ_287 /* PBXTargetDependency */ = {
			isa = PBXTargetDependency;
			target = "swift-nio::NIOPriorityQueue" /* NIOPriorityQueue */;
			targetProxy = 74D8D2F520B452B1006EA471 /* PBXContainerItemProxy */;
		};
		OBJ_288 /* PBXTargetDependency */ = {
			isa = PBXTargetDependency;
			target = "swift-nio::NIOConcurrencyHelpers" /* NIOConcurrencyHelpers */;
			targetProxy = 74D8D2F620B452B1006EA471 /* PBXContainerItemProxy */;
		};
		OBJ_289 /* PBXTargetDependency */ = {
			isa = PBXTargetDependency;
			target = "swift-nio::CNIOAtomics" /* CNIOAtomics */;
			targetProxy = 74D8D2F720B452B1006EA471 /* PBXContainerItemProxy */;
		};
		OBJ_290 /* PBXTargetDependency */ = {
			isa = PBXTargetDependency;
			target = "swift-nio::CNIODarwin" /* CNIODarwin */;
			targetProxy = 74D8D2F820B452B1006EA471 /* PBXContainerItemProxy */;
		};
		OBJ_291 /* PBXTargetDependency */ = {
			isa = PBXTargetDependency;
			target = "swift-nio::CNIOLinux" /* CNIOLinux */;
			targetProxy = 74D8D2F920B452B1006EA471 /* PBXContainerItemProxy */;
		};
		OBJ_300 /* PBXTargetDependency */ = {
			isa = PBXTargetDependency;
			target = "swift-nio::CNIOAtomics" /* CNIOAtomics */;
			targetProxy = 74D8D2F220B452B1006EA471 /* PBXContainerItemProxy */;
		};
/* End PBXTargetDependency section */

/* Begin XCBuildConfiguration section */
		OBJ_130 /* Debug */ = {
			isa = XCBuildConfiguration;
			buildSettings = {
				ENABLE_TESTABILITY = YES;
				FRAMEWORK_SEARCH_PATHS = (
					"$(inherited)",
					"$(PLATFORM_DIR)/Developer/Library/Frameworks",
				);
				HEADER_SEARCH_PATHS = (
					"$(inherited)",
					"$(SRCROOT)/.build/checkouts/swift-nio.git-3108475404973543938/Sources/CNIOSHA1/include",
					"$(SRCROOT)/.build/checkouts/swift-nio.git-3108475404973543938/Sources/CNIOAtomics/include",
					"$(SRCROOT)/.build/checkouts/swift-nio.git-3108475404973543938/Sources/CNIODarwin/include",
					"$(SRCROOT)/.build/checkouts/swift-nio.git-3108475404973543938/Sources/CNIOLinux/include",
					"$(SRCROOT)/.build/checkouts/swift-nio-zlib-support.git--1071467962839356487",
					"$(SRCROOT)/Atem.xcodeproj/GeneratedModuleMap/CNIOSHA1",
					"$(SRCROOT)/Atem.xcodeproj/GeneratedModuleMap/CNIOAtomics",
					"$(SRCROOT)/Atem.xcodeproj/GeneratedModuleMap/CNIODarwin",
					"$(SRCROOT)/Atem.xcodeproj/GeneratedModuleMap/CNIOLinux",
				);
				INFOPLIST_FILE = Atem.xcodeproj/Atem_Info.plist;
				LD_RUNPATH_SEARCH_PATHS = "$(inherited) $(TOOLCHAIN_DIR)/usr/lib/swift/macosx";
				OTHER_CFLAGS = "$(inherited)";
				OTHER_LDFLAGS = (
					"$(inherited)",
					"-lz",
				);
				OTHER_SWIFT_FLAGS = "$(inherited) -Xcc -fmodule-map-file=$(SRCROOT)/Atem.xcodeproj/GeneratedModuleMap/CNIOSHA1/module.modulemap -Xcc -fmodule-map-file=$(SRCROOT)/Atem.xcodeproj/GeneratedModuleMap/CNIOAtomics/module.modulemap -Xcc -fmodule-map-file=$(SRCROOT)/Atem.xcodeproj/GeneratedModuleMap/CNIODarwin/module.modulemap -Xcc -fmodule-map-file=$(SRCROOT)/Atem.xcodeproj/GeneratedModuleMap/CNIOLinux/module.modulemap";
				PRODUCT_BUNDLE_IDENTIFIER = Atem;
				PRODUCT_MODULE_NAME = "$(TARGET_NAME:c99extidentifier)";
				PRODUCT_NAME = "$(TARGET_NAME:c99extidentifier)";
				SKIP_INSTALL = YES;
				SWIFT_OPTIMIZATION_LEVEL = "-Onone";
				SWIFT_VERSION = 4.0;
				TARGET_NAME = Atem;
			};
			name = Debug;
		};
		OBJ_131 /* Release */ = {
			isa = XCBuildConfiguration;
			buildSettings = {
				ENABLE_TESTABILITY = YES;
				FRAMEWORK_SEARCH_PATHS = (
					"$(inherited)",
					"$(PLATFORM_DIR)/Developer/Library/Frameworks",
				);
				HEADER_SEARCH_PATHS = (
					"$(inherited)",
					"$(SRCROOT)/.build/checkouts/swift-nio.git-3108475404973543938/Sources/CNIOSHA1/include",
					"$(SRCROOT)/.build/checkouts/swift-nio.git-3108475404973543938/Sources/CNIOAtomics/include",
					"$(SRCROOT)/.build/checkouts/swift-nio.git-3108475404973543938/Sources/CNIODarwin/include",
					"$(SRCROOT)/.build/checkouts/swift-nio.git-3108475404973543938/Sources/CNIOLinux/include",
					"$(SRCROOT)/.build/checkouts/swift-nio-zlib-support.git--1071467962839356487",
					"$(SRCROOT)/Atem.xcodeproj/GeneratedModuleMap/CNIOSHA1",
					"$(SRCROOT)/Atem.xcodeproj/GeneratedModuleMap/CNIOAtomics",
					"$(SRCROOT)/Atem.xcodeproj/GeneratedModuleMap/CNIODarwin",
					"$(SRCROOT)/Atem.xcodeproj/GeneratedModuleMap/CNIOLinux",
				);
				INFOPLIST_FILE = Atem.xcodeproj/Atem_Info.plist;
				LD_RUNPATH_SEARCH_PATHS = "$(inherited) $(TOOLCHAIN_DIR)/usr/lib/swift/macosx";
				OTHER_CFLAGS = "$(inherited)";
				OTHER_LDFLAGS = (
					"$(inherited)",
					"-lz",
				);
				OTHER_SWIFT_FLAGS = "$(inherited) -Xcc -fmodule-map-file=$(SRCROOT)/Atem.xcodeproj/GeneratedModuleMap/CNIOSHA1/module.modulemap -Xcc -fmodule-map-file=$(SRCROOT)/Atem.xcodeproj/GeneratedModuleMap/CNIOAtomics/module.modulemap -Xcc -fmodule-map-file=$(SRCROOT)/Atem.xcodeproj/GeneratedModuleMap/CNIODarwin/module.modulemap -Xcc -fmodule-map-file=$(SRCROOT)/Atem.xcodeproj/GeneratedModuleMap/CNIOLinux/module.modulemap";
				PRODUCT_BUNDLE_IDENTIFIER = Atem;
				PRODUCT_MODULE_NAME = "$(TARGET_NAME:c99extidentifier)";
				PRODUCT_NAME = "$(TARGET_NAME:c99extidentifier)";
				SKIP_INSTALL = YES;
				SWIFT_VERSION = 4.0;
				TARGET_NAME = Atem;
			};
			name = Release;
		};
		OBJ_168 /* Debug */ = {
			isa = XCBuildConfiguration;
			buildSettings = {
				EMBEDDED_CONTENT_CONTAINS_SWIFT = YES;
				FRAMEWORK_SEARCH_PATHS = (
					"$(inherited)",
					"$(PLATFORM_DIR)/Developer/Library/Frameworks",
				);
				HEADER_SEARCH_PATHS = (
					"$(inherited)",
					"$(SRCROOT)/.build/checkouts/swift-nio.git-3108475404973543938/Sources/CNIOSHA1/include",
					"$(SRCROOT)/.build/checkouts/swift-nio.git-3108475404973543938/Sources/CNIOAtomics/include",
					"$(SRCROOT)/.build/checkouts/swift-nio.git-3108475404973543938/Sources/CNIODarwin/include",
					"$(SRCROOT)/.build/checkouts/swift-nio.git-3108475404973543938/Sources/CNIOLinux/include",
					"$(SRCROOT)/.build/checkouts/swift-nio-zlib-support.git--1071467962839356487",
					"$(SRCROOT)/Atem.xcodeproj/GeneratedModuleMap/CNIOSHA1",
					"$(SRCROOT)/Atem.xcodeproj/GeneratedModuleMap/CNIOAtomics",
					"$(SRCROOT)/Atem.xcodeproj/GeneratedModuleMap/CNIODarwin",
					"$(SRCROOT)/Atem.xcodeproj/GeneratedModuleMap/CNIOLinux",
				);
				INFOPLIST_FILE = Atem.xcodeproj/Atem_RTests_Info.plist;
				LD_RUNPATH_SEARCH_PATHS = "$(inherited) @loader_path/../Frameworks @loader_path/Frameworks";
				OTHER_CFLAGS = "$(inherited)";
				OTHER_LDFLAGS = (
					"$(inherited)",
					"-lz",
				);
				OTHER_SWIFT_FLAGS = "$(inherited) -Xcc -fmodule-map-file=$(SRCROOT)/Atem.xcodeproj/GeneratedModuleMap/CNIOSHA1/module.modulemap -Xcc -fmodule-map-file=$(SRCROOT)/Atem.xcodeproj/GeneratedModuleMap/CNIOAtomics/module.modulemap -Xcc -fmodule-map-file=$(SRCROOT)/Atem.xcodeproj/GeneratedModuleMap/CNIODarwin/module.modulemap -Xcc -fmodule-map-file=$(SRCROOT)/Atem.xcodeproj/GeneratedModuleMap/CNIOLinux/module.modulemap";
				SWIFT_VERSION = 4.0;
				TARGET_NAME = "Atem RTests";
			};
			name = Debug;
		};
		OBJ_169 /* Release */ = {
			isa = XCBuildConfiguration;
			buildSettings = {
				EMBEDDED_CONTENT_CONTAINS_SWIFT = YES;
				FRAMEWORK_SEARCH_PATHS = (
					"$(inherited)",
					"$(PLATFORM_DIR)/Developer/Library/Frameworks",
				);
				HEADER_SEARCH_PATHS = (
					"$(inherited)",
					"$(SRCROOT)/.build/checkouts/swift-nio.git-3108475404973543938/Sources/CNIOSHA1/include",
					"$(SRCROOT)/.build/checkouts/swift-nio.git-3108475404973543938/Sources/CNIOAtomics/include",
					"$(SRCROOT)/.build/checkouts/swift-nio.git-3108475404973543938/Sources/CNIODarwin/include",
					"$(SRCROOT)/.build/checkouts/swift-nio.git-3108475404973543938/Sources/CNIOLinux/include",
					"$(SRCROOT)/.build/checkouts/swift-nio-zlib-support.git--1071467962839356487",
					"$(SRCROOT)/Atem.xcodeproj/GeneratedModuleMap/CNIOSHA1",
					"$(SRCROOT)/Atem.xcodeproj/GeneratedModuleMap/CNIOAtomics",
					"$(SRCROOT)/Atem.xcodeproj/GeneratedModuleMap/CNIODarwin",
					"$(SRCROOT)/Atem.xcodeproj/GeneratedModuleMap/CNIOLinux",
				);
				INFOPLIST_FILE = Atem.xcodeproj/Atem_RTests_Info.plist;
				LD_RUNPATH_SEARCH_PATHS = "$(inherited) @loader_path/../Frameworks @loader_path/Frameworks";
				OTHER_CFLAGS = "$(inherited)";
				OTHER_LDFLAGS = (
					"$(inherited)",
					"-lz",
				);
				OTHER_SWIFT_FLAGS = "$(inherited) -Xcc -fmodule-map-file=$(SRCROOT)/Atem.xcodeproj/GeneratedModuleMap/CNIOSHA1/module.modulemap -Xcc -fmodule-map-file=$(SRCROOT)/Atem.xcodeproj/GeneratedModuleMap/CNIOAtomics/module.modulemap -Xcc -fmodule-map-file=$(SRCROOT)/Atem.xcodeproj/GeneratedModuleMap/CNIODarwin/module.modulemap -Xcc -fmodule-map-file=$(SRCROOT)/Atem.xcodeproj/GeneratedModuleMap/CNIOLinux/module.modulemap";
				SWIFT_VERSION = 4.0;
				TARGET_NAME = "Atem RTests";
			};
			name = Release;
		};
		OBJ_191 /* Debug */ = {
			isa = XCBuildConfiguration;
			buildSettings = {
				LD = /usr/bin/true;
				OTHER_SWIFT_FLAGS = "-swift-version 4 -I $(TOOLCHAIN_DIR)/usr/lib/swift/pm/4 -target x86_64-apple-macosx10.10 -sdk /Applications/Xcode.app/Contents/Developer/Platforms/MacOSX.platform/Developer/SDKs/MacOSX10.13.sdk";
				SWIFT_VERSION = 4.0;
			};
			name = Debug;
		};
		OBJ_192 /* Release */ = {
			isa = XCBuildConfiguration;
			buildSettings = {
				LD = /usr/bin/true;
				OTHER_SWIFT_FLAGS = "-swift-version 4 -I $(TOOLCHAIN_DIR)/usr/lib/swift/pm/4 -target x86_64-apple-macosx10.10 -sdk /Applications/Xcode.app/Contents/Developer/Platforms/MacOSX.platform/Developer/SDKs/MacOSX10.13.sdk";
				SWIFT_VERSION = 4.0;
			};
			name = Release;
		};
		OBJ_197 /* Debug */ = {
			isa = XCBuildConfiguration;
			buildSettings = {
			};
			name = Debug;
		};
		OBJ_198 /* Release */ = {
			isa = XCBuildConfiguration;
			buildSettings = {
			};
			name = Release;
		};
		OBJ_201 /* Debug */ = {
			isa = XCBuildConfiguration;
			buildSettings = {
				DEFINES_MODULE = NO;
				ENABLE_TESTABILITY = YES;
				FRAMEWORK_SEARCH_PATHS = (
					"$(inherited)",
					"$(PLATFORM_DIR)/Developer/Library/Frameworks",
				);
				HEADER_SEARCH_PATHS = (
					"$(inherited)",
					"$(SRCROOT)/.build/checkouts/swift-nio.git-3108475404973543938/Sources/CNIOAtomics/include",
					"$(SRCROOT)/.build/checkouts/swift-nio-zlib-support.git--1071467962839356487",
				);
				INFOPLIST_FILE = Atem.xcodeproj/CNIOAtomics_Info.plist;
				LD_RUNPATH_SEARCH_PATHS = "$(inherited) $(TOOLCHAIN_DIR)/usr/lib/swift/macosx";
				OTHER_CFLAGS = "$(inherited)";
				OTHER_LDFLAGS = (
					"$(inherited)",
					"-lz",
				);
				OTHER_SWIFT_FLAGS = "$(inherited)";
				PRODUCT_BUNDLE_IDENTIFIER = CNIOAtomics;
				PRODUCT_MODULE_NAME = "$(TARGET_NAME:c99extidentifier)";
				PRODUCT_NAME = "$(TARGET_NAME:c99extidentifier)";
				SKIP_INSTALL = YES;
				TARGET_NAME = CNIOAtomics;
			};
			name = Debug;
		};
		OBJ_202 /* Release */ = {
			isa = XCBuildConfiguration;
			buildSettings = {
				DEFINES_MODULE = NO;
				ENABLE_TESTABILITY = YES;
				FRAMEWORK_SEARCH_PATHS = (
					"$(inherited)",
					"$(PLATFORM_DIR)/Developer/Library/Frameworks",
				);
				HEADER_SEARCH_PATHS = (
					"$(inherited)",
					"$(SRCROOT)/.build/checkouts/swift-nio.git-3108475404973543938/Sources/CNIOAtomics/include",
					"$(SRCROOT)/.build/checkouts/swift-nio-zlib-support.git--1071467962839356487",
				);
				INFOPLIST_FILE = Atem.xcodeproj/CNIOAtomics_Info.plist;
				LD_RUNPATH_SEARCH_PATHS = "$(inherited) $(TOOLCHAIN_DIR)/usr/lib/swift/macosx";
				OTHER_CFLAGS = "$(inherited)";
				OTHER_LDFLAGS = (
					"$(inherited)",
					"-lz",
				);
				OTHER_SWIFT_FLAGS = "$(inherited)";
				PRODUCT_BUNDLE_IDENTIFIER = CNIOAtomics;
				PRODUCT_MODULE_NAME = "$(TARGET_NAME:c99extidentifier)";
				PRODUCT_NAME = "$(TARGET_NAME:c99extidentifier)";
				SKIP_INSTALL = YES;
				TARGET_NAME = CNIOAtomics;
			};
			name = Release;
		};
		OBJ_207 /* Debug */ = {
			isa = XCBuildConfiguration;
			buildSettings = {
				DEFINES_MODULE = NO;
				ENABLE_TESTABILITY = YES;
				FRAMEWORK_SEARCH_PATHS = (
					"$(inherited)",
					"$(PLATFORM_DIR)/Developer/Library/Frameworks",
				);
				HEADER_SEARCH_PATHS = (
					"$(inherited)",
					"$(SRCROOT)/.build/checkouts/swift-nio.git-3108475404973543938/Sources/CNIODarwin/include",
					"$(SRCROOT)/.build/checkouts/swift-nio-zlib-support.git--1071467962839356487",
				);
				INFOPLIST_FILE = Atem.xcodeproj/CNIODarwin_Info.plist;
				LD_RUNPATH_SEARCH_PATHS = "$(inherited) $(TOOLCHAIN_DIR)/usr/lib/swift/macosx";
				OTHER_CFLAGS = "$(inherited)";
				OTHER_LDFLAGS = (
					"$(inherited)",
					"-lz",
				);
				OTHER_SWIFT_FLAGS = "$(inherited)";
				PRODUCT_BUNDLE_IDENTIFIER = CNIODarwin;
				PRODUCT_MODULE_NAME = "$(TARGET_NAME:c99extidentifier)";
				PRODUCT_NAME = "$(TARGET_NAME:c99extidentifier)";
				SKIP_INSTALL = YES;
				TARGET_NAME = CNIODarwin;
			};
			name = Debug;
		};
		OBJ_208 /* Release */ = {
			isa = XCBuildConfiguration;
			buildSettings = {
				DEFINES_MODULE = NO;
				ENABLE_TESTABILITY = YES;
				FRAMEWORK_SEARCH_PATHS = (
					"$(inherited)",
					"$(PLATFORM_DIR)/Developer/Library/Frameworks",
				);
				HEADER_SEARCH_PATHS = (
					"$(inherited)",
					"$(SRCROOT)/.build/checkouts/swift-nio.git-3108475404973543938/Sources/CNIODarwin/include",
					"$(SRCROOT)/.build/checkouts/swift-nio-zlib-support.git--1071467962839356487",
				);
				INFOPLIST_FILE = Atem.xcodeproj/CNIODarwin_Info.plist;
				LD_RUNPATH_SEARCH_PATHS = "$(inherited) $(TOOLCHAIN_DIR)/usr/lib/swift/macosx";
				OTHER_CFLAGS = "$(inherited)";
				OTHER_LDFLAGS = (
					"$(inherited)",
					"-lz",
				);
				OTHER_SWIFT_FLAGS = "$(inherited)";
				PRODUCT_BUNDLE_IDENTIFIER = CNIODarwin;
				PRODUCT_MODULE_NAME = "$(TARGET_NAME:c99extidentifier)";
				PRODUCT_NAME = "$(TARGET_NAME:c99extidentifier)";
				SKIP_INSTALL = YES;
				TARGET_NAME = CNIODarwin;
			};
			name = Release;
		};
		OBJ_213 /* Debug */ = {
			isa = XCBuildConfiguration;
			buildSettings = {
				DEFINES_MODULE = NO;
				ENABLE_TESTABILITY = YES;
				FRAMEWORK_SEARCH_PATHS = (
					"$(inherited)",
					"$(PLATFORM_DIR)/Developer/Library/Frameworks",
				);
				HEADER_SEARCH_PATHS = (
					"$(inherited)",
					"$(SRCROOT)/.build/checkouts/swift-nio.git-3108475404973543938/Sources/CNIOLinux/include",
					"$(SRCROOT)/.build/checkouts/swift-nio-zlib-support.git--1071467962839356487",
				);
				INFOPLIST_FILE = Atem.xcodeproj/CNIOLinux_Info.plist;
				LD_RUNPATH_SEARCH_PATHS = "$(inherited) $(TOOLCHAIN_DIR)/usr/lib/swift/macosx";
				OTHER_CFLAGS = "$(inherited)";
				OTHER_LDFLAGS = (
					"$(inherited)",
					"-lz",
				);
				OTHER_SWIFT_FLAGS = "$(inherited)";
				PRODUCT_BUNDLE_IDENTIFIER = CNIOLinux;
				PRODUCT_MODULE_NAME = "$(TARGET_NAME:c99extidentifier)";
				PRODUCT_NAME = "$(TARGET_NAME:c99extidentifier)";
				SKIP_INSTALL = YES;
				TARGET_NAME = CNIOLinux;
			};
			name = Debug;
		};
		OBJ_214 /* Release */ = {
			isa = XCBuildConfiguration;
			buildSettings = {
				DEFINES_MODULE = NO;
				ENABLE_TESTABILITY = YES;
				FRAMEWORK_SEARCH_PATHS = (
					"$(inherited)",
					"$(PLATFORM_DIR)/Developer/Library/Frameworks",
				);
				HEADER_SEARCH_PATHS = (
					"$(inherited)",
					"$(SRCROOT)/.build/checkouts/swift-nio.git-3108475404973543938/Sources/CNIOLinux/include",
					"$(SRCROOT)/.build/checkouts/swift-nio-zlib-support.git--1071467962839356487",
				);
				INFOPLIST_FILE = Atem.xcodeproj/CNIOLinux_Info.plist;
				LD_RUNPATH_SEARCH_PATHS = "$(inherited) $(TOOLCHAIN_DIR)/usr/lib/swift/macosx";
				OTHER_CFLAGS = "$(inherited)";
				OTHER_LDFLAGS = (
					"$(inherited)",
					"-lz",
				);
				OTHER_SWIFT_FLAGS = "$(inherited)";
				PRODUCT_BUNDLE_IDENTIFIER = CNIOLinux;
				PRODUCT_MODULE_NAME = "$(TARGET_NAME:c99extidentifier)";
				PRODUCT_NAME = "$(TARGET_NAME:c99extidentifier)";
				SKIP_INSTALL = YES;
				TARGET_NAME = CNIOLinux;
			};
			name = Release;
		};
		OBJ_219 /* Debug */ = {
			isa = XCBuildConfiguration;
			buildSettings = {
				DEFINES_MODULE = NO;
				ENABLE_TESTABILITY = YES;
				FRAMEWORK_SEARCH_PATHS = (
					"$(inherited)",
					"$(PLATFORM_DIR)/Developer/Library/Frameworks",
				);
				HEADER_SEARCH_PATHS = (
					"$(inherited)",
					"$(SRCROOT)/.build/checkouts/swift-nio.git-3108475404973543938/Sources/CNIOSHA1/include",
					"$(SRCROOT)/.build/checkouts/swift-nio-zlib-support.git--1071467962839356487",
				);
				INFOPLIST_FILE = Atem.xcodeproj/CNIOSHA1_Info.plist;
				LD_RUNPATH_SEARCH_PATHS = "$(inherited) $(TOOLCHAIN_DIR)/usr/lib/swift/macosx";
				OTHER_CFLAGS = "$(inherited)";
				OTHER_LDFLAGS = (
					"$(inherited)",
					"-lz",
				);
				OTHER_SWIFT_FLAGS = "$(inherited)";
				PRODUCT_BUNDLE_IDENTIFIER = CNIOSHA1;
				PRODUCT_MODULE_NAME = "$(TARGET_NAME:c99extidentifier)";
				PRODUCT_NAME = "$(TARGET_NAME:c99extidentifier)";
				SKIP_INSTALL = YES;
				TARGET_NAME = CNIOSHA1;
			};
			name = Debug;
		};
		OBJ_220 /* Release */ = {
			isa = XCBuildConfiguration;
			buildSettings = {
				DEFINES_MODULE = NO;
				ENABLE_TESTABILITY = YES;
				FRAMEWORK_SEARCH_PATHS = (
					"$(inherited)",
					"$(PLATFORM_DIR)/Developer/Library/Frameworks",
				);
				HEADER_SEARCH_PATHS = (
					"$(inherited)",
					"$(SRCROOT)/.build/checkouts/swift-nio.git-3108475404973543938/Sources/CNIOSHA1/include",
					"$(SRCROOT)/.build/checkouts/swift-nio-zlib-support.git--1071467962839356487",
				);
				INFOPLIST_FILE = Atem.xcodeproj/CNIOSHA1_Info.plist;
				LD_RUNPATH_SEARCH_PATHS = "$(inherited) $(TOOLCHAIN_DIR)/usr/lib/swift/macosx";
				OTHER_CFLAGS = "$(inherited)";
				OTHER_LDFLAGS = (
					"$(inherited)",
					"-lz",
				);
				OTHER_SWIFT_FLAGS = "$(inherited)";
				PRODUCT_BUNDLE_IDENTIFIER = CNIOSHA1;
				PRODUCT_MODULE_NAME = "$(TARGET_NAME:c99extidentifier)";
				PRODUCT_NAME = "$(TARGET_NAME:c99extidentifier)";
				SKIP_INSTALL = YES;
				TARGET_NAME = CNIOSHA1;
			};
			name = Release;
		};
		OBJ_225 /* Debug */ = {
			isa = XCBuildConfiguration;
			buildSettings = {
				ENABLE_TESTABILITY = YES;
				FRAMEWORK_SEARCH_PATHS = (
					"$(inherited)",
					"$(PLATFORM_DIR)/Developer/Library/Frameworks",
				);
				HEADER_SEARCH_PATHS = (
					"$(inherited)",
					"$(SRCROOT)/.build/checkouts/swift-nio.git-3108475404973543938/Sources/CNIOSHA1/include",
					"$(SRCROOT)/.build/checkouts/swift-nio.git-3108475404973543938/Sources/CNIOAtomics/include",
					"$(SRCROOT)/.build/checkouts/swift-nio.git-3108475404973543938/Sources/CNIODarwin/include",
					"$(SRCROOT)/.build/checkouts/swift-nio.git-3108475404973543938/Sources/CNIOLinux/include",
					"$(SRCROOT)/.build/checkouts/swift-nio-zlib-support.git--1071467962839356487",
					"$(SRCROOT)/Atem.xcodeproj/GeneratedModuleMap/CNIOSHA1",
					"$(SRCROOT)/Atem.xcodeproj/GeneratedModuleMap/CNIOAtomics",
					"$(SRCROOT)/Atem.xcodeproj/GeneratedModuleMap/CNIODarwin",
					"$(SRCROOT)/Atem.xcodeproj/GeneratedModuleMap/CNIOLinux",
				);
				INFOPLIST_FILE = Atem.xcodeproj/NIO_Info.plist;
				LD_RUNPATH_SEARCH_PATHS = "$(inherited) $(TOOLCHAIN_DIR)/usr/lib/swift/macosx";
				OTHER_CFLAGS = "$(inherited)";
				OTHER_LDFLAGS = (
					"$(inherited)",
					"-lz",
				);
				OTHER_SWIFT_FLAGS = "$(inherited) -Xcc -fmodule-map-file=$(SRCROOT)/Atem.xcodeproj/GeneratedModuleMap/CNIOSHA1/module.modulemap -Xcc -fmodule-map-file=$(SRCROOT)/Atem.xcodeproj/GeneratedModuleMap/CNIOAtomics/module.modulemap -Xcc -fmodule-map-file=$(SRCROOT)/Atem.xcodeproj/GeneratedModuleMap/CNIODarwin/module.modulemap -Xcc -fmodule-map-file=$(SRCROOT)/Atem.xcodeproj/GeneratedModuleMap/CNIOLinux/module.modulemap";
				PRODUCT_BUNDLE_IDENTIFIER = NIO;
				PRODUCT_MODULE_NAME = "$(TARGET_NAME:c99extidentifier)";
				PRODUCT_NAME = "$(TARGET_NAME:c99extidentifier)";
				SKIP_INSTALL = YES;
				SWIFT_VERSION = 4.0;
				TARGET_NAME = NIO;
			};
			name = Debug;
		};
		OBJ_226 /* Release */ = {
			isa = XCBuildConfiguration;
			buildSettings = {
				ENABLE_TESTABILITY = YES;
				FRAMEWORK_SEARCH_PATHS = (
					"$(inherited)",
					"$(PLATFORM_DIR)/Developer/Library/Frameworks",
				);
				HEADER_SEARCH_PATHS = (
					"$(inherited)",
					"$(SRCROOT)/.build/checkouts/swift-nio.git-3108475404973543938/Sources/CNIOSHA1/include",
					"$(SRCROOT)/.build/checkouts/swift-nio.git-3108475404973543938/Sources/CNIOAtomics/include",
					"$(SRCROOT)/.build/checkouts/swift-nio.git-3108475404973543938/Sources/CNIODarwin/include",
					"$(SRCROOT)/.build/checkouts/swift-nio.git-3108475404973543938/Sources/CNIOLinux/include",
					"$(SRCROOT)/.build/checkouts/swift-nio-zlib-support.git--1071467962839356487",
					"$(SRCROOT)/Atem.xcodeproj/GeneratedModuleMap/CNIOSHA1",
					"$(SRCROOT)/Atem.xcodeproj/GeneratedModuleMap/CNIOAtomics",
					"$(SRCROOT)/Atem.xcodeproj/GeneratedModuleMap/CNIODarwin",
					"$(SRCROOT)/Atem.xcodeproj/GeneratedModuleMap/CNIOLinux",
				);
				INFOPLIST_FILE = Atem.xcodeproj/NIO_Info.plist;
				LD_RUNPATH_SEARCH_PATHS = "$(inherited) $(TOOLCHAIN_DIR)/usr/lib/swift/macosx";
				OTHER_CFLAGS = "$(inherited)";
				OTHER_LDFLAGS = (
					"$(inherited)",
					"-lz",
				);
				OTHER_SWIFT_FLAGS = "$(inherited) -Xcc -fmodule-map-file=$(SRCROOT)/Atem.xcodeproj/GeneratedModuleMap/CNIOSHA1/module.modulemap -Xcc -fmodule-map-file=$(SRCROOT)/Atem.xcodeproj/GeneratedModuleMap/CNIOAtomics/module.modulemap -Xcc -fmodule-map-file=$(SRCROOT)/Atem.xcodeproj/GeneratedModuleMap/CNIODarwin/module.modulemap -Xcc -fmodule-map-file=$(SRCROOT)/Atem.xcodeproj/GeneratedModuleMap/CNIOLinux/module.modulemap";
				PRODUCT_BUNDLE_IDENTIFIER = NIO;
				PRODUCT_MODULE_NAME = "$(TARGET_NAME:c99extidentifier)";
				PRODUCT_NAME = "$(TARGET_NAME:c99extidentifier)";
				SKIP_INSTALL = YES;
				SWIFT_VERSION = 4.0;
				TARGET_NAME = NIO;
			};
			name = Release;
		};
		OBJ_293 /* Debug */ = {
			isa = XCBuildConfiguration;
			buildSettings = {
				ENABLE_TESTABILITY = YES;
				FRAMEWORK_SEARCH_PATHS = (
					"$(inherited)",
					"$(PLATFORM_DIR)/Developer/Library/Frameworks",
				);
				HEADER_SEARCH_PATHS = (
					"$(inherited)",
					"$(SRCROOT)/.build/checkouts/swift-nio.git-3108475404973543938/Sources/CNIOAtomics/include",
					"$(SRCROOT)/.build/checkouts/swift-nio-zlib-support.git--1071467962839356487",
					"$(SRCROOT)/Atem.xcodeproj/GeneratedModuleMap/CNIOAtomics",
				);
				INFOPLIST_FILE = Atem.xcodeproj/NIOConcurrencyHelpers_Info.plist;
				LD_RUNPATH_SEARCH_PATHS = "$(inherited) $(TOOLCHAIN_DIR)/usr/lib/swift/macosx";
				OTHER_CFLAGS = "$(inherited)";
				OTHER_LDFLAGS = (
					"$(inherited)",
					"-lz",
				);
				OTHER_SWIFT_FLAGS = "$(inherited) -Xcc -fmodule-map-file=$(SRCROOT)/Atem.xcodeproj/GeneratedModuleMap/CNIOAtomics/module.modulemap";
				PRODUCT_BUNDLE_IDENTIFIER = NIOConcurrencyHelpers;
				PRODUCT_MODULE_NAME = "$(TARGET_NAME:c99extidentifier)";
				PRODUCT_NAME = "$(TARGET_NAME:c99extidentifier)";
				SKIP_INSTALL = YES;
				SWIFT_VERSION = 4.0;
				TARGET_NAME = NIOConcurrencyHelpers;
			};
			name = Debug;
		};
		OBJ_294 /* Release */ = {
			isa = XCBuildConfiguration;
			buildSettings = {
				ENABLE_TESTABILITY = YES;
				FRAMEWORK_SEARCH_PATHS = (
					"$(inherited)",
					"$(PLATFORM_DIR)/Developer/Library/Frameworks",
				);
				HEADER_SEARCH_PATHS = (
					"$(inherited)",
					"$(SRCROOT)/.build/checkouts/swift-nio.git-3108475404973543938/Sources/CNIOAtomics/include",
					"$(SRCROOT)/.build/checkouts/swift-nio-zlib-support.git--1071467962839356487",
					"$(SRCROOT)/Atem.xcodeproj/GeneratedModuleMap/CNIOAtomics",
				);
				INFOPLIST_FILE = Atem.xcodeproj/NIOConcurrencyHelpers_Info.plist;
				LD_RUNPATH_SEARCH_PATHS = "$(inherited) $(TOOLCHAIN_DIR)/usr/lib/swift/macosx";
				OTHER_CFLAGS = "$(inherited)";
				OTHER_LDFLAGS = (
					"$(inherited)",
					"-lz",
				);
				OTHER_SWIFT_FLAGS = "$(inherited) -Xcc -fmodule-map-file=$(SRCROOT)/Atem.xcodeproj/GeneratedModuleMap/CNIOAtomics/module.modulemap";
				PRODUCT_BUNDLE_IDENTIFIER = NIOConcurrencyHelpers;
				PRODUCT_MODULE_NAME = "$(TARGET_NAME:c99extidentifier)";
				PRODUCT_NAME = "$(TARGET_NAME:c99extidentifier)";
				SKIP_INSTALL = YES;
				SWIFT_VERSION = 4.0;
				TARGET_NAME = NIOConcurrencyHelpers;
			};
			name = Release;
		};
		OBJ_3 /* Debug */ = {
			isa = XCBuildConfiguration;
			buildSettings = {
				CLANG_ENABLE_OBJC_ARC = YES;
				COMBINE_HIDPI_IMAGES = YES;
				COPY_PHASE_STRIP = NO;
				DEBUG_INFORMATION_FORMAT = dwarf;
				DYLIB_INSTALL_NAME_BASE = "@rpath";
				ENABLE_NS_ASSERTIONS = YES;
				GCC_OPTIMIZATION_LEVEL = 0;
				MACOSX_DEPLOYMENT_TARGET = 10.10;
				ONLY_ACTIVE_ARCH = YES;
				OTHER_SWIFT_FLAGS = "-DXcode";
				PRODUCT_NAME = "$(TARGET_NAME)";
				SDKROOT = macosx;
				SUPPORTED_PLATFORMS = "macosx iphoneos iphonesimulator appletvos appletvsimulator watchos watchsimulator";
				SWIFT_ACTIVE_COMPILATION_CONDITIONS = SWIFT_PACKAGE;
				SWIFT_OPTIMIZATION_LEVEL = "-Onone";
				USE_HEADERMAP = NO;
			};
			name = Debug;
		};
		OBJ_302 /* Debug */ = {
			isa = XCBuildConfiguration;
			buildSettings = {
				ENABLE_TESTABILITY = YES;
				FRAMEWORK_SEARCH_PATHS = (
					"$(inherited)",
					"$(PLATFORM_DIR)/Developer/Library/Frameworks",
				);
				HEADER_SEARCH_PATHS = (
					"$(inherited)",
					"$(SRCROOT)/.build/checkouts/swift-nio-zlib-support.git--1071467962839356487",
				);
				INFOPLIST_FILE = Atem.xcodeproj/NIOPriorityQueue_Info.plist;
				LD_RUNPATH_SEARCH_PATHS = "$(inherited) $(TOOLCHAIN_DIR)/usr/lib/swift/macosx";
				OTHER_CFLAGS = "$(inherited)";
				OTHER_LDFLAGS = (
					"$(inherited)",
					"-lz",
				);
				OTHER_SWIFT_FLAGS = "$(inherited)";
				PRODUCT_BUNDLE_IDENTIFIER = NIOPriorityQueue;
				PRODUCT_MODULE_NAME = "$(TARGET_NAME:c99extidentifier)";
				PRODUCT_NAME = "$(TARGET_NAME:c99extidentifier)";
				SKIP_INSTALL = YES;
				SWIFT_VERSION = 4.0;
				TARGET_NAME = NIOPriorityQueue;
			};
			name = Debug;
		};
		OBJ_303 /* Release */ = {
			isa = XCBuildConfiguration;
			buildSettings = {
				ENABLE_TESTABILITY = YES;
				FRAMEWORK_SEARCH_PATHS = (
					"$(inherited)",
					"$(PLATFORM_DIR)/Developer/Library/Frameworks",
				);
				HEADER_SEARCH_PATHS = (
					"$(inherited)",
					"$(SRCROOT)/.build/checkouts/swift-nio-zlib-support.git--1071467962839356487",
				);
				INFOPLIST_FILE = Atem.xcodeproj/NIOPriorityQueue_Info.plist;
				LD_RUNPATH_SEARCH_PATHS = "$(inherited) $(TOOLCHAIN_DIR)/usr/lib/swift/macosx";
				OTHER_CFLAGS = "$(inherited)";
				OTHER_LDFLAGS = (
					"$(inherited)",
					"-lz",
				);
				OTHER_SWIFT_FLAGS = "$(inherited)";
				PRODUCT_BUNDLE_IDENTIFIER = NIOPriorityQueue;
				PRODUCT_MODULE_NAME = "$(TARGET_NAME:c99extidentifier)";
				PRODUCT_NAME = "$(TARGET_NAME:c99extidentifier)";
				SKIP_INSTALL = YES;
				SWIFT_VERSION = 4.0;
				TARGET_NAME = NIOPriorityQueue;
			};
			name = Release;
		};
		OBJ_310 /* Debug */ = {
			isa = XCBuildConfiguration;
			buildSettings = {
				LD = /usr/bin/true;
				OTHER_SWIFT_FLAGS = "-swift-version 4 -I $(TOOLCHAIN_DIR)/usr/lib/swift/pm/4 -target x86_64-apple-macosx10.10 -sdk /Applications/Xcode.app/Contents/Developer/Platforms/MacOSX.platform/Developer/SDKs/MacOSX10.13.sdk";
				SWIFT_VERSION = 4.0;
			};
			name = Debug;
		};
		OBJ_311 /* Release */ = {
			isa = XCBuildConfiguration;
			buildSettings = {
				LD = /usr/bin/true;
				OTHER_SWIFT_FLAGS = "-swift-version 4 -I $(TOOLCHAIN_DIR)/usr/lib/swift/pm/4 -target x86_64-apple-macosx10.10 -sdk /Applications/Xcode.app/Contents/Developer/Platforms/MacOSX.platform/Developer/SDKs/MacOSX10.13.sdk";
				SWIFT_VERSION = 4.0;
			};
			name = Release;
		};
		OBJ_4 /* Release */ = {
			isa = XCBuildConfiguration;
			buildSettings = {
				CLANG_ENABLE_OBJC_ARC = YES;
				COMBINE_HIDPI_IMAGES = YES;
				COPY_PHASE_STRIP = YES;
				DEBUG_INFORMATION_FORMAT = "dwarf-with-dsym";
				DYLIB_INSTALL_NAME_BASE = "@rpath";
				GCC_OPTIMIZATION_LEVEL = s;
				MACOSX_DEPLOYMENT_TARGET = 10.10;
				OTHER_SWIFT_FLAGS = "-DXcode";
				PRODUCT_NAME = "$(TARGET_NAME)";
				SDKROOT = macosx;
				SUPPORTED_PLATFORMS = "macosx iphoneos iphonesimulator appletvos appletvsimulator watchos watchsimulator";
				SWIFT_ACTIVE_COMPILATION_CONDITIONS = SWIFT_PACKAGE;
				SWIFT_OPTIMIZATION_LEVEL = "-Owholemodule";
				USE_HEADERMAP = NO;
			};
			name = Release;
		};
/* End XCBuildConfiguration section */

/* Begin XCConfigurationList section */
		OBJ_129 /* Build configuration list for PBXNativeTarget "Atem" */ = {
			isa = XCConfigurationList;
			buildConfigurations = (
				OBJ_130 /* Debug */,
				OBJ_131 /* Release */,
			);
			defaultConfigurationIsVisible = 0;
			defaultConfigurationName = Release;
		};
		OBJ_167 /* Build configuration list for PBXNativeTarget "Atem RTests" */ = {
			isa = XCConfigurationList;
			buildConfigurations = (
				OBJ_168 /* Debug */,
				OBJ_169 /* Release */,
			);
			defaultConfigurationIsVisible = 0;
			defaultConfigurationName = Release;
		};
		OBJ_190 /* Build configuration list for PBXNativeTarget "AtemPackageDescription" */ = {
			isa = XCConfigurationList;
			buildConfigurations = (
				OBJ_191 /* Debug */,
				OBJ_192 /* Release */,
			);
			defaultConfigurationIsVisible = 0;
			defaultConfigurationName = Release;
		};
		OBJ_196 /* Build configuration list for PBXAggregateTarget "AtemPackageTests" */ = {
			isa = XCConfigurationList;
			buildConfigurations = (
				OBJ_197 /* Debug */,
				OBJ_198 /* Release */,
			);
			defaultConfigurationIsVisible = 0;
			defaultConfigurationName = Release;
		};
		OBJ_2 /* Build configuration list for PBXProject "Atem" */ = {
			isa = XCConfigurationList;
			buildConfigurations = (
				OBJ_3 /* Debug */,
				OBJ_4 /* Release */,
			);
			defaultConfigurationIsVisible = 0;
			defaultConfigurationName = Release;
		};
		OBJ_200 /* Build configuration list for PBXNativeTarget "CNIOAtomics" */ = {
			isa = XCConfigurationList;
			buildConfigurations = (
				OBJ_201 /* Debug */,
				OBJ_202 /* Release */,
			);
			defaultConfigurationIsVisible = 0;
			defaultConfigurationName = Release;
		};
		OBJ_206 /* Build configuration list for PBXNativeTarget "CNIODarwin" */ = {
			isa = XCConfigurationList;
			buildConfigurations = (
				OBJ_207 /* Debug */,
				OBJ_208 /* Release */,
			);
			defaultConfigurationIsVisible = 0;
			defaultConfigurationName = Release;
		};
		OBJ_212 /* Build configuration list for PBXNativeTarget "CNIOLinux" */ = {
			isa = XCConfigurationList;
			buildConfigurations = (
				OBJ_213 /* Debug */,
				OBJ_214 /* Release */,
			);
			defaultConfigurationIsVisible = 0;
			defaultConfigurationName = Release;
		};
		OBJ_218 /* Build configuration list for PBXNativeTarget "CNIOSHA1" */ = {
			isa = XCConfigurationList;
			buildConfigurations = (
				OBJ_219 /* Debug */,
				OBJ_220 /* Release */,
			);
			defaultConfigurationIsVisible = 0;
			defaultConfigurationName = Release;
		};
		OBJ_224 /* Build configuration list for PBXNativeTarget "NIO" */ = {
			isa = XCConfigurationList;
			buildConfigurations = (
				OBJ_225 /* Debug */,
				OBJ_226 /* Release */,
			);
			defaultConfigurationIsVisible = 0;
			defaultConfigurationName = Release;
		};
		OBJ_292 /* Build configuration list for PBXNativeTarget "NIOConcurrencyHelpers" */ = {
			isa = XCConfigurationList;
			buildConfigurations = (
				OBJ_293 /* Debug */,
				OBJ_294 /* Release */,
			);
			defaultConfigurationIsVisible = 0;
			defaultConfigurationName = Release;
		};
		OBJ_301 /* Build configuration list for PBXNativeTarget "NIOPriorityQueue" */ = {
			isa = XCConfigurationList;
			buildConfigurations = (
				OBJ_302 /* Debug */,
				OBJ_303 /* Release */,
			);
			defaultConfigurationIsVisible = 0;
			defaultConfigurationName = Release;
		};
		OBJ_309 /* Build configuration list for PBXNativeTarget "swift-nioPackageDescription" */ = {
			isa = XCConfigurationList;
			buildConfigurations = (
				OBJ_310 /* Debug */,
				OBJ_311 /* Release */,
			);
			defaultConfigurationIsVisible = 0;
			defaultConfigurationName = Release;
		};
/* End XCConfigurationList section */
	};
	rootObject = OBJ_1 /* Project object */;
}
