// !$*UTF8*$!
{
	archiveVersion = 1;
	classes = {
	};
	objectVersion = 46;
	objects = {

/* Begin PBXAggregateTarget section */
		"Atem::AtemPackageTests::ProductTarget" /* AtemPackageTests */ = {
			isa = PBXAggregateTarget;
			buildConfigurationList = OBJ_192 /* Build configuration list for PBXAggregateTarget "AtemPackageTests" */;
			buildPhases = (
			);
			dependencies = (
				OBJ_195 /* PBXTargetDependency */,
			);
			name = AtemPackageTests;
			productName = AtemPackageTests;
		};
/* End PBXAggregateTarget section */

/* Begin PBXBuildFile section */
		742D6FE420B1B2190053D924 /* HandlerWithTimer.swift in Sources */ = {isa = PBXBuildFile; fileRef = 742D6FE320B1B2190053D924 /* HandlerWithTimer.swift */; };
		742D6FE620B1D0ED0053D924 /* EnvelopeWrapper.swift in Sources */ = {isa = PBXBuildFile; fileRef = 742D6FE520B1D0ED0053D924 /* EnvelopeWrapper.swift */; };
		OBJ_131 /* ArrayOperations.swift in Sources */ = {isa = PBXBuildFile; fileRef = OBJ_9 /* ArrayOperations.swift */; };
		OBJ_132 /* Connection.swift in Sources */ = {isa = PBXBuildFile; fileRef = OBJ_10 /* Connection.swift */; };
		OBJ_133 /* Controller.swift in Sources */ = {isa = PBXBuildFile; fileRef = OBJ_11 /* Controller.swift */; };
		OBJ_134 /* InitialStateMessages.swift in Sources */ = {isa = PBXBuildFile; fileRef = OBJ_12 /* InitialStateMessages.swift */; };
		OBJ_135 /* IntOperators.swift in Sources */ = {isa = PBXBuildFile; fileRef = OBJ_13 /* IntOperators.swift */; };
		OBJ_136 /* Message.swift in Sources */ = {isa = PBXBuildFile; fileRef = OBJ_14 /* Message.swift */; };
		OBJ_137 /* Packet.swift in Sources */ = {isa = PBXBuildFile; fileRef = OBJ_15 /* Packet.swift */; };
		OBJ_138 /* PacketTypes.swift in Sources */ = {isa = PBXBuildFile; fileRef = OBJ_16 /* PacketTypes.swift */; };
		OBJ_139 /* Switcher.swift in Sources */ = {isa = PBXBuildFile; fileRef = OBJ_17 /* Switcher.swift */; };
		OBJ_141 /* NIO.framework in Frameworks */ = {isa = PBXBuildFile; fileRef = "swift-nio::NIO::Product" /* NIO.framework */; };
		OBJ_142 /* CNIOSHA1.framework in Frameworks */ = {isa = PBXBuildFile; fileRef = "swift-nio::CNIOSHA1::Product" /* CNIOSHA1.framework */; };
		OBJ_143 /* NIOPriorityQueue.framework in Frameworks */ = {isa = PBXBuildFile; fileRef = "swift-nio::NIOPriorityQueue::Product" /* NIOPriorityQueue.framework */; };
		OBJ_144 /* NIOConcurrencyHelpers.framework in Frameworks */ = {isa = PBXBuildFile; fileRef = "swift-nio::NIOConcurrencyHelpers::Product" /* NIOConcurrencyHelpers.framework */; };
		OBJ_145 /* CNIOAtomics.framework in Frameworks */ = {isa = PBXBuildFile; fileRef = "swift-nio::CNIOAtomics::Product" /* CNIOAtomics.framework */; };
		OBJ_146 /* CNIODarwin.framework in Frameworks */ = {isa = PBXBuildFile; fileRef = "swift-nio::CNIODarwin::Product" /* CNIODarwin.framework */; };
		OBJ_147 /* CNIOLinux.framework in Frameworks */ = {isa = PBXBuildFile; fileRef = "swift-nio::CNIOLinux::Product" /* CNIOLinux.framework */; };
		OBJ_167 /* Atem_RTests.swift in Sources */ = {isa = PBXBuildFile; fileRef = OBJ_20 /* Atem_RTests.swift */; };
		OBJ_169 /* Atem.framework in Frameworks */ = {isa = PBXBuildFile; fileRef = "Atem::Atem::Product" /* Atem.framework */; };
		OBJ_170 /* NIO.framework in Frameworks */ = {isa = PBXBuildFile; fileRef = "swift-nio::NIO::Product" /* NIO.framework */; };
		OBJ_171 /* CNIOSHA1.framework in Frameworks */ = {isa = PBXBuildFile; fileRef = "swift-nio::CNIOSHA1::Product" /* CNIOSHA1.framework */; };
		OBJ_172 /* NIOPriorityQueue.framework in Frameworks */ = {isa = PBXBuildFile; fileRef = "swift-nio::NIOPriorityQueue::Product" /* NIOPriorityQueue.framework */; };
		OBJ_173 /* NIOConcurrencyHelpers.framework in Frameworks */ = {isa = PBXBuildFile; fileRef = "swift-nio::NIOConcurrencyHelpers::Product" /* NIOConcurrencyHelpers.framework */; };
		OBJ_174 /* CNIOAtomics.framework in Frameworks */ = {isa = PBXBuildFile; fileRef = "swift-nio::CNIOAtomics::Product" /* CNIOAtomics.framework */; };
		OBJ_175 /* CNIODarwin.framework in Frameworks */ = {isa = PBXBuildFile; fileRef = "swift-nio::CNIODarwin::Product" /* CNIODarwin.framework */; };
		OBJ_176 /* CNIOLinux.framework in Frameworks */ = {isa = PBXBuildFile; fileRef = "swift-nio::CNIOLinux::Product" /* CNIOLinux.framework */; };
		OBJ_190 /* Package.swift in Sources */ = {isa = PBXBuildFile; fileRef = OBJ_6 /* Package.swift */; };
		OBJ_200 /* c-atomics.c in Sources */ = {isa = PBXBuildFile; fileRef = OBJ_25 /* c-atomics.c */; };
		OBJ_206 /* shim.c in Sources */ = {isa = PBXBuildFile; fileRef = OBJ_106 /* shim.c */; };
		OBJ_212 /* shim.c in Sources */ = {isa = PBXBuildFile; fileRef = OBJ_33 /* shim.c */; };
		OBJ_218 /* c_nio_sha1.c in Sources */ = {isa = PBXBuildFile; fileRef = OBJ_47 /* c_nio_sha1.c */; };
		OBJ_224 /* AddressedEnvelope.swift in Sources */ = {isa = PBXBuildFile; fileRef = OBJ_53 /* AddressedEnvelope.swift */; };
		OBJ_225 /* BaseSocket.swift in Sources */ = {isa = PBXBuildFile; fileRef = OBJ_54 /* BaseSocket.swift */; };
		OBJ_226 /* BaseSocketChannel.swift in Sources */ = {isa = PBXBuildFile; fileRef = OBJ_55 /* BaseSocketChannel.swift */; };
		OBJ_227 /* BlockingIOThreadPool.swift in Sources */ = {isa = PBXBuildFile; fileRef = OBJ_56 /* BlockingIOThreadPool.swift */; };
		OBJ_228 /* Bootstrap.swift in Sources */ = {isa = PBXBuildFile; fileRef = OBJ_57 /* Bootstrap.swift */; };
		OBJ_229 /* ByteBuffer-aux.swift in Sources */ = {isa = PBXBuildFile; fileRef = OBJ_58 /* ByteBuffer-aux.swift */; };
		OBJ_230 /* ByteBuffer-core.swift in Sources */ = {isa = PBXBuildFile; fileRef = OBJ_59 /* ByteBuffer-core.swift */; };
		OBJ_231 /* ByteBuffer-int.swift in Sources */ = {isa = PBXBuildFile; fileRef = OBJ_60 /* ByteBuffer-int.swift */; };
		OBJ_232 /* Channel.swift in Sources */ = {isa = PBXBuildFile; fileRef = OBJ_61 /* Channel.swift */; };
		OBJ_233 /* ChannelHandler.swift in Sources */ = {isa = PBXBuildFile; fileRef = OBJ_62 /* ChannelHandler.swift */; };
		OBJ_234 /* ChannelHandlers.swift in Sources */ = {isa = PBXBuildFile; fileRef = OBJ_63 /* ChannelHandlers.swift */; };
		OBJ_235 /* ChannelInvoker.swift in Sources */ = {isa = PBXBuildFile; fileRef = OBJ_64 /* ChannelInvoker.swift */; };
		OBJ_236 /* ChannelOption.swift in Sources */ = {isa = PBXBuildFile; fileRef = OBJ_65 /* ChannelOption.swift */; };
		OBJ_237 /* ChannelPipeline.swift in Sources */ = {isa = PBXBuildFile; fileRef = OBJ_66 /* ChannelPipeline.swift */; };
		OBJ_238 /* CircularBuffer.swift in Sources */ = {isa = PBXBuildFile; fileRef = OBJ_67 /* CircularBuffer.swift */; };
		OBJ_239 /* Codec.swift in Sources */ = {isa = PBXBuildFile; fileRef = OBJ_68 /* Codec.swift */; };
		OBJ_240 /* CompositeError.swift in Sources */ = {isa = PBXBuildFile; fileRef = OBJ_69 /* CompositeError.swift */; };
		OBJ_241 /* DeadChannel.swift in Sources */ = {isa = PBXBuildFile; fileRef = OBJ_70 /* DeadChannel.swift */; };
		OBJ_242 /* Embedded.swift in Sources */ = {isa = PBXBuildFile; fileRef = OBJ_71 /* Embedded.swift */; };
		OBJ_243 /* EventLoop.swift in Sources */ = {isa = PBXBuildFile; fileRef = OBJ_72 /* EventLoop.swift */; };
		OBJ_244 /* EventLoopFuture.swift in Sources */ = {isa = PBXBuildFile; fileRef = OBJ_73 /* EventLoopFuture.swift */; };
		OBJ_245 /* FileDescriptor.swift in Sources */ = {isa = PBXBuildFile; fileRef = OBJ_74 /* FileDescriptor.swift */; };
		OBJ_246 /* FileHandle.swift in Sources */ = {isa = PBXBuildFile; fileRef = OBJ_75 /* FileHandle.swift */; };
		OBJ_247 /* FileRegion.swift in Sources */ = {isa = PBXBuildFile; fileRef = OBJ_76 /* FileRegion.swift */; };
		OBJ_248 /* GetaddrinfoResolver.swift in Sources */ = {isa = PBXBuildFile; fileRef = OBJ_77 /* GetaddrinfoResolver.swift */; };
		OBJ_249 /* HappyEyeballs.swift in Sources */ = {isa = PBXBuildFile; fileRef = OBJ_78 /* HappyEyeballs.swift */; };
		OBJ_250 /* Heap.swift in Sources */ = {isa = PBXBuildFile; fileRef = OBJ_79 /* Heap.swift */; };
		OBJ_251 /* IO.swift in Sources */ = {isa = PBXBuildFile; fileRef = OBJ_80 /* IO.swift */; };
		OBJ_252 /* IOData.swift in Sources */ = {isa = PBXBuildFile; fileRef = OBJ_81 /* IOData.swift */; };
		OBJ_253 /* IntegerTypes.swift in Sources */ = {isa = PBXBuildFile; fileRef = OBJ_82 /* IntegerTypes.swift */; };
		OBJ_254 /* Interfaces.swift in Sources */ = {isa = PBXBuildFile; fileRef = OBJ_83 /* Interfaces.swift */; };
		OBJ_255 /* Linux.swift in Sources */ = {isa = PBXBuildFile; fileRef = OBJ_84 /* Linux.swift */; };
		OBJ_256 /* LinuxCPUSet.swift in Sources */ = {isa = PBXBuildFile; fileRef = OBJ_85 /* LinuxCPUSet.swift */; };
		OBJ_257 /* MarkedCircularBuffer.swift in Sources */ = {isa = PBXBuildFile; fileRef = OBJ_86 /* MarkedCircularBuffer.swift */; };
		OBJ_258 /* NIOAny.swift in Sources */ = {isa = PBXBuildFile; fileRef = OBJ_87 /* NIOAny.swift */; };
		OBJ_259 /* NonBlockingFileIO.swift in Sources */ = {isa = PBXBuildFile; fileRef = OBJ_88 /* NonBlockingFileIO.swift */; };
		OBJ_260 /* PendingDatagramWritesManager.swift in Sources */ = {isa = PBXBuildFile; fileRef = OBJ_89 /* PendingDatagramWritesManager.swift */; };
		OBJ_261 /* PendingWritesManager.swift in Sources */ = {isa = PBXBuildFile; fileRef = OBJ_90 /* PendingWritesManager.swift */; };
		OBJ_262 /* PriorityQueue.swift in Sources */ = {isa = PBXBuildFile; fileRef = OBJ_91 /* PriorityQueue.swift */; };
		OBJ_263 /* RecvByteBufferAllocator.swift in Sources */ = {isa = PBXBuildFile; fileRef = OBJ_92 /* RecvByteBufferAllocator.swift */; };
		OBJ_264 /* Resolver.swift in Sources */ = {isa = PBXBuildFile; fileRef = OBJ_93 /* Resolver.swift */; };
		OBJ_265 /* Selectable.swift in Sources */ = {isa = PBXBuildFile; fileRef = OBJ_94 /* Selectable.swift */; };
		OBJ_266 /* Selector.swift in Sources */ = {isa = PBXBuildFile; fileRef = OBJ_95 /* Selector.swift */; };
		OBJ_267 /* ServerSocket.swift in Sources */ = {isa = PBXBuildFile; fileRef = OBJ_96 /* ServerSocket.swift */; };
		OBJ_268 /* Socket.swift in Sources */ = {isa = PBXBuildFile; fileRef = OBJ_97 /* Socket.swift */; };
		OBJ_269 /* SocketAddresses.swift in Sources */ = {isa = PBXBuildFile; fileRef = OBJ_98 /* SocketAddresses.swift */; };
		OBJ_270 /* SocketChannel.swift in Sources */ = {isa = PBXBuildFile; fileRef = OBJ_99 /* SocketChannel.swift */; };
		OBJ_271 /* System.swift in Sources */ = {isa = PBXBuildFile; fileRef = OBJ_100 /* System.swift */; };
		OBJ_272 /* Thread.swift in Sources */ = {isa = PBXBuildFile; fileRef = OBJ_101 /* Thread.swift */; };
		OBJ_273 /* TypeAssistedChannelHandler.swift in Sources */ = {isa = PBXBuildFile; fileRef = OBJ_102 /* TypeAssistedChannelHandler.swift */; };
		OBJ_274 /* Utilities.swift in Sources */ = {isa = PBXBuildFile; fileRef = OBJ_103 /* Utilities.swift */; };
		OBJ_276 /* CNIOSHA1.framework in Frameworks */ = {isa = PBXBuildFile; fileRef = "swift-nio::CNIOSHA1::Product" /* CNIOSHA1.framework */; };
		OBJ_277 /* NIOPriorityQueue.framework in Frameworks */ = {isa = PBXBuildFile; fileRef = "swift-nio::NIOPriorityQueue::Product" /* NIOPriorityQueue.framework */; };
		OBJ_278 /* NIOConcurrencyHelpers.framework in Frameworks */ = {isa = PBXBuildFile; fileRef = "swift-nio::NIOConcurrencyHelpers::Product" /* NIOConcurrencyHelpers.framework */; };
		OBJ_279 /* CNIOAtomics.framework in Frameworks */ = {isa = PBXBuildFile; fileRef = "swift-nio::CNIOAtomics::Product" /* CNIOAtomics.framework */; };
		OBJ_280 /* CNIODarwin.framework in Frameworks */ = {isa = PBXBuildFile; fileRef = "swift-nio::CNIODarwin::Product" /* CNIODarwin.framework */; };
		OBJ_281 /* CNIOLinux.framework in Frameworks */ = {isa = PBXBuildFile; fileRef = "swift-nio::CNIOLinux::Product" /* CNIOLinux.framework */; };
		OBJ_292 /* atomics.swift in Sources */ = {isa = PBXBuildFile; fileRef = OBJ_40 /* atomics.swift */; };
		OBJ_293 /* lock.swift in Sources */ = {isa = PBXBuildFile; fileRef = OBJ_41 /* lock.swift */; };
		OBJ_295 /* CNIOAtomics.framework in Frameworks */ = {isa = PBXBuildFile; fileRef = "swift-nio::CNIOAtomics::Product" /* CNIOAtomics.framework */; };
		OBJ_301 /* Heap.swift in Sources */ = {isa = PBXBuildFile; fileRef = OBJ_111 /* Heap.swift */; };
		OBJ_302 /* PriorityQueue.swift in Sources */ = {isa = PBXBuildFile; fileRef = OBJ_112 /* PriorityQueue.swift */; };
		OBJ_309 /* Package.swift in Sources */ = {isa = PBXBuildFile; fileRef = OBJ_115 /* Package.swift */; };
/* End PBXBuildFile section */

/* Begin PBXContainerItemProxy section */
		74A2045320AB03CD0006E079 /* PBXContainerItemProxy */ = {
			isa = PBXContainerItemProxy;
			containerPortal = OBJ_1 /* Project object */;
			proxyType = 1;
			remoteGlobalIDString = "swift-nio::CNIOAtomics";
			remoteInfo = CNIOAtomics;
		};
		74A2045420AB03CD0006E079 /* PBXContainerItemProxy */ = {
			isa = PBXContainerItemProxy;
			containerPortal = OBJ_1 /* Project object */;
			proxyType = 1;
			remoteGlobalIDString = "swift-nio::CNIOSHA1";
			remoteInfo = CNIOSHA1;
		};
		74A2045520AB03CD0006E079 /* PBXContainerItemProxy */ = {
			isa = PBXContainerItemProxy;
			containerPortal = OBJ_1 /* Project object */;
			proxyType = 1;
			remoteGlobalIDString = "swift-nio::NIOPriorityQueue";
			remoteInfo = NIOPriorityQueue;
		};
		74A2045620AB03CD0006E079 /* PBXContainerItemProxy */ = {
			isa = PBXContainerItemProxy;
			containerPortal = OBJ_1 /* Project object */;
			proxyType = 1;
			remoteGlobalIDString = "swift-nio::NIOConcurrencyHelpers";
			remoteInfo = NIOConcurrencyHelpers;
		};
		74A2045720AB03CD0006E079 /* PBXContainerItemProxy */ = {
			isa = PBXContainerItemProxy;
			containerPortal = OBJ_1 /* Project object */;
			proxyType = 1;
			remoteGlobalIDString = "swift-nio::CNIOAtomics";
			remoteInfo = CNIOAtomics;
		};
		74A2045820AB03CD0006E079 /* PBXContainerItemProxy */ = {
			isa = PBXContainerItemProxy;
			containerPortal = OBJ_1 /* Project object */;
			proxyType = 1;
			remoteGlobalIDString = "swift-nio::CNIODarwin";
			remoteInfo = CNIODarwin;
		};
		74A2045920AB03CD0006E079 /* PBXContainerItemProxy */ = {
			isa = PBXContainerItemProxy;
			containerPortal = OBJ_1 /* Project object */;
			proxyType = 1;
			remoteGlobalIDString = "swift-nio::CNIOLinux";
			remoteInfo = CNIOLinux;
		};
		74A2045A20AB03CD0006E079 /* PBXContainerItemProxy */ = {
			isa = PBXContainerItemProxy;
			containerPortal = OBJ_1 /* Project object */;
			proxyType = 1;
			remoteGlobalIDString = "swift-nio::NIO";
			remoteInfo = NIO;
		};
		74A2045B20AB03CD0006E079 /* PBXContainerItemProxy */ = {
			isa = PBXContainerItemProxy;
			containerPortal = OBJ_1 /* Project object */;
			proxyType = 1;
			remoteGlobalIDString = "swift-nio::CNIOSHA1";
			remoteInfo = CNIOSHA1;
		};
		74A2045C20AB03CD0006E079 /* PBXContainerItemProxy */ = {
			isa = PBXContainerItemProxy;
			containerPortal = OBJ_1 /* Project object */;
			proxyType = 1;
			remoteGlobalIDString = "swift-nio::NIOPriorityQueue";
			remoteInfo = NIOPriorityQueue;
		};
		74A2045D20AB03CD0006E079 /* PBXContainerItemProxy */ = {
			isa = PBXContainerItemProxy;
			containerPortal = OBJ_1 /* Project object */;
			proxyType = 1;
			remoteGlobalIDString = "swift-nio::NIOConcurrencyHelpers";
			remoteInfo = NIOConcurrencyHelpers;
		};
		74A2045E20AB03CD0006E079 /* PBXContainerItemProxy */ = {
			isa = PBXContainerItemProxy;
			containerPortal = OBJ_1 /* Project object */;
			proxyType = 1;
			remoteGlobalIDString = "swift-nio::CNIOAtomics";
			remoteInfo = CNIOAtomics;
		};
		74A2045F20AB03CD0006E079 /* PBXContainerItemProxy */ = {
			isa = PBXContainerItemProxy;
			containerPortal = OBJ_1 /* Project object */;
			proxyType = 1;
			remoteGlobalIDString = "swift-nio::CNIODarwin";
			remoteInfo = CNIODarwin;
		};
		74A2046020AB03CD0006E079 /* PBXContainerItemProxy */ = {
			isa = PBXContainerItemProxy;
			containerPortal = OBJ_1 /* Project object */;
			proxyType = 1;
			remoteGlobalIDString = "swift-nio::CNIOLinux";
			remoteInfo = CNIOLinux;
		};
		74A2046120AB03CD0006E079 /* PBXContainerItemProxy */ = {
			isa = PBXContainerItemProxy;
			containerPortal = OBJ_1 /* Project object */;
			proxyType = 1;
			remoteGlobalIDString = "Atem::Atem";
			remoteInfo = Atem;
		};
		74A2046220AB03CD0006E079 /* PBXContainerItemProxy */ = {
			isa = PBXContainerItemProxy;
			containerPortal = OBJ_1 /* Project object */;
			proxyType = 1;
			remoteGlobalIDString = "swift-nio::NIO";
			remoteInfo = NIO;
		};
		74A2046320AB03CD0006E079 /* PBXContainerItemProxy */ = {
			isa = PBXContainerItemProxy;
			containerPortal = OBJ_1 /* Project object */;
			proxyType = 1;
			remoteGlobalIDString = "swift-nio::CNIOSHA1";
			remoteInfo = CNIOSHA1;
		};
		74A2046420AB03CD0006E079 /* PBXContainerItemProxy */ = {
			isa = PBXContainerItemProxy;
			containerPortal = OBJ_1 /* Project object */;
			proxyType = 1;
			remoteGlobalIDString = "swift-nio::NIOPriorityQueue";
			remoteInfo = NIOPriorityQueue;
		};
		74A2046520AB03CD0006E079 /* PBXContainerItemProxy */ = {
			isa = PBXContainerItemProxy;
			containerPortal = OBJ_1 /* Project object */;
			proxyType = 1;
			remoteGlobalIDString = "swift-nio::NIOConcurrencyHelpers";
			remoteInfo = NIOConcurrencyHelpers;
		};
		74A2046620AB03CD0006E079 /* PBXContainerItemProxy */ = {
			isa = PBXContainerItemProxy;
			containerPortal = OBJ_1 /* Project object */;
			proxyType = 1;
			remoteGlobalIDString = "swift-nio::CNIOAtomics";
			remoteInfo = CNIOAtomics;
		};
		74A2046720AB03CD0006E079 /* PBXContainerItemProxy */ = {
			isa = PBXContainerItemProxy;
			containerPortal = OBJ_1 /* Project object */;
			proxyType = 1;
			remoteGlobalIDString = "swift-nio::CNIODarwin";
			remoteInfo = CNIODarwin;
		};
		74A2046820AB03CD0006E079 /* PBXContainerItemProxy */ = {
			isa = PBXContainerItemProxy;
			containerPortal = OBJ_1 /* Project object */;
			proxyType = 1;
			remoteGlobalIDString = "swift-nio::CNIOLinux";
			remoteInfo = CNIOLinux;
		};
		74A2046920AB03CE0006E079 /* PBXContainerItemProxy */ = {
			isa = PBXContainerItemProxy;
			containerPortal = OBJ_1 /* Project object */;
			proxyType = 1;
			remoteGlobalIDString = "Atem::Atem RTests";
			remoteInfo = "Atem RTests";
		};
/* End PBXContainerItemProxy section */

/* Begin PBXFileReference section */
		742D6FE320B1B2190053D924 /* HandlerWithTimer.swift */ = {isa = PBXFileReference; lastKnownFileType = sourcecode.swift; path = HandlerWithTimer.swift; sourceTree = "<group>"; };
		742D6FE520B1D0ED0053D924 /* EnvelopeWrapper.swift */ = {isa = PBXFileReference; lastKnownFileType = sourcecode.swift; path = EnvelopeWrapper.swift; sourceTree = "<group>"; };
		"Atem::Atem RTests::Product" /* Atem_RTests.xctest */ = {isa = PBXFileReference; lastKnownFileType = file; name = Atem_RTests.xctest; path = "Atem RTests.xctest"; sourceTree = BUILT_PRODUCTS_DIR; };
		"Atem::Atem::Product" /* Atem.framework */ = {isa = PBXFileReference; explicitFileType = wrapper.framework; path = Atem.framework; sourceTree = BUILT_PRODUCTS_DIR; };
		OBJ_10 /* Connection.swift */ = {isa = PBXFileReference; lastKnownFileType = sourcecode.swift; path = Connection.swift; sourceTree = "<group>"; };
		OBJ_100 /* System.swift */ = {isa = PBXFileReference; lastKnownFileType = sourcecode.swift; path = System.swift; sourceTree = "<group>"; };
		OBJ_101 /* Thread.swift */ = {isa = PBXFileReference; lastKnownFileType = sourcecode.swift; path = Thread.swift; sourceTree = "<group>"; };
		OBJ_102 /* TypeAssistedChannelHandler.swift */ = {isa = PBXFileReference; lastKnownFileType = sourcecode.swift; path = TypeAssistedChannelHandler.swift; sourceTree = "<group>"; };
		OBJ_103 /* Utilities.swift */ = {isa = PBXFileReference; lastKnownFileType = sourcecode.swift; path = Utilities.swift; sourceTree = "<group>"; };
		OBJ_106 /* shim.c */ = {isa = PBXFileReference; lastKnownFileType = sourcecode.c.c; path = shim.c; sourceTree = "<group>"; };
		OBJ_108 /* c_nio_darwin.h */ = {isa = PBXFileReference; lastKnownFileType = sourcecode.c.h; path = c_nio_darwin.h; sourceTree = "<group>"; };
		OBJ_109 /* module.modulemap */ = {isa = PBXFileReference; lastKnownFileType = "sourcecode.module-map"; name = module.modulemap; path = "/Users/damiaan/Documents/Projecten/Atem R/Atem.xcodeproj/GeneratedModuleMap/CNIODarwin/module.modulemap"; sourceTree = "<group>"; };
		OBJ_11 /* Controller.swift */ = {isa = PBXFileReference; lastKnownFileType = sourcecode.swift; path = Controller.swift; sourceTree = "<group>"; };
		OBJ_111 /* Heap.swift */ = {isa = PBXFileReference; lastKnownFileType = sourcecode.swift; path = Heap.swift; sourceTree = "<group>"; };
		OBJ_112 /* PriorityQueue.swift */ = {isa = PBXFileReference; lastKnownFileType = sourcecode.swift; path = PriorityQueue.swift; sourceTree = "<group>"; };
		OBJ_115 /* Package.swift */ = {isa = PBXFileReference; explicitFileType = sourcecode.swift; name = Package.swift; path = "/Users/damiaan/Documents/Projecten/Atem R/.build/checkouts/swift-nio.git-3108475404973543938/Package.swift"; sourceTree = "<group>"; };
		OBJ_12 /* InitialStateMessages.swift */ = {isa = PBXFileReference; lastKnownFileType = sourcecode.swift; path = InitialStateMessages.swift; sourceTree = "<group>"; };
		OBJ_13 /* IntOperators.swift */ = {isa = PBXFileReference; lastKnownFileType = sourcecode.swift; path = IntOperators.swift; sourceTree = "<group>"; };
		OBJ_14 /* Message.swift */ = {isa = PBXFileReference; lastKnownFileType = sourcecode.swift; path = Message.swift; sourceTree = "<group>"; };
		OBJ_15 /* Packet.swift */ = {isa = PBXFileReference; lastKnownFileType = sourcecode.swift; path = Packet.swift; sourceTree = "<group>"; };
		OBJ_16 /* PacketTypes.swift */ = {isa = PBXFileReference; lastKnownFileType = sourcecode.swift; path = PacketTypes.swift; sourceTree = "<group>"; };
		OBJ_17 /* Switcher.swift */ = {isa = PBXFileReference; lastKnownFileType = sourcecode.swift; path = Switcher.swift; sourceTree = "<group>"; };
		OBJ_20 /* Atem_RTests.swift */ = {isa = PBXFileReference; lastKnownFileType = sourcecode.swift; path = Atem_RTests.swift; sourceTree = "<group>"; };
		OBJ_25 /* c-atomics.c */ = {isa = PBXFileReference; lastKnownFileType = sourcecode.c.c; path = "c-atomics.c"; sourceTree = "<group>"; };
		OBJ_27 /* c-atomics.h */ = {isa = PBXFileReference; lastKnownFileType = sourcecode.c.h; path = "c-atomics.h"; sourceTree = "<group>"; };
		OBJ_28 /* cpp_magic.h */ = {isa = PBXFileReference; lastKnownFileType = sourcecode.c.h; path = cpp_magic.h; sourceTree = "<group>"; };
		OBJ_29 /* module.modulemap */ = {isa = PBXFileReference; lastKnownFileType = "sourcecode.module-map"; name = module.modulemap; path = "/Users/damiaan/Documents/Projecten/Atem R/Atem.xcodeproj/GeneratedModuleMap/CNIOAtomics/module.modulemap"; sourceTree = "<group>"; };
		OBJ_33 /* shim.c */ = {isa = PBXFileReference; lastKnownFileType = sourcecode.c.c; path = shim.c; sourceTree = "<group>"; };
		OBJ_35 /* c_nio_linux.h */ = {isa = PBXFileReference; lastKnownFileType = sourcecode.c.h; path = c_nio_linux.h; sourceTree = "<group>"; };
		OBJ_36 /* module.modulemap */ = {isa = PBXFileReference; lastKnownFileType = "sourcecode.module-map"; name = module.modulemap; path = "/Users/damiaan/Documents/Projecten/Atem R/Atem.xcodeproj/GeneratedModuleMap/CNIOLinux/module.modulemap"; sourceTree = "<group>"; };
		OBJ_40 /* atomics.swift */ = {isa = PBXFileReference; lastKnownFileType = sourcecode.swift; path = atomics.swift; sourceTree = "<group>"; };
		OBJ_41 /* lock.swift */ = {isa = PBXFileReference; lastKnownFileType = sourcecode.swift; path = lock.swift; sourceTree = "<group>"; };
		OBJ_47 /* c_nio_sha1.c */ = {isa = PBXFileReference; lastKnownFileType = sourcecode.c.c; path = c_nio_sha1.c; sourceTree = "<group>"; };
		OBJ_49 /* c_nio_sha1.h */ = {isa = PBXFileReference; lastKnownFileType = sourcecode.c.h; path = c_nio_sha1.h; sourceTree = "<group>"; };
		OBJ_50 /* module.modulemap */ = {isa = PBXFileReference; lastKnownFileType = "sourcecode.module-map"; name = module.modulemap; path = "/Users/damiaan/Documents/Projecten/Atem R/Atem.xcodeproj/GeneratedModuleMap/CNIOSHA1/module.modulemap"; sourceTree = "<group>"; };
		OBJ_53 /* AddressedEnvelope.swift */ = {isa = PBXFileReference; lastKnownFileType = sourcecode.swift; path = AddressedEnvelope.swift; sourceTree = "<group>"; };
		OBJ_54 /* BaseSocket.swift */ = {isa = PBXFileReference; lastKnownFileType = sourcecode.swift; path = BaseSocket.swift; sourceTree = "<group>"; };
		OBJ_55 /* BaseSocketChannel.swift */ = {isa = PBXFileReference; lastKnownFileType = sourcecode.swift; path = BaseSocketChannel.swift; sourceTree = "<group>"; };
		OBJ_56 /* BlockingIOThreadPool.swift */ = {isa = PBXFileReference; lastKnownFileType = sourcecode.swift; path = BlockingIOThreadPool.swift; sourceTree = "<group>"; };
		OBJ_57 /* Bootstrap.swift */ = {isa = PBXFileReference; lastKnownFileType = sourcecode.swift; path = Bootstrap.swift; sourceTree = "<group>"; };
		OBJ_58 /* ByteBuffer-aux.swift */ = {isa = PBXFileReference; lastKnownFileType = sourcecode.swift; path = "ByteBuffer-aux.swift"; sourceTree = "<group>"; };
		OBJ_59 /* ByteBuffer-core.swift */ = {isa = PBXFileReference; lastKnownFileType = sourcecode.swift; path = "ByteBuffer-core.swift"; sourceTree = "<group>"; };
		OBJ_6 /* Package.swift */ = {isa = PBXFileReference; explicitFileType = sourcecode.swift; path = Package.swift; sourceTree = "<group>"; };
		OBJ_60 /* ByteBuffer-int.swift */ = {isa = PBXFileReference; lastKnownFileType = sourcecode.swift; path = "ByteBuffer-int.swift"; sourceTree = "<group>"; };
		OBJ_61 /* Channel.swift */ = {isa = PBXFileReference; lastKnownFileType = sourcecode.swift; path = Channel.swift; sourceTree = "<group>"; };
		OBJ_62 /* ChannelHandler.swift */ = {isa = PBXFileReference; lastKnownFileType = sourcecode.swift; path = ChannelHandler.swift; sourceTree = "<group>"; };
		OBJ_63 /* ChannelHandlers.swift */ = {isa = PBXFileReference; lastKnownFileType = sourcecode.swift; path = ChannelHandlers.swift; sourceTree = "<group>"; };
		OBJ_64 /* ChannelInvoker.swift */ = {isa = PBXFileReference; lastKnownFileType = sourcecode.swift; path = ChannelInvoker.swift; sourceTree = "<group>"; };
		OBJ_65 /* ChannelOption.swift */ = {isa = PBXFileReference; lastKnownFileType = sourcecode.swift; path = ChannelOption.swift; sourceTree = "<group>"; };
		OBJ_66 /* ChannelPipeline.swift */ = {isa = PBXFileReference; lastKnownFileType = sourcecode.swift; path = ChannelPipeline.swift; sourceTree = "<group>"; };
		OBJ_67 /* CircularBuffer.swift */ = {isa = PBXFileReference; lastKnownFileType = sourcecode.swift; path = CircularBuffer.swift; sourceTree = "<group>"; };
		OBJ_68 /* Codec.swift */ = {isa = PBXFileReference; lastKnownFileType = sourcecode.swift; path = Codec.swift; sourceTree = "<group>"; };
		OBJ_69 /* CompositeError.swift */ = {isa = PBXFileReference; lastKnownFileType = sourcecode.swift; path = CompositeError.swift; sourceTree = "<group>"; };
		OBJ_70 /* DeadChannel.swift */ = {isa = PBXFileReference; lastKnownFileType = sourcecode.swift; path = DeadChannel.swift; sourceTree = "<group>"; };
		OBJ_71 /* Embedded.swift */ = {isa = PBXFileReference; lastKnownFileType = sourcecode.swift; path = Embedded.swift; sourceTree = "<group>"; };
		OBJ_72 /* EventLoop.swift */ = {isa = PBXFileReference; lastKnownFileType = sourcecode.swift; path = EventLoop.swift; sourceTree = "<group>"; };
		OBJ_73 /* EventLoopFuture.swift */ = {isa = PBXFileReference; lastKnownFileType = sourcecode.swift; path = EventLoopFuture.swift; sourceTree = "<group>"; };
		OBJ_74 /* FileDescriptor.swift */ = {isa = PBXFileReference; lastKnownFileType = sourcecode.swift; path = FileDescriptor.swift; sourceTree = "<group>"; };
		OBJ_75 /* FileHandle.swift */ = {isa = PBXFileReference; lastKnownFileType = sourcecode.swift; path = FileHandle.swift; sourceTree = "<group>"; };
		OBJ_76 /* FileRegion.swift */ = {isa = PBXFileReference; lastKnownFileType = sourcecode.swift; path = FileRegion.swift; sourceTree = "<group>"; };
		OBJ_77 /* GetaddrinfoResolver.swift */ = {isa = PBXFileReference; lastKnownFileType = sourcecode.swift; path = GetaddrinfoResolver.swift; sourceTree = "<group>"; };
		OBJ_78 /* HappyEyeballs.swift */ = {isa = PBXFileReference; lastKnownFileType = sourcecode.swift; path = HappyEyeballs.swift; sourceTree = "<group>"; };
		OBJ_79 /* Heap.swift */ = {isa = PBXFileReference; lastKnownFileType = sourcecode.swift; path = Heap.swift; sourceTree = "<group>"; };
		OBJ_80 /* IO.swift */ = {isa = PBXFileReference; lastKnownFileType = sourcecode.swift; path = IO.swift; sourceTree = "<group>"; };
		OBJ_81 /* IOData.swift */ = {isa = PBXFileReference; lastKnownFileType = sourcecode.swift; path = IOData.swift; sourceTree = "<group>"; };
		OBJ_82 /* IntegerTypes.swift */ = {isa = PBXFileReference; lastKnownFileType = sourcecode.swift; path = IntegerTypes.swift; sourceTree = "<group>"; };
		OBJ_83 /* Interfaces.swift */ = {isa = PBXFileReference; lastKnownFileType = sourcecode.swift; path = Interfaces.swift; sourceTree = "<group>"; };
		OBJ_84 /* Linux.swift */ = {isa = PBXFileReference; lastKnownFileType = sourcecode.swift; path = Linux.swift; sourceTree = "<group>"; };
		OBJ_85 /* LinuxCPUSet.swift */ = {isa = PBXFileReference; lastKnownFileType = sourcecode.swift; path = LinuxCPUSet.swift; sourceTree = "<group>"; };
		OBJ_86 /* MarkedCircularBuffer.swift */ = {isa = PBXFileReference; lastKnownFileType = sourcecode.swift; path = MarkedCircularBuffer.swift; sourceTree = "<group>"; };
		OBJ_87 /* NIOAny.swift */ = {isa = PBXFileReference; lastKnownFileType = sourcecode.swift; path = NIOAny.swift; sourceTree = "<group>"; };
		OBJ_88 /* NonBlockingFileIO.swift */ = {isa = PBXFileReference; lastKnownFileType = sourcecode.swift; path = NonBlockingFileIO.swift; sourceTree = "<group>"; };
		OBJ_89 /* PendingDatagramWritesManager.swift */ = {isa = PBXFileReference; lastKnownFileType = sourcecode.swift; path = PendingDatagramWritesManager.swift; sourceTree = "<group>"; };
		OBJ_9 /* ArrayOperations.swift */ = {isa = PBXFileReference; lastKnownFileType = sourcecode.swift; path = ArrayOperations.swift; sourceTree = "<group>"; };
		OBJ_90 /* PendingWritesManager.swift */ = {isa = PBXFileReference; lastKnownFileType = sourcecode.swift; path = PendingWritesManager.swift; sourceTree = "<group>"; };
		OBJ_91 /* PriorityQueue.swift */ = {isa = PBXFileReference; lastKnownFileType = sourcecode.swift; path = PriorityQueue.swift; sourceTree = "<group>"; };
		OBJ_92 /* RecvByteBufferAllocator.swift */ = {isa = PBXFileReference; lastKnownFileType = sourcecode.swift; path = RecvByteBufferAllocator.swift; sourceTree = "<group>"; };
		OBJ_93 /* Resolver.swift */ = {isa = PBXFileReference; lastKnownFileType = sourcecode.swift; path = Resolver.swift; sourceTree = "<group>"; };
		OBJ_94 /* Selectable.swift */ = {isa = PBXFileReference; lastKnownFileType = sourcecode.swift; path = Selectable.swift; sourceTree = "<group>"; };
		OBJ_95 /* Selector.swift */ = {isa = PBXFileReference; lastKnownFileType = sourcecode.swift; path = Selector.swift; sourceTree = "<group>"; };
		OBJ_96 /* ServerSocket.swift */ = {isa = PBXFileReference; lastKnownFileType = sourcecode.swift; path = ServerSocket.swift; sourceTree = "<group>"; };
		OBJ_97 /* Socket.swift */ = {isa = PBXFileReference; lastKnownFileType = sourcecode.swift; path = Socket.swift; sourceTree = "<group>"; };
		OBJ_98 /* SocketAddresses.swift */ = {isa = PBXFileReference; lastKnownFileType = sourcecode.swift; path = SocketAddresses.swift; sourceTree = "<group>"; };
		OBJ_99 /* SocketChannel.swift */ = {isa = PBXFileReference; lastKnownFileType = sourcecode.swift; path = SocketChannel.swift; sourceTree = "<group>"; };
		"swift-nio::CNIOAtomics::Product" /* CNIOAtomics.framework */ = {isa = PBXFileReference; explicitFileType = wrapper.framework; path = CNIOAtomics.framework; sourceTree = BUILT_PRODUCTS_DIR; };
		"swift-nio::CNIODarwin::Product" /* CNIODarwin.framework */ = {isa = PBXFileReference; explicitFileType = wrapper.framework; path = CNIODarwin.framework; sourceTree = BUILT_PRODUCTS_DIR; };
		"swift-nio::CNIOLinux::Product" /* CNIOLinux.framework */ = {isa = PBXFileReference; explicitFileType = wrapper.framework; path = CNIOLinux.framework; sourceTree = BUILT_PRODUCTS_DIR; };
		"swift-nio::CNIOSHA1::Product" /* CNIOSHA1.framework */ = {isa = PBXFileReference; explicitFileType = wrapper.framework; path = CNIOSHA1.framework; sourceTree = BUILT_PRODUCTS_DIR; };
		"swift-nio::NIO::Product" /* NIO.framework */ = {isa = PBXFileReference; explicitFileType = wrapper.framework; path = NIO.framework; sourceTree = BUILT_PRODUCTS_DIR; };
		"swift-nio::NIOConcurrencyHelpers::Product" /* NIOConcurrencyHelpers.framework */ = {isa = PBXFileReference; explicitFileType = wrapper.framework; path = NIOConcurrencyHelpers.framework; sourceTree = BUILT_PRODUCTS_DIR; };
		"swift-nio::NIOPriorityQueue::Product" /* NIOPriorityQueue.framework */ = {isa = PBXFileReference; explicitFileType = wrapper.framework; path = NIOPriorityQueue.framework; sourceTree = BUILT_PRODUCTS_DIR; };
/* End PBXFileReference section */

/* Begin PBXFrameworksBuildPhase section */
		OBJ_140 /* Frameworks */ = {
			isa = PBXFrameworksBuildPhase;
			buildActionMask = 0;
			files = (
				OBJ_141 /* NIO.framework in Frameworks */,
				OBJ_142 /* CNIOSHA1.framework in Frameworks */,
				OBJ_143 /* NIOPriorityQueue.framework in Frameworks */,
				OBJ_144 /* NIOConcurrencyHelpers.framework in Frameworks */,
				OBJ_145 /* CNIOAtomics.framework in Frameworks */,
				OBJ_146 /* CNIODarwin.framework in Frameworks */,
				OBJ_147 /* CNIOLinux.framework in Frameworks */,
			);
			runOnlyForDeploymentPostprocessing = 0;
		};
		OBJ_168 /* Frameworks */ = {
			isa = PBXFrameworksBuildPhase;
			buildActionMask = 0;
			files = (
				OBJ_169 /* Atem.framework in Frameworks */,
				OBJ_170 /* NIO.framework in Frameworks */,
				OBJ_171 /* CNIOSHA1.framework in Frameworks */,
				OBJ_172 /* NIOPriorityQueue.framework in Frameworks */,
				OBJ_173 /* NIOConcurrencyHelpers.framework in Frameworks */,
				OBJ_174 /* CNIOAtomics.framework in Frameworks */,
				OBJ_175 /* CNIODarwin.framework in Frameworks */,
				OBJ_176 /* CNIOLinux.framework in Frameworks */,
			);
			runOnlyForDeploymentPostprocessing = 0;
		};
		OBJ_201 /* Frameworks */ = {
			isa = PBXFrameworksBuildPhase;
			buildActionMask = 0;
			files = (
			);
			runOnlyForDeploymentPostprocessing = 0;
		};
		OBJ_207 /* Frameworks */ = {
			isa = PBXFrameworksBuildPhase;
			buildActionMask = 0;
			files = (
			);
			runOnlyForDeploymentPostprocessing = 0;
		};
		OBJ_213 /* Frameworks */ = {
			isa = PBXFrameworksBuildPhase;
			buildActionMask = 0;
			files = (
			);
			runOnlyForDeploymentPostprocessing = 0;
		};
		OBJ_219 /* Frameworks */ = {
			isa = PBXFrameworksBuildPhase;
			buildActionMask = 0;
			files = (
			);
			runOnlyForDeploymentPostprocessing = 0;
		};
		OBJ_275 /* Frameworks */ = {
			isa = PBXFrameworksBuildPhase;
			buildActionMask = 0;
			files = (
				OBJ_276 /* CNIOSHA1.framework in Frameworks */,
				OBJ_277 /* NIOPriorityQueue.framework in Frameworks */,
				OBJ_278 /* NIOConcurrencyHelpers.framework in Frameworks */,
				OBJ_279 /* CNIOAtomics.framework in Frameworks */,
				OBJ_280 /* CNIODarwin.framework in Frameworks */,
				OBJ_281 /* CNIOLinux.framework in Frameworks */,
			);
			runOnlyForDeploymentPostprocessing = 0;
		};
		OBJ_294 /* Frameworks */ = {
			isa = PBXFrameworksBuildPhase;
			buildActionMask = 0;
			files = (
				OBJ_295 /* CNIOAtomics.framework in Frameworks */,
			);
			runOnlyForDeploymentPostprocessing = 0;
		};
		OBJ_303 /* Frameworks */ = {
			isa = PBXFrameworksBuildPhase;
			buildActionMask = 0;
			files = (
			);
			runOnlyForDeploymentPostprocessing = 0;
		};
/* End PBXFrameworksBuildPhase section */

/* Begin PBXGroup section */
		OBJ_104 /* NIOHTTP1 */ = {
			isa = PBXGroup;
			children = (
			);
			name = NIOHTTP1;
			path = ".build/checkouts/swift-nio.git-3108475404973543938/Sources/NIOHTTP1";
			sourceTree = SOURCE_ROOT;
		};
		OBJ_105 /* CNIODarwin */ = {
			isa = PBXGroup;
			children = (
				OBJ_106 /* shim.c */,
				OBJ_107 /* include */,
			);
			name = CNIODarwin;
			path = ".build/checkouts/swift-nio.git-3108475404973543938/Sources/CNIODarwin";
			sourceTree = SOURCE_ROOT;
		};
		OBJ_107 /* include */ = {
			isa = PBXGroup;
			children = (
				OBJ_108 /* c_nio_darwin.h */,
				OBJ_109 /* module.modulemap */,
			);
			path = include;
			sourceTree = "<group>";
		};
		OBJ_110 /* NIOPriorityQueue */ = {
			isa = PBXGroup;
			children = (
				OBJ_111 /* Heap.swift */,
				OBJ_112 /* PriorityQueue.swift */,
			);
			name = NIOPriorityQueue;
			path = ".build/checkouts/swift-nio.git-3108475404973543938/Sources/NIOPriorityQueue";
			sourceTree = SOURCE_ROOT;
		};
		OBJ_113 /* NIOFoundationCompat */ = {
			isa = PBXGroup;
			children = (
			);
			name = NIOFoundationCompat;
			path = ".build/checkouts/swift-nio.git-3108475404973543938/Sources/NIOFoundationCompat";
			sourceTree = SOURCE_ROOT;
		};
		OBJ_114 /* NIOWebSocket */ = {
			isa = PBXGroup;
			children = (
			);
			name = NIOWebSocket;
			path = ".build/checkouts/swift-nio.git-3108475404973543938/Sources/NIOWebSocket";
			sourceTree = SOURCE_ROOT;
		};
		OBJ_116 /* Products */ = {
			isa = PBXGroup;
			children = (
				"swift-nio::CNIOSHA1::Product" /* CNIOSHA1.framework */,
				"swift-nio::NIOConcurrencyHelpers::Product" /* NIOConcurrencyHelpers.framework */,
				"Atem::Atem RTests::Product" /* Atem_RTests.xctest */,
				"swift-nio::NIOPriorityQueue::Product" /* NIOPriorityQueue.framework */,
				"swift-nio::CNIODarwin::Product" /* CNIODarwin.framework */,
				"swift-nio::CNIOAtomics::Product" /* CNIOAtomics.framework */,
				"swift-nio::NIO::Product" /* NIO.framework */,
				"Atem::Atem::Product" /* Atem.framework */,
				"swift-nio::CNIOLinux::Product" /* CNIOLinux.framework */,
			);
			name = Products;
			sourceTree = BUILT_PRODUCTS_DIR;
		};
		OBJ_18 /* Tests */ = {
			isa = PBXGroup;
			children = (
				OBJ_19 /* Atem RTests */,
			);
			name = Tests;
			sourceTree = SOURCE_ROOT;
		};
		OBJ_19 /* Atem RTests */ = {
			isa = PBXGroup;
			children = (
				OBJ_20 /* Atem_RTests.swift */,
			);
			name = "Atem RTests";
			path = "Tests/Atem RTests";
			sourceTree = SOURCE_ROOT;
		};
		OBJ_21 /* Dependencies */ = {
			isa = PBXGroup;
			children = (
				OBJ_22 /* swift-nio 1.6.1 */,
			);
			name = Dependencies;
			sourceTree = "<group>";
		};
		OBJ_22 /* swift-nio 1.6.1 */ = {
			isa = PBXGroup;
			children = (
				OBJ_23 /* CNIOAtomics */,
				OBJ_30 /* CNIOHTTPParser */,
				OBJ_31 /* NIOEchoClient */,
				OBJ_32 /* CNIOLinux */,
				OBJ_37 /* NIOEchoServer */,
				OBJ_38 /* NIOChatServer */,
				OBJ_39 /* NIOConcurrencyHelpers */,
				OBJ_42 /* NIOHTTP1Server */,
				OBJ_43 /* NIOWebSocketServer */,
				OBJ_44 /* NIOChatClient */,
				OBJ_45 /* CNIOZlib */,
				OBJ_46 /* CNIOSHA1 */,
				OBJ_51 /* NIOTLS */,
				OBJ_52 /* NIO */,
				OBJ_104 /* NIOHTTP1 */,
				OBJ_105 /* CNIODarwin */,
				OBJ_110 /* NIOPriorityQueue */,
				OBJ_113 /* NIOFoundationCompat */,
				OBJ_114 /* NIOWebSocket */,
				OBJ_115 /* Package.swift */,
			);
			name = "swift-nio 1.6.1";
			sourceTree = SOURCE_ROOT;
		};
		OBJ_23 /* CNIOAtomics */ = {
			isa = PBXGroup;
			children = (
				OBJ_24 /* src */,
				OBJ_26 /* include */,
			);
			name = CNIOAtomics;
			path = ".build/checkouts/swift-nio.git-3108475404973543938/Sources/CNIOAtomics";
			sourceTree = SOURCE_ROOT;
		};
		OBJ_24 /* src */ = {
			isa = PBXGroup;
			children = (
				OBJ_25 /* c-atomics.c */,
			);
			path = src;
			sourceTree = "<group>";
		};
		OBJ_26 /* include */ = {
			isa = PBXGroup;
			children = (
				OBJ_27 /* c-atomics.h */,
				OBJ_28 /* cpp_magic.h */,
				OBJ_29 /* module.modulemap */,
			);
			path = include;
			sourceTree = "<group>";
		};
		OBJ_30 /* CNIOHTTPParser */ = {
			isa = PBXGroup;
			children = (
			);
			name = CNIOHTTPParser;
			path = ".build/checkouts/swift-nio.git-3108475404973543938/Sources/CNIOHTTPParser";
			sourceTree = SOURCE_ROOT;
		};
		OBJ_31 /* NIOEchoClient */ = {
			isa = PBXGroup;
			children = (
			);
			name = NIOEchoClient;
			path = ".build/checkouts/swift-nio.git-3108475404973543938/Sources/NIOEchoClient";
			sourceTree = SOURCE_ROOT;
		};
		OBJ_32 /* CNIOLinux */ = {
			isa = PBXGroup;
			children = (
				OBJ_33 /* shim.c */,
				OBJ_34 /* include */,
			);
			name = CNIOLinux;
			path = ".build/checkouts/swift-nio.git-3108475404973543938/Sources/CNIOLinux";
			sourceTree = SOURCE_ROOT;
		};
		OBJ_34 /* include */ = {
			isa = PBXGroup;
			children = (
				OBJ_35 /* c_nio_linux.h */,
				OBJ_36 /* module.modulemap */,
			);
			path = include;
			sourceTree = "<group>";
		};
		OBJ_37 /* NIOEchoServer */ = {
			isa = PBXGroup;
			children = (
			);
			name = NIOEchoServer;
			path = ".build/checkouts/swift-nio.git-3108475404973543938/Sources/NIOEchoServer";
			sourceTree = SOURCE_ROOT;
		};
		OBJ_38 /* NIOChatServer */ = {
			isa = PBXGroup;
			children = (
			);
			name = NIOChatServer;
			path = ".build/checkouts/swift-nio.git-3108475404973543938/Sources/NIOChatServer";
			sourceTree = SOURCE_ROOT;
		};
		OBJ_39 /* NIOConcurrencyHelpers */ = {
			isa = PBXGroup;
			children = (
				OBJ_40 /* atomics.swift */,
				OBJ_41 /* lock.swift */,
			);
			name = NIOConcurrencyHelpers;
			path = ".build/checkouts/swift-nio.git-3108475404973543938/Sources/NIOConcurrencyHelpers";
			sourceTree = SOURCE_ROOT;
		};
		OBJ_42 /* NIOHTTP1Server */ = {
			isa = PBXGroup;
			children = (
			);
			name = NIOHTTP1Server;
			path = ".build/checkouts/swift-nio.git-3108475404973543938/Sources/NIOHTTP1Server";
			sourceTree = SOURCE_ROOT;
		};
		OBJ_43 /* NIOWebSocketServer */ = {
			isa = PBXGroup;
			children = (
			);
			name = NIOWebSocketServer;
			path = ".build/checkouts/swift-nio.git-3108475404973543938/Sources/NIOWebSocketServer";
			sourceTree = SOURCE_ROOT;
		};
		OBJ_44 /* NIOChatClient */ = {
			isa = PBXGroup;
			children = (
			);
			name = NIOChatClient;
			path = ".build/checkouts/swift-nio.git-3108475404973543938/Sources/NIOChatClient";
			sourceTree = SOURCE_ROOT;
		};
		OBJ_45 /* CNIOZlib */ = {
			isa = PBXGroup;
			children = (
			);
			name = CNIOZlib;
			path = ".build/checkouts/swift-nio.git-3108475404973543938/Sources/CNIOZlib";
			sourceTree = SOURCE_ROOT;
		};
		OBJ_46 /* CNIOSHA1 */ = {
			isa = PBXGroup;
			children = (
				OBJ_47 /* c_nio_sha1.c */,
				OBJ_48 /* include */,
			);
			name = CNIOSHA1;
			path = ".build/checkouts/swift-nio.git-3108475404973543938/Sources/CNIOSHA1";
			sourceTree = SOURCE_ROOT;
		};
		OBJ_48 /* include */ = {
			isa = PBXGroup;
			children = (
				OBJ_49 /* c_nio_sha1.h */,
				OBJ_50 /* module.modulemap */,
			);
			path = include;
			sourceTree = "<group>";
		};
		OBJ_5 = {
			isa = PBXGroup;
			children = (
				OBJ_6 /* Package.swift */,
				OBJ_7 /* Sources */,
				OBJ_18 /* Tests */,
				OBJ_21 /* Dependencies */,
				OBJ_116 /* Products */,
			);
			sourceTree = "<group>";
		};
		OBJ_51 /* NIOTLS */ = {
			isa = PBXGroup;
			children = (
			);
			name = NIOTLS;
			path = ".build/checkouts/swift-nio.git-3108475404973543938/Sources/NIOTLS";
			sourceTree = SOURCE_ROOT;
		};
		OBJ_52 /* NIO */ = {
			isa = PBXGroup;
			children = (
				OBJ_53 /* AddressedEnvelope.swift */,
				OBJ_54 /* BaseSocket.swift */,
				OBJ_55 /* BaseSocketChannel.swift */,
				OBJ_56 /* BlockingIOThreadPool.swift */,
				OBJ_57 /* Bootstrap.swift */,
				OBJ_58 /* ByteBuffer-aux.swift */,
				OBJ_59 /* ByteBuffer-core.swift */,
				OBJ_60 /* ByteBuffer-int.swift */,
				OBJ_61 /* Channel.swift */,
				OBJ_62 /* ChannelHandler.swift */,
				OBJ_63 /* ChannelHandlers.swift */,
				OBJ_64 /* ChannelInvoker.swift */,
				OBJ_65 /* ChannelOption.swift */,
				OBJ_66 /* ChannelPipeline.swift */,
				OBJ_67 /* CircularBuffer.swift */,
				OBJ_68 /* Codec.swift */,
				OBJ_69 /* CompositeError.swift */,
				OBJ_70 /* DeadChannel.swift */,
				OBJ_71 /* Embedded.swift */,
				OBJ_72 /* EventLoop.swift */,
				OBJ_73 /* EventLoopFuture.swift */,
				OBJ_74 /* FileDescriptor.swift */,
				OBJ_75 /* FileHandle.swift */,
				OBJ_76 /* FileRegion.swift */,
				OBJ_77 /* GetaddrinfoResolver.swift */,
				OBJ_78 /* HappyEyeballs.swift */,
				OBJ_79 /* Heap.swift */,
				OBJ_80 /* IO.swift */,
				OBJ_81 /* IOData.swift */,
				OBJ_82 /* IntegerTypes.swift */,
				OBJ_83 /* Interfaces.swift */,
				OBJ_84 /* Linux.swift */,
				OBJ_85 /* LinuxCPUSet.swift */,
				OBJ_86 /* MarkedCircularBuffer.swift */,
				OBJ_87 /* NIOAny.swift */,
				OBJ_88 /* NonBlockingFileIO.swift */,
				OBJ_89 /* PendingDatagramWritesManager.swift */,
				OBJ_90 /* PendingWritesManager.swift */,
				OBJ_91 /* PriorityQueue.swift */,
				OBJ_92 /* RecvByteBufferAllocator.swift */,
				OBJ_93 /* Resolver.swift */,
				OBJ_94 /* Selectable.swift */,
				OBJ_95 /* Selector.swift */,
				OBJ_96 /* ServerSocket.swift */,
				OBJ_97 /* Socket.swift */,
				OBJ_98 /* SocketAddresses.swift */,
				OBJ_99 /* SocketChannel.swift */,
				OBJ_100 /* System.swift */,
				OBJ_101 /* Thread.swift */,
				OBJ_102 /* TypeAssistedChannelHandler.swift */,
				OBJ_103 /* Utilities.swift */,
			);
			name = NIO;
			path = ".build/checkouts/swift-nio.git-3108475404973543938/Sources/NIO";
			sourceTree = SOURCE_ROOT;
		};
		OBJ_7 /* Sources */ = {
			isa = PBXGroup;
			children = (
				OBJ_8 /* Atem */,
			);
			name = Sources;
			sourceTree = SOURCE_ROOT;
		};
		OBJ_8 /* Atem */ = {
			isa = PBXGroup;
			children = (
				OBJ_9 /* ArrayOperations.swift */,
				OBJ_10 /* Connection.swift */,
				OBJ_11 /* Controller.swift */,
				OBJ_17 /* Switcher.swift */,
				742D6FE320B1B2190053D924 /* HandlerWithTimer.swift */,
				OBJ_12 /* InitialStateMessages.swift */,
				OBJ_13 /* IntOperators.swift */,
				OBJ_14 /* Message.swift */,
				OBJ_15 /* Packet.swift */,
				OBJ_16 /* PacketTypes.swift */,
				742D6FE520B1D0ED0053D924 /* EnvelopeWrapper.swift */,
			);
			name = Atem;
			path = Sources/Atem;
			sourceTree = SOURCE_ROOT;
		};
/* End PBXGroup section */

/* Begin PBXNativeTarget section */
		"Atem::Atem" /* Atem */ = {
			isa = PBXNativeTarget;
			buildConfigurationList = OBJ_127 /* Build configuration list for PBXNativeTarget "Atem" */;
			buildPhases = (
				OBJ_130 /* Sources */,
				OBJ_140 /* Frameworks */,
			);
			buildRules = (
			);
			dependencies = (
				OBJ_148 /* PBXTargetDependency */,
				OBJ_150 /* PBXTargetDependency */,
				OBJ_152 /* PBXTargetDependency */,
				OBJ_154 /* PBXTargetDependency */,
				OBJ_156 /* PBXTargetDependency */,
				OBJ_158 /* PBXTargetDependency */,
				OBJ_160 /* PBXTargetDependency */,
			);
			name = Atem;
			productName = Atem;
			productReference = "Atem::Atem::Product" /* Atem.framework */;
			productType = "com.apple.product-type.framework";
		};
		"Atem::Atem RTests" /* Atem RTests */ = {
			isa = PBXNativeTarget;
			buildConfigurationList = OBJ_163 /* Build configuration list for PBXNativeTarget "Atem RTests" */;
			buildPhases = (
				OBJ_166 /* Sources */,
				OBJ_168 /* Frameworks */,
			);
			buildRules = (
			);
			dependencies = (
				OBJ_177 /* PBXTargetDependency */,
				OBJ_178 /* PBXTargetDependency */,
				OBJ_179 /* PBXTargetDependency */,
				OBJ_180 /* PBXTargetDependency */,
				OBJ_181 /* PBXTargetDependency */,
				OBJ_182 /* PBXTargetDependency */,
				OBJ_183 /* PBXTargetDependency */,
				OBJ_184 /* PBXTargetDependency */,
			);
			name = "Atem RTests";
			productName = Atem_RTests;
			productReference = "Atem::Atem RTests::Product" /* Atem_RTests.xctest */;
			productType = "com.apple.product-type.bundle.unit-test";
		};
		"Atem::SwiftPMPackageDescription" /* AtemPackageDescription */ = {
			isa = PBXNativeTarget;
			buildConfigurationList = OBJ_186 /* Build configuration list for PBXNativeTarget "AtemPackageDescription" */;
			buildPhases = (
				OBJ_189 /* Sources */,
			);
			buildRules = (
			);
			dependencies = (
			);
			name = AtemPackageDescription;
			productName = AtemPackageDescription;
			productType = "com.apple.product-type.framework";
		};
		"swift-nio::CNIOAtomics" /* CNIOAtomics */ = {
			isa = PBXNativeTarget;
			buildConfigurationList = OBJ_196 /* Build configuration list for PBXNativeTarget "CNIOAtomics" */;
			buildPhases = (
				OBJ_199 /* Sources */,
				OBJ_201 /* Frameworks */,
			);
			buildRules = (
			);
			dependencies = (
			);
			name = CNIOAtomics;
			productName = CNIOAtomics;
			productReference = "swift-nio::CNIOAtomics::Product" /* CNIOAtomics.framework */;
			productType = "com.apple.product-type.framework";
		};
		"swift-nio::CNIODarwin" /* CNIODarwin */ = {
			isa = PBXNativeTarget;
			buildConfigurationList = OBJ_202 /* Build configuration list for PBXNativeTarget "CNIODarwin" */;
			buildPhases = (
				OBJ_205 /* Sources */,
				OBJ_207 /* Frameworks */,
			);
			buildRules = (
			);
			dependencies = (
			);
			name = CNIODarwin;
			productName = CNIODarwin;
			productReference = "swift-nio::CNIODarwin::Product" /* CNIODarwin.framework */;
			productType = "com.apple.product-type.framework";
		};
		"swift-nio::CNIOLinux" /* CNIOLinux */ = {
			isa = PBXNativeTarget;
			buildConfigurationList = OBJ_208 /* Build configuration list for PBXNativeTarget "CNIOLinux" */;
			buildPhases = (
				OBJ_211 /* Sources */,
				OBJ_213 /* Frameworks */,
			);
			buildRules = (
			);
			dependencies = (
			);
			name = CNIOLinux;
			productName = CNIOLinux;
			productReference = "swift-nio::CNIOLinux::Product" /* CNIOLinux.framework */;
			productType = "com.apple.product-type.framework";
		};
		"swift-nio::CNIOSHA1" /* CNIOSHA1 */ = {
			isa = PBXNativeTarget;
			buildConfigurationList = OBJ_214 /* Build configuration list for PBXNativeTarget "CNIOSHA1" */;
			buildPhases = (
				OBJ_217 /* Sources */,
				OBJ_219 /* Frameworks */,
			);
			buildRules = (
			);
			dependencies = (
			);
			name = CNIOSHA1;
			productName = CNIOSHA1;
			productReference = "swift-nio::CNIOSHA1::Product" /* CNIOSHA1.framework */;
			productType = "com.apple.product-type.framework";
		};
		"swift-nio::NIO" /* NIO */ = {
			isa = PBXNativeTarget;
			buildConfigurationList = OBJ_220 /* Build configuration list for PBXNativeTarget "NIO" */;
			buildPhases = (
				OBJ_223 /* Sources */,
				OBJ_275 /* Frameworks */,
			);
			buildRules = (
			);
			dependencies = (
				OBJ_282 /* PBXTargetDependency */,
				OBJ_283 /* PBXTargetDependency */,
				OBJ_284 /* PBXTargetDependency */,
				OBJ_285 /* PBXTargetDependency */,
				OBJ_286 /* PBXTargetDependency */,
				OBJ_287 /* PBXTargetDependency */,
			);
			name = NIO;
			productName = NIO;
			productReference = "swift-nio::NIO::Product" /* NIO.framework */;
			productType = "com.apple.product-type.framework";
		};
		"swift-nio::NIOConcurrencyHelpers" /* NIOConcurrencyHelpers */ = {
			isa = PBXNativeTarget;
			buildConfigurationList = OBJ_288 /* Build configuration list for PBXNativeTarget "NIOConcurrencyHelpers" */;
			buildPhases = (
				OBJ_291 /* Sources */,
				OBJ_294 /* Frameworks */,
			);
			buildRules = (
			);
			dependencies = (
				OBJ_296 /* PBXTargetDependency */,
			);
			name = NIOConcurrencyHelpers;
			productName = NIOConcurrencyHelpers;
			productReference = "swift-nio::NIOConcurrencyHelpers::Product" /* NIOConcurrencyHelpers.framework */;
			productType = "com.apple.product-type.framework";
		};
		"swift-nio::NIOPriorityQueue" /* NIOPriorityQueue */ = {
			isa = PBXNativeTarget;
			buildConfigurationList = OBJ_297 /* Build configuration list for PBXNativeTarget "NIOPriorityQueue" */;
			buildPhases = (
				OBJ_300 /* Sources */,
				OBJ_303 /* Frameworks */,
			);
			buildRules = (
			);
			dependencies = (
			);
			name = NIOPriorityQueue;
			productName = NIOPriorityQueue;
			productReference = "swift-nio::NIOPriorityQueue::Product" /* NIOPriorityQueue.framework */;
			productType = "com.apple.product-type.framework";
		};
		"swift-nio::SwiftPMPackageDescription" /* swift-nioPackageDescription */ = {
			isa = PBXNativeTarget;
			buildConfigurationList = OBJ_305 /* Build configuration list for PBXNativeTarget "swift-nioPackageDescription" */;
			buildPhases = (
				OBJ_308 /* Sources */,
			);
			buildRules = (
			);
			dependencies = (
			);
			name = "swift-nioPackageDescription";
			productName = "swift-nioPackageDescription";
			productType = "com.apple.product-type.framework";
		};
/* End PBXNativeTarget section */

/* Begin PBXProject section */
		OBJ_1 /* Project object */ = {
			isa = PBXProject;
			attributes = {
				LastUpgradeCheck = 9999;
			};
			buildConfigurationList = OBJ_2 /* Build configuration list for PBXProject "Atem" */;
			compatibilityVersion = "Xcode 3.2";
			developmentRegion = English;
			hasScannedForEncodings = 0;
			knownRegions = (
				en,
			);
			mainGroup = OBJ_5;
			productRefGroup = OBJ_116 /* Products */;
			projectDirPath = "";
			projectRoot = "";
			targets = (
				"Atem::Atem" /* Atem */,
				"Atem::Atem RTests" /* Atem RTests */,
				"Atem::SwiftPMPackageDescription" /* AtemPackageDescription */,
				"Atem::AtemPackageTests::ProductTarget" /* AtemPackageTests */,
				"swift-nio::CNIOAtomics" /* CNIOAtomics */,
				"swift-nio::CNIODarwin" /* CNIODarwin */,
				"swift-nio::CNIOLinux" /* CNIOLinux */,
				"swift-nio::CNIOSHA1" /* CNIOSHA1 */,
				"swift-nio::NIO" /* NIO */,
				"swift-nio::NIOConcurrencyHelpers" /* NIOConcurrencyHelpers */,
				"swift-nio::NIOPriorityQueue" /* NIOPriorityQueue */,
				"swift-nio::SwiftPMPackageDescription" /* swift-nioPackageDescription */,
			);
		};
/* End PBXProject section */

/* Begin PBXSourcesBuildPhase section */
		OBJ_130 /* Sources */ = {
			isa = PBXSourcesBuildPhase;
			buildActionMask = 0;
			files = (
				OBJ_131 /* ArrayOperations.swift in Sources */,
				742D6FE620B1D0ED0053D924 /* EnvelopeWrapper.swift in Sources */,
				OBJ_132 /* Connection.swift in Sources */,
				OBJ_133 /* Controller.swift in Sources */,
				OBJ_134 /* InitialStateMessages.swift in Sources */,
				OBJ_135 /* IntOperators.swift in Sources */,
				OBJ_136 /* Message.swift in Sources */,
				OBJ_137 /* Packet.swift in Sources */,
				OBJ_138 /* PacketTypes.swift in Sources */,
				742D6FE420B1B2190053D924 /* HandlerWithTimer.swift in Sources */,
				OBJ_139 /* Switcher.swift in Sources */,
			);
			runOnlyForDeploymentPostprocessing = 0;
		};
		OBJ_166 /* Sources */ = {
			isa = PBXSourcesBuildPhase;
			buildActionMask = 0;
			files = (
				OBJ_167 /* Atem_RTests.swift in Sources */,
			);
			runOnlyForDeploymentPostprocessing = 0;
		};
		OBJ_189 /* Sources */ = {
			isa = PBXSourcesBuildPhase;
			buildActionMask = 0;
			files = (
				OBJ_190 /* Package.swift in Sources */,
			);
			runOnlyForDeploymentPostprocessing = 0;
		};
		OBJ_199 /* Sources */ = {
			isa = PBXSourcesBuildPhase;
			buildActionMask = 0;
			files = (
				OBJ_200 /* c-atomics.c in Sources */,
			);
			runOnlyForDeploymentPostprocessing = 0;
		};
		OBJ_205 /* Sources */ = {
			isa = PBXSourcesBuildPhase;
			buildActionMask = 0;
			files = (
				OBJ_206 /* shim.c in Sources */,
			);
			runOnlyForDeploymentPostprocessing = 0;
		};
		OBJ_211 /* Sources */ = {
			isa = PBXSourcesBuildPhase;
			buildActionMask = 0;
			files = (
				OBJ_212 /* shim.c in Sources */,
			);
			runOnlyForDeploymentPostprocessing = 0;
		};
		OBJ_217 /* Sources */ = {
			isa = PBXSourcesBuildPhase;
			buildActionMask = 0;
			files = (
				OBJ_218 /* c_nio_sha1.c in Sources */,
			);
			runOnlyForDeploymentPostprocessing = 0;
		};
		OBJ_223 /* Sources */ = {
			isa = PBXSourcesBuildPhase;
			buildActionMask = 0;
			files = (
				OBJ_224 /* AddressedEnvelope.swift in Sources */,
				OBJ_225 /* BaseSocket.swift in Sources */,
				OBJ_226 /* BaseSocketChannel.swift in Sources */,
				OBJ_227 /* BlockingIOThreadPool.swift in Sources */,
				OBJ_228 /* Bootstrap.swift in Sources */,
				OBJ_229 /* ByteBuffer-aux.swift in Sources */,
				OBJ_230 /* ByteBuffer-core.swift in Sources */,
				OBJ_231 /* ByteBuffer-int.swift in Sources */,
				OBJ_232 /* Channel.swift in Sources */,
				OBJ_233 /* ChannelHandler.swift in Sources */,
				OBJ_234 /* ChannelHandlers.swift in Sources */,
				OBJ_235 /* ChannelInvoker.swift in Sources */,
				OBJ_236 /* ChannelOption.swift in Sources */,
				OBJ_237 /* ChannelPipeline.swift in Sources */,
				OBJ_238 /* CircularBuffer.swift in Sources */,
				OBJ_239 /* Codec.swift in Sources */,
				OBJ_240 /* CompositeError.swift in Sources */,
				OBJ_241 /* DeadChannel.swift in Sources */,
				OBJ_242 /* Embedded.swift in Sources */,
				OBJ_243 /* EventLoop.swift in Sources */,
				OBJ_244 /* EventLoopFuture.swift in Sources */,
				OBJ_245 /* FileDescriptor.swift in Sources */,
				OBJ_246 /* FileHandle.swift in Sources */,
				OBJ_247 /* FileRegion.swift in Sources */,
				OBJ_248 /* GetaddrinfoResolver.swift in Sources */,
				OBJ_249 /* HappyEyeballs.swift in Sources */,
				OBJ_250 /* Heap.swift in Sources */,
				OBJ_251 /* IO.swift in Sources */,
				OBJ_252 /* IOData.swift in Sources */,
				OBJ_253 /* IntegerTypes.swift in Sources */,
				OBJ_254 /* Interfaces.swift in Sources */,
				OBJ_255 /* Linux.swift in Sources */,
				OBJ_256 /* LinuxCPUSet.swift in Sources */,
				OBJ_257 /* MarkedCircularBuffer.swift in Sources */,
				OBJ_258 /* NIOAny.swift in Sources */,
				OBJ_259 /* NonBlockingFileIO.swift in Sources */,
				OBJ_260 /* PendingDatagramWritesManager.swift in Sources */,
				OBJ_261 /* PendingWritesManager.swift in Sources */,
				OBJ_262 /* PriorityQueue.swift in Sources */,
				OBJ_263 /* RecvByteBufferAllocator.swift in Sources */,
				OBJ_264 /* Resolver.swift in Sources */,
				OBJ_265 /* Selectable.swift in Sources */,
				OBJ_266 /* Selector.swift in Sources */,
				OBJ_267 /* ServerSocket.swift in Sources */,
				OBJ_268 /* Socket.swift in Sources */,
				OBJ_269 /* SocketAddresses.swift in Sources */,
				OBJ_270 /* SocketChannel.swift in Sources */,
				OBJ_271 /* System.swift in Sources */,
				OBJ_272 /* Thread.swift in Sources */,
				OBJ_273 /* TypeAssistedChannelHandler.swift in Sources */,
				OBJ_274 /* Utilities.swift in Sources */,
			);
			runOnlyForDeploymentPostprocessing = 0;
		};
		OBJ_291 /* Sources */ = {
			isa = PBXSourcesBuildPhase;
			buildActionMask = 0;
			files = (
				OBJ_292 /* atomics.swift in Sources */,
				OBJ_293 /* lock.swift in Sources */,
			);
			runOnlyForDeploymentPostprocessing = 0;
		};
		OBJ_300 /* Sources */ = {
			isa = PBXSourcesBuildPhase;
			buildActionMask = 0;
			files = (
				OBJ_301 /* Heap.swift in Sources */,
				OBJ_302 /* PriorityQueue.swift in Sources */,
			);
			runOnlyForDeploymentPostprocessing = 0;
		};
		OBJ_308 /* Sources */ = {
			isa = PBXSourcesBuildPhase;
			buildActionMask = 0;
			files = (
				OBJ_309 /* Package.swift in Sources */,
			);
			runOnlyForDeploymentPostprocessing = 0;
		};
/* End PBXSourcesBuildPhase section */

/* Begin PBXTargetDependency section */
		OBJ_148 /* PBXTargetDependency */ = {
			isa = PBXTargetDependency;
			target = "swift-nio::NIO" /* NIO */;
			targetProxy = 74A2045A20AB03CD0006E079 /* PBXContainerItemProxy */;
		};
		OBJ_150 /* PBXTargetDependency */ = {
			isa = PBXTargetDependency;
			target = "swift-nio::CNIOSHA1" /* CNIOSHA1 */;
			targetProxy = 74A2045B20AB03CD0006E079 /* PBXContainerItemProxy */;
		};
		OBJ_152 /* PBXTargetDependency */ = {
			isa = PBXTargetDependency;
			target = "swift-nio::NIOPriorityQueue" /* NIOPriorityQueue */;
			targetProxy = 74A2045C20AB03CD0006E079 /* PBXContainerItemProxy */;
		};
		OBJ_154 /* PBXTargetDependency */ = {
			isa = PBXTargetDependency;
			target = "swift-nio::NIOConcurrencyHelpers" /* NIOConcurrencyHelpers */;
			targetProxy = 74A2045D20AB03CD0006E079 /* PBXContainerItemProxy */;
		};
		OBJ_156 /* PBXTargetDependency */ = {
			isa = PBXTargetDependency;
			target = "swift-nio::CNIOAtomics" /* CNIOAtomics */;
			targetProxy = 74A2045E20AB03CD0006E079 /* PBXContainerItemProxy */;
		};
		OBJ_158 /* PBXTargetDependency */ = {
			isa = PBXTargetDependency;
			target = "swift-nio::CNIODarwin" /* CNIODarwin */;
			targetProxy = 74A2045F20AB03CD0006E079 /* PBXContainerItemProxy */;
		};
		OBJ_160 /* PBXTargetDependency */ = {
			isa = PBXTargetDependency;
			target = "swift-nio::CNIOLinux" /* CNIOLinux */;
			targetProxy = 74A2046020AB03CD0006E079 /* PBXContainerItemProxy */;
		};
		OBJ_177 /* PBXTargetDependency */ = {
			isa = PBXTargetDependency;
			target = "Atem::Atem" /* Atem */;
			targetProxy = 74A2046120AB03CD0006E079 /* PBXContainerItemProxy */;
		};
		OBJ_178 /* PBXTargetDependency */ = {
			isa = PBXTargetDependency;
			target = "swift-nio::NIO" /* NIO */;
			targetProxy = 74A2046220AB03CD0006E079 /* PBXContainerItemProxy */;
		};
		OBJ_179 /* PBXTargetDependency */ = {
			isa = PBXTargetDependency;
			target = "swift-nio::CNIOSHA1" /* CNIOSHA1 */;
			targetProxy = 74A2046320AB03CD0006E079 /* PBXContainerItemProxy */;
		};
		OBJ_180 /* PBXTargetDependency */ = {
			isa = PBXTargetDependency;
			target = "swift-nio::NIOPriorityQueue" /* NIOPriorityQueue */;
			targetProxy = 74A2046420AB03CD0006E079 /* PBXContainerItemProxy */;
		};
		OBJ_181 /* PBXTargetDependency */ = {
			isa = PBXTargetDependency;
			target = "swift-nio::NIOConcurrencyHelpers" /* NIOConcurrencyHelpers */;
			targetProxy = 74A2046520AB03CD0006E079 /* PBXContainerItemProxy */;
		};
		OBJ_182 /* PBXTargetDependency */ = {
			isa = PBXTargetDependency;
			target = "swift-nio::CNIOAtomics" /* CNIOAtomics */;
			targetProxy = 74A2046620AB03CD0006E079 /* PBXContainerItemProxy */;
		};
		OBJ_183 /* PBXTargetDependency */ = {
			isa = PBXTargetDependency;
			target = "swift-nio::CNIODarwin" /* CNIODarwin */;
			targetProxy = 74A2046720AB03CD0006E079 /* PBXContainerItemProxy */;
		};
		OBJ_184 /* PBXTargetDependency */ = {
			isa = PBXTargetDependency;
			target = "swift-nio::CNIOLinux" /* CNIOLinux */;
			targetProxy = 74A2046820AB03CD0006E079 /* PBXContainerItemProxy */;
		};
		OBJ_195 /* PBXTargetDependency */ = {
			isa = PBXTargetDependency;
			target = "Atem::Atem RTests" /* Atem RTests */;
			targetProxy = 74A2046920AB03CE0006E079 /* PBXContainerItemProxy */;
		};
		OBJ_282 /* PBXTargetDependency */ = {
			isa = PBXTargetDependency;
			target = "swift-nio::CNIOSHA1" /* CNIOSHA1 */;
			targetProxy = 74A2045420AB03CD0006E079 /* PBXContainerItemProxy */;
		};
		OBJ_283 /* PBXTargetDependency */ = {
			isa = PBXTargetDependency;
			target = "swift-nio::NIOPriorityQueue" /* NIOPriorityQueue */;
			targetProxy = 74A2045520AB03CD0006E079 /* PBXContainerItemProxy */;
		};
		OBJ_284 /* PBXTargetDependency */ = {
			isa = PBXTargetDependency;
			target = "swift-nio::NIOConcurrencyHelpers" /* NIOConcurrencyHelpers */;
			targetProxy = 74A2045620AB03CD0006E079 /* PBXContainerItemProxy */;
		};
		OBJ_285 /* PBXTargetDependency */ = {
			isa = PBXTargetDependency;
			target = "swift-nio::CNIOAtomics" /* CNIOAtomics */;
			targetProxy = 74A2045720AB03CD0006E079 /* PBXContainerItemProxy */;
		};
		OBJ_286 /* PBXTargetDependency */ = {
			isa = PBXTargetDependency;
			target = "swift-nio::CNIODarwin" /* CNIODarwin */;
			targetProxy = 74A2045820AB03CD0006E079 /* PBXContainerItemProxy */;
		};
		OBJ_287 /* PBXTargetDependency */ = {
			isa = PBXTargetDependency;
			target = "swift-nio::CNIOLinux" /* CNIOLinux */;
			targetProxy = 74A2045920AB03CD0006E079 /* PBXContainerItemProxy */;
		};
		OBJ_296 /* PBXTargetDependency */ = {
			isa = PBXTargetDependency;
			target = "swift-nio::CNIOAtomics" /* CNIOAtomics */;
			targetProxy = 74A2045320AB03CD0006E079 /* PBXContainerItemProxy */;
		};
/* End PBXTargetDependency section */

/* Begin XCBuildConfiguration section */
		OBJ_128 /* Debug */ = {
			isa = XCBuildConfiguration;
			buildSettings = {
				ENABLE_TESTABILITY = YES;
				FRAMEWORK_SEARCH_PATHS = (
					"$(inherited)",
					"$(PLATFORM_DIR)/Developer/Library/Frameworks",
				);
				HEADER_SEARCH_PATHS = (
					"$(inherited)",
					"$(SRCROOT)/.build/checkouts/swift-nio.git-3108475404973543938/Sources/CNIOSHA1/include",
					"$(SRCROOT)/.build/checkouts/swift-nio.git-3108475404973543938/Sources/CNIOAtomics/include",
					"$(SRCROOT)/.build/checkouts/swift-nio.git-3108475404973543938/Sources/CNIODarwin/include",
					"$(SRCROOT)/.build/checkouts/swift-nio.git-3108475404973543938/Sources/CNIOLinux/include",
					"$(SRCROOT)/.build/checkouts/swift-nio-zlib-support.git--1071467962839356487",
					"$(SRCROOT)/Atem.xcodeproj/GeneratedModuleMap/CNIOSHA1",
					"$(SRCROOT)/Atem.xcodeproj/GeneratedModuleMap/CNIOAtomics",
					"$(SRCROOT)/Atem.xcodeproj/GeneratedModuleMap/CNIODarwin",
					"$(SRCROOT)/Atem.xcodeproj/GeneratedModuleMap/CNIOLinux",
				);
				INFOPLIST_FILE = Atem.xcodeproj/Atem_Info.plist;
				LD_RUNPATH_SEARCH_PATHS = "$(inherited) $(TOOLCHAIN_DIR)/usr/lib/swift/macosx";
				OTHER_CFLAGS = "$(inherited)";
				OTHER_LDFLAGS = (
					"$(inherited)",
					"-lz",
				);
				OTHER_SWIFT_FLAGS = "$(inherited) -Xcc -fmodule-map-file=$(SRCROOT)/Atem.xcodeproj/GeneratedModuleMap/CNIOSHA1/module.modulemap -Xcc -fmodule-map-file=$(SRCROOT)/Atem.xcodeproj/GeneratedModuleMap/CNIOAtomics/module.modulemap -Xcc -fmodule-map-file=$(SRCROOT)/Atem.xcodeproj/GeneratedModuleMap/CNIODarwin/module.modulemap -Xcc -fmodule-map-file=$(SRCROOT)/Atem.xcodeproj/GeneratedModuleMap/CNIOLinux/module.modulemap";
				PRODUCT_BUNDLE_IDENTIFIER = Atem;
				PRODUCT_MODULE_NAME = "$(TARGET_NAME:c99extidentifier)";
				PRODUCT_NAME = "$(TARGET_NAME:c99extidentifier)";
				SKIP_INSTALL = YES;
				SWIFT_VERSION = 4.0;
				TARGET_NAME = Atem;
			};
			name = Debug;
		};
		OBJ_129 /* Release */ = {
			isa = XCBuildConfiguration;
			buildSettings = {
				ENABLE_TESTABILITY = YES;
				FRAMEWORK_SEARCH_PATHS = (
					"$(inherited)",
					"$(PLATFORM_DIR)/Developer/Library/Frameworks",
				);
				HEADER_SEARCH_PATHS = (
					"$(inherited)",
					"$(SRCROOT)/.build/checkouts/swift-nio.git-3108475404973543938/Sources/CNIOSHA1/include",
					"$(SRCROOT)/.build/checkouts/swift-nio.git-3108475404973543938/Sources/CNIOAtomics/include",
					"$(SRCROOT)/.build/checkouts/swift-nio.git-3108475404973543938/Sources/CNIODarwin/include",
					"$(SRCROOT)/.build/checkouts/swift-nio.git-3108475404973543938/Sources/CNIOLinux/include",
					"$(SRCROOT)/.build/checkouts/swift-nio-zlib-support.git--1071467962839356487",
					"$(SRCROOT)/Atem.xcodeproj/GeneratedModuleMap/CNIOSHA1",
					"$(SRCROOT)/Atem.xcodeproj/GeneratedModuleMap/CNIOAtomics",
					"$(SRCROOT)/Atem.xcodeproj/GeneratedModuleMap/CNIODarwin",
					"$(SRCROOT)/Atem.xcodeproj/GeneratedModuleMap/CNIOLinux",
				);
				INFOPLIST_FILE = Atem.xcodeproj/Atem_Info.plist;
				LD_RUNPATH_SEARCH_PATHS = "$(inherited) $(TOOLCHAIN_DIR)/usr/lib/swift/macosx";
				OTHER_CFLAGS = "$(inherited)";
				OTHER_LDFLAGS = (
					"$(inherited)",
					"-lz",
				);
				OTHER_SWIFT_FLAGS = "$(inherited) -Xcc -fmodule-map-file=$(SRCROOT)/Atem.xcodeproj/GeneratedModuleMap/CNIOSHA1/module.modulemap -Xcc -fmodule-map-file=$(SRCROOT)/Atem.xcodeproj/GeneratedModuleMap/CNIOAtomics/module.modulemap -Xcc -fmodule-map-file=$(SRCROOT)/Atem.xcodeproj/GeneratedModuleMap/CNIODarwin/module.modulemap -Xcc -fmodule-map-file=$(SRCROOT)/Atem.xcodeproj/GeneratedModuleMap/CNIOLinux/module.modulemap";
				PRODUCT_BUNDLE_IDENTIFIER = Atem;
				PRODUCT_MODULE_NAME = "$(TARGET_NAME:c99extidentifier)";
				PRODUCT_NAME = "$(TARGET_NAME:c99extidentifier)";
				SKIP_INSTALL = YES;
				SWIFT_VERSION = 4.0;
				TARGET_NAME = Atem;
			};
			name = Release;
		};
		OBJ_164 /* Debug */ = {
			isa = XCBuildConfiguration;
			buildSettings = {
				EMBEDDED_CONTENT_CONTAINS_SWIFT = YES;
				FRAMEWORK_SEARCH_PATHS = (
					"$(inherited)",
					"$(PLATFORM_DIR)/Developer/Library/Frameworks",
				);
				HEADER_SEARCH_PATHS = (
					"$(inherited)",
					"$(SRCROOT)/.build/checkouts/swift-nio.git-3108475404973543938/Sources/CNIOSHA1/include",
					"$(SRCROOT)/.build/checkouts/swift-nio.git-3108475404973543938/Sources/CNIOAtomics/include",
					"$(SRCROOT)/.build/checkouts/swift-nio.git-3108475404973543938/Sources/CNIODarwin/include",
					"$(SRCROOT)/.build/checkouts/swift-nio.git-3108475404973543938/Sources/CNIOLinux/include",
					"$(SRCROOT)/.build/checkouts/swift-nio-zlib-support.git--1071467962839356487",
					"$(SRCROOT)/Atem.xcodeproj/GeneratedModuleMap/CNIOSHA1",
					"$(SRCROOT)/Atem.xcodeproj/GeneratedModuleMap/CNIOAtomics",
					"$(SRCROOT)/Atem.xcodeproj/GeneratedModuleMap/CNIODarwin",
					"$(SRCROOT)/Atem.xcodeproj/GeneratedModuleMap/CNIOLinux",
				);
				INFOPLIST_FILE = Atem.xcodeproj/Atem_RTests_Info.plist;
				LD_RUNPATH_SEARCH_PATHS = "$(inherited) @loader_path/../Frameworks @loader_path/Frameworks";
				OTHER_CFLAGS = "$(inherited)";
				OTHER_LDFLAGS = (
					"$(inherited)",
					"-lz",
				);
				OTHER_SWIFT_FLAGS = "$(inherited) -Xcc -fmodule-map-file=$(SRCROOT)/Atem.xcodeproj/GeneratedModuleMap/CNIOSHA1/module.modulemap -Xcc -fmodule-map-file=$(SRCROOT)/Atem.xcodeproj/GeneratedModuleMap/CNIOAtomics/module.modulemap -Xcc -fmodule-map-file=$(SRCROOT)/Atem.xcodeproj/GeneratedModuleMap/CNIODarwin/module.modulemap -Xcc -fmodule-map-file=$(SRCROOT)/Atem.xcodeproj/GeneratedModuleMap/CNIOLinux/module.modulemap";
				SWIFT_VERSION = 4.0;
				TARGET_NAME = "Atem RTests";
			};
			name = Debug;
		};
		OBJ_165 /* Release */ = {
			isa = XCBuildConfiguration;
			buildSettings = {
				EMBEDDED_CONTENT_CONTAINS_SWIFT = YES;
				FRAMEWORK_SEARCH_PATHS = (
					"$(inherited)",
					"$(PLATFORM_DIR)/Developer/Library/Frameworks",
				);
				HEADER_SEARCH_PATHS = (
					"$(inherited)",
					"$(SRCROOT)/.build/checkouts/swift-nio.git-3108475404973543938/Sources/CNIOSHA1/include",
					"$(SRCROOT)/.build/checkouts/swift-nio.git-3108475404973543938/Sources/CNIOAtomics/include",
					"$(SRCROOT)/.build/checkouts/swift-nio.git-3108475404973543938/Sources/CNIODarwin/include",
					"$(SRCROOT)/.build/checkouts/swift-nio.git-3108475404973543938/Sources/CNIOLinux/include",
					"$(SRCROOT)/.build/checkouts/swift-nio-zlib-support.git--1071467962839356487",
					"$(SRCROOT)/Atem.xcodeproj/GeneratedModuleMap/CNIOSHA1",
					"$(SRCROOT)/Atem.xcodeproj/GeneratedModuleMap/CNIOAtomics",
					"$(SRCROOT)/Atem.xcodeproj/GeneratedModuleMap/CNIODarwin",
					"$(SRCROOT)/Atem.xcodeproj/GeneratedModuleMap/CNIOLinux",
				);
				INFOPLIST_FILE = Atem.xcodeproj/Atem_RTests_Info.plist;
				LD_RUNPATH_SEARCH_PATHS = "$(inherited) @loader_path/../Frameworks @loader_path/Frameworks";
				OTHER_CFLAGS = "$(inherited)";
				OTHER_LDFLAGS = (
					"$(inherited)",
					"-lz",
				);
				OTHER_SWIFT_FLAGS = "$(inherited) -Xcc -fmodule-map-file=$(SRCROOT)/Atem.xcodeproj/GeneratedModuleMap/CNIOSHA1/module.modulemap -Xcc -fmodule-map-file=$(SRCROOT)/Atem.xcodeproj/GeneratedModuleMap/CNIOAtomics/module.modulemap -Xcc -fmodule-map-file=$(SRCROOT)/Atem.xcodeproj/GeneratedModuleMap/CNIODarwin/module.modulemap -Xcc -fmodule-map-file=$(SRCROOT)/Atem.xcodeproj/GeneratedModuleMap/CNIOLinux/module.modulemap";
				SWIFT_VERSION = 4.0;
				TARGET_NAME = "Atem RTests";
			};
			name = Release;
		};
		OBJ_187 /* Debug */ = {
			isa = XCBuildConfiguration;
			buildSettings = {
				LD = /usr/bin/true;
				OTHER_SWIFT_FLAGS = "-swift-version 4 -I $(TOOLCHAIN_DIR)/usr/lib/swift/pm/4 -target x86_64-apple-macosx10.10 -sdk /Applications/Xcode.app/Contents/Developer/Platforms/MacOSX.platform/Developer/SDKs/MacOSX10.13.sdk";
				SWIFT_VERSION = 4.0;
			};
			name = Debug;
		};
		OBJ_188 /* Release */ = {
			isa = XCBuildConfiguration;
			buildSettings = {
				LD = /usr/bin/true;
				OTHER_SWIFT_FLAGS = "-swift-version 4 -I $(TOOLCHAIN_DIR)/usr/lib/swift/pm/4 -target x86_64-apple-macosx10.10 -sdk /Applications/Xcode.app/Contents/Developer/Platforms/MacOSX.platform/Developer/SDKs/MacOSX10.13.sdk";
				SWIFT_VERSION = 4.0;
			};
			name = Release;
		};
		OBJ_193 /* Debug */ = {
			isa = XCBuildConfiguration;
			buildSettings = {
			};
			name = Debug;
		};
		OBJ_194 /* Release */ = {
			isa = XCBuildConfiguration;
			buildSettings = {
			};
			name = Release;
		};
		OBJ_197 /* Debug */ = {
			isa = XCBuildConfiguration;
			buildSettings = {
				DEFINES_MODULE = NO;
				ENABLE_TESTABILITY = YES;
				FRAMEWORK_SEARCH_PATHS = (
					"$(inherited)",
					"$(PLATFORM_DIR)/Developer/Library/Frameworks",
				);
				HEADER_SEARCH_PATHS = (
					"$(inherited)",
					"$(SRCROOT)/.build/checkouts/swift-nio.git-3108475404973543938/Sources/CNIOAtomics/include",
					"$(SRCROOT)/.build/checkouts/swift-nio-zlib-support.git--1071467962839356487",
				);
				INFOPLIST_FILE = Atem.xcodeproj/CNIOAtomics_Info.plist;
				LD_RUNPATH_SEARCH_PATHS = "$(inherited) $(TOOLCHAIN_DIR)/usr/lib/swift/macosx";
				OTHER_CFLAGS = "$(inherited)";
				OTHER_LDFLAGS = (
					"$(inherited)",
					"-lz",
				);
				OTHER_SWIFT_FLAGS = "$(inherited)";
				PRODUCT_BUNDLE_IDENTIFIER = CNIOAtomics;
				PRODUCT_MODULE_NAME = "$(TARGET_NAME:c99extidentifier)";
				PRODUCT_NAME = "$(TARGET_NAME:c99extidentifier)";
				SKIP_INSTALL = YES;
				TARGET_NAME = CNIOAtomics;
			};
			name = Debug;
		};
		OBJ_198 /* Release */ = {
			isa = XCBuildConfiguration;
			buildSettings = {
				DEFINES_MODULE = NO;
				ENABLE_TESTABILITY = YES;
				FRAMEWORK_SEARCH_PATHS = (
					"$(inherited)",
					"$(PLATFORM_DIR)/Developer/Library/Frameworks",
				);
				HEADER_SEARCH_PATHS = (
					"$(inherited)",
					"$(SRCROOT)/.build/checkouts/swift-nio.git-3108475404973543938/Sources/CNIOAtomics/include",
					"$(SRCROOT)/.build/checkouts/swift-nio-zlib-support.git--1071467962839356487",
				);
				INFOPLIST_FILE = Atem.xcodeproj/CNIOAtomics_Info.plist;
				LD_RUNPATH_SEARCH_PATHS = "$(inherited) $(TOOLCHAIN_DIR)/usr/lib/swift/macosx";
				OTHER_CFLAGS = "$(inherited)";
				OTHER_LDFLAGS = (
					"$(inherited)",
					"-lz",
				);
				OTHER_SWIFT_FLAGS = "$(inherited)";
				PRODUCT_BUNDLE_IDENTIFIER = CNIOAtomics;
				PRODUCT_MODULE_NAME = "$(TARGET_NAME:c99extidentifier)";
				PRODUCT_NAME = "$(TARGET_NAME:c99extidentifier)";
				SKIP_INSTALL = YES;
				TARGET_NAME = CNIOAtomics;
			};
			name = Release;
		};
		OBJ_203 /* Debug */ = {
			isa = XCBuildConfiguration;
			buildSettings = {
				DEFINES_MODULE = NO;
				ENABLE_TESTABILITY = YES;
				FRAMEWORK_SEARCH_PATHS = (
					"$(inherited)",
					"$(PLATFORM_DIR)/Developer/Library/Frameworks",
				);
				HEADER_SEARCH_PATHS = (
					"$(inherited)",
					"$(SRCROOT)/.build/checkouts/swift-nio.git-3108475404973543938/Sources/CNIODarwin/include",
					"$(SRCROOT)/.build/checkouts/swift-nio-zlib-support.git--1071467962839356487",
				);
				INFOPLIST_FILE = Atem.xcodeproj/CNIODarwin_Info.plist;
				LD_RUNPATH_SEARCH_PATHS = "$(inherited) $(TOOLCHAIN_DIR)/usr/lib/swift/macosx";
				OTHER_CFLAGS = "$(inherited)";
				OTHER_LDFLAGS = (
					"$(inherited)",
					"-lz",
				);
				OTHER_SWIFT_FLAGS = "$(inherited)";
				PRODUCT_BUNDLE_IDENTIFIER = CNIODarwin;
				PRODUCT_MODULE_NAME = "$(TARGET_NAME:c99extidentifier)";
				PRODUCT_NAME = "$(TARGET_NAME:c99extidentifier)";
				SKIP_INSTALL = YES;
				TARGET_NAME = CNIODarwin;
			};
			name = Debug;
		};
		OBJ_204 /* Release */ = {
			isa = XCBuildConfiguration;
			buildSettings = {
				DEFINES_MODULE = NO;
				ENABLE_TESTABILITY = YES;
				FRAMEWORK_SEARCH_PATHS = (
					"$(inherited)",
					"$(PLATFORM_DIR)/Developer/Library/Frameworks",
				);
				HEADER_SEARCH_PATHS = (
					"$(inherited)",
					"$(SRCROOT)/.build/checkouts/swift-nio.git-3108475404973543938/Sources/CNIODarwin/include",
					"$(SRCROOT)/.build/checkouts/swift-nio-zlib-support.git--1071467962839356487",
				);
				INFOPLIST_FILE = Atem.xcodeproj/CNIODarwin_Info.plist;
				LD_RUNPATH_SEARCH_PATHS = "$(inherited) $(TOOLCHAIN_DIR)/usr/lib/swift/macosx";
				OTHER_CFLAGS = "$(inherited)";
				OTHER_LDFLAGS = (
					"$(inherited)",
					"-lz",
				);
				OTHER_SWIFT_FLAGS = "$(inherited)";
				PRODUCT_BUNDLE_IDENTIFIER = CNIODarwin;
				PRODUCT_MODULE_NAME = "$(TARGET_NAME:c99extidentifier)";
				PRODUCT_NAME = "$(TARGET_NAME:c99extidentifier)";
				SKIP_INSTALL = YES;
				TARGET_NAME = CNIODarwin;
			};
			name = Release;
		};
		OBJ_209 /* Debug */ = {
			isa = XCBuildConfiguration;
			buildSettings = {
				DEFINES_MODULE = NO;
				ENABLE_TESTABILITY = YES;
				FRAMEWORK_SEARCH_PATHS = (
					"$(inherited)",
					"$(PLATFORM_DIR)/Developer/Library/Frameworks",
				);
				HEADER_SEARCH_PATHS = (
					"$(inherited)",
					"$(SRCROOT)/.build/checkouts/swift-nio.git-3108475404973543938/Sources/CNIOLinux/include",
					"$(SRCROOT)/.build/checkouts/swift-nio-zlib-support.git--1071467962839356487",
				);
				INFOPLIST_FILE = Atem.xcodeproj/CNIOLinux_Info.plist;
				LD_RUNPATH_SEARCH_PATHS = "$(inherited) $(TOOLCHAIN_DIR)/usr/lib/swift/macosx";
				OTHER_CFLAGS = "$(inherited)";
				OTHER_LDFLAGS = (
					"$(inherited)",
					"-lz",
				);
				OTHER_SWIFT_FLAGS = "$(inherited)";
				PRODUCT_BUNDLE_IDENTIFIER = CNIOLinux;
				PRODUCT_MODULE_NAME = "$(TARGET_NAME:c99extidentifier)";
				PRODUCT_NAME = "$(TARGET_NAME:c99extidentifier)";
				SKIP_INSTALL = YES;
				TARGET_NAME = CNIOLinux;
			};
			name = Debug;
		};
		OBJ_210 /* Release */ = {
			isa = XCBuildConfiguration;
			buildSettings = {
				DEFINES_MODULE = NO;
				ENABLE_TESTABILITY = YES;
				FRAMEWORK_SEARCH_PATHS = (
					"$(inherited)",
					"$(PLATFORM_DIR)/Developer/Library/Frameworks",
				);
				HEADER_SEARCH_PATHS = (
					"$(inherited)",
					"$(SRCROOT)/.build/checkouts/swift-nio.git-3108475404973543938/Sources/CNIOLinux/include",
					"$(SRCROOT)/.build/checkouts/swift-nio-zlib-support.git--1071467962839356487",
				);
				INFOPLIST_FILE = Atem.xcodeproj/CNIOLinux_Info.plist;
				LD_RUNPATH_SEARCH_PATHS = "$(inherited) $(TOOLCHAIN_DIR)/usr/lib/swift/macosx";
				OTHER_CFLAGS = "$(inherited)";
				OTHER_LDFLAGS = (
					"$(inherited)",
					"-lz",
				);
				OTHER_SWIFT_FLAGS = "$(inherited)";
				PRODUCT_BUNDLE_IDENTIFIER = CNIOLinux;
				PRODUCT_MODULE_NAME = "$(TARGET_NAME:c99extidentifier)";
				PRODUCT_NAME = "$(TARGET_NAME:c99extidentifier)";
				SKIP_INSTALL = YES;
				TARGET_NAME = CNIOLinux;
			};
			name = Release;
		};
		OBJ_215 /* Debug */ = {
			isa = XCBuildConfiguration;
			buildSettings = {
				DEFINES_MODULE = NO;
				ENABLE_TESTABILITY = YES;
				FRAMEWORK_SEARCH_PATHS = (
					"$(inherited)",
					"$(PLATFORM_DIR)/Developer/Library/Frameworks",
				);
				HEADER_SEARCH_PATHS = (
					"$(inherited)",
					"$(SRCROOT)/.build/checkouts/swift-nio.git-3108475404973543938/Sources/CNIOSHA1/include",
					"$(SRCROOT)/.build/checkouts/swift-nio-zlib-support.git--1071467962839356487",
				);
				INFOPLIST_FILE = Atem.xcodeproj/CNIOSHA1_Info.plist;
				LD_RUNPATH_SEARCH_PATHS = "$(inherited) $(TOOLCHAIN_DIR)/usr/lib/swift/macosx";
				OTHER_CFLAGS = "$(inherited)";
				OTHER_LDFLAGS = (
					"$(inherited)",
					"-lz",
				);
				OTHER_SWIFT_FLAGS = "$(inherited)";
				PRODUCT_BUNDLE_IDENTIFIER = CNIOSHA1;
				PRODUCT_MODULE_NAME = "$(TARGET_NAME:c99extidentifier)";
				PRODUCT_NAME = "$(TARGET_NAME:c99extidentifier)";
				SKIP_INSTALL = YES;
				TARGET_NAME = CNIOSHA1;
			};
			name = Debug;
		};
		OBJ_216 /* Release */ = {
			isa = XCBuildConfiguration;
			buildSettings = {
				DEFINES_MODULE = NO;
				ENABLE_TESTABILITY = YES;
				FRAMEWORK_SEARCH_PATHS = (
					"$(inherited)",
					"$(PLATFORM_DIR)/Developer/Library/Frameworks",
				);
				HEADER_SEARCH_PATHS = (
					"$(inherited)",
					"$(SRCROOT)/.build/checkouts/swift-nio.git-3108475404973543938/Sources/CNIOSHA1/include",
					"$(SRCROOT)/.build/checkouts/swift-nio-zlib-support.git--1071467962839356487",
				);
				INFOPLIST_FILE = Atem.xcodeproj/CNIOSHA1_Info.plist;
				LD_RUNPATH_SEARCH_PATHS = "$(inherited) $(TOOLCHAIN_DIR)/usr/lib/swift/macosx";
				OTHER_CFLAGS = "$(inherited)";
				OTHER_LDFLAGS = (
					"$(inherited)",
					"-lz",
				);
				OTHER_SWIFT_FLAGS = "$(inherited)";
				PRODUCT_BUNDLE_IDENTIFIER = CNIOSHA1;
				PRODUCT_MODULE_NAME = "$(TARGET_NAME:c99extidentifier)";
				PRODUCT_NAME = "$(TARGET_NAME:c99extidentifier)";
				SKIP_INSTALL = YES;
				TARGET_NAME = CNIOSHA1;
			};
			name = Release;
		};
		OBJ_221 /* Debug */ = {
			isa = XCBuildConfiguration;
			buildSettings = {
				ENABLE_TESTABILITY = YES;
				FRAMEWORK_SEARCH_PATHS = (
					"$(inherited)",
					"$(PLATFORM_DIR)/Developer/Library/Frameworks",
				);
				HEADER_SEARCH_PATHS = (
					"$(inherited)",
					"$(SRCROOT)/.build/checkouts/swift-nio.git-3108475404973543938/Sources/CNIOSHA1/include",
					"$(SRCROOT)/.build/checkouts/swift-nio.git-3108475404973543938/Sources/CNIOAtomics/include",
					"$(SRCROOT)/.build/checkouts/swift-nio.git-3108475404973543938/Sources/CNIODarwin/include",
					"$(SRCROOT)/.build/checkouts/swift-nio.git-3108475404973543938/Sources/CNIOLinux/include",
					"$(SRCROOT)/.build/checkouts/swift-nio-zlib-support.git--1071467962839356487",
					"$(SRCROOT)/Atem.xcodeproj/GeneratedModuleMap/CNIOSHA1",
					"$(SRCROOT)/Atem.xcodeproj/GeneratedModuleMap/CNIOAtomics",
					"$(SRCROOT)/Atem.xcodeproj/GeneratedModuleMap/CNIODarwin",
					"$(SRCROOT)/Atem.xcodeproj/GeneratedModuleMap/CNIOLinux",
				);
				INFOPLIST_FILE = Atem.xcodeproj/NIO_Info.plist;
				LD_RUNPATH_SEARCH_PATHS = "$(inherited) $(TOOLCHAIN_DIR)/usr/lib/swift/macosx";
				OTHER_CFLAGS = "$(inherited)";
				OTHER_LDFLAGS = (
					"$(inherited)",
					"-lz",
				);
				OTHER_SWIFT_FLAGS = "$(inherited) -Xcc -fmodule-map-file=$(SRCROOT)/Atem.xcodeproj/GeneratedModuleMap/CNIOSHA1/module.modulemap -Xcc -fmodule-map-file=$(SRCROOT)/Atem.xcodeproj/GeneratedModuleMap/CNIOAtomics/module.modulemap -Xcc -fmodule-map-file=$(SRCROOT)/Atem.xcodeproj/GeneratedModuleMap/CNIODarwin/module.modulemap -Xcc -fmodule-map-file=$(SRCROOT)/Atem.xcodeproj/GeneratedModuleMap/CNIOLinux/module.modulemap";
				PRODUCT_BUNDLE_IDENTIFIER = NIO;
				PRODUCT_MODULE_NAME = "$(TARGET_NAME:c99extidentifier)";
				PRODUCT_NAME = "$(TARGET_NAME:c99extidentifier)";
				SKIP_INSTALL = YES;
				SWIFT_VERSION = 4.0;
				TARGET_NAME = NIO;
			};
			name = Debug;
		};
		OBJ_222 /* Release */ = {
			isa = XCBuildConfiguration;
			buildSettings = {
				ENABLE_TESTABILITY = YES;
				FRAMEWORK_SEARCH_PATHS = (
					"$(inherited)",
					"$(PLATFORM_DIR)/Developer/Library/Frameworks",
				);
				HEADER_SEARCH_PATHS = (
					"$(inherited)",
					"$(SRCROOT)/.build/checkouts/swift-nio.git-3108475404973543938/Sources/CNIOSHA1/include",
					"$(SRCROOT)/.build/checkouts/swift-nio.git-3108475404973543938/Sources/CNIOAtomics/include",
					"$(SRCROOT)/.build/checkouts/swift-nio.git-3108475404973543938/Sources/CNIODarwin/include",
					"$(SRCROOT)/.build/checkouts/swift-nio.git-3108475404973543938/Sources/CNIOLinux/include",
					"$(SRCROOT)/.build/checkouts/swift-nio-zlib-support.git--1071467962839356487",
					"$(SRCROOT)/Atem.xcodeproj/GeneratedModuleMap/CNIOSHA1",
					"$(SRCROOT)/Atem.xcodeproj/GeneratedModuleMap/CNIOAtomics",
					"$(SRCROOT)/Atem.xcodeproj/GeneratedModuleMap/CNIODarwin",
					"$(SRCROOT)/Atem.xcodeproj/GeneratedModuleMap/CNIOLinux",
				);
				INFOPLIST_FILE = Atem.xcodeproj/NIO_Info.plist;
				LD_RUNPATH_SEARCH_PATHS = "$(inherited) $(TOOLCHAIN_DIR)/usr/lib/swift/macosx";
				OTHER_CFLAGS = "$(inherited)";
				OTHER_LDFLAGS = (
					"$(inherited)",
					"-lz",
				);
				OTHER_SWIFT_FLAGS = "$(inherited) -Xcc -fmodule-map-file=$(SRCROOT)/Atem.xcodeproj/GeneratedModuleMap/CNIOSHA1/module.modulemap -Xcc -fmodule-map-file=$(SRCROOT)/Atem.xcodeproj/GeneratedModuleMap/CNIOAtomics/module.modulemap -Xcc -fmodule-map-file=$(SRCROOT)/Atem.xcodeproj/GeneratedModuleMap/CNIODarwin/module.modulemap -Xcc -fmodule-map-file=$(SRCROOT)/Atem.xcodeproj/GeneratedModuleMap/CNIOLinux/module.modulemap";
				PRODUCT_BUNDLE_IDENTIFIER = NIO;
				PRODUCT_MODULE_NAME = "$(TARGET_NAME:c99extidentifier)";
				PRODUCT_NAME = "$(TARGET_NAME:c99extidentifier)";
				SKIP_INSTALL = YES;
				SWIFT_VERSION = 4.0;
				TARGET_NAME = NIO;
			};
			name = Release;
		};
		OBJ_289 /* Debug */ = {
			isa = XCBuildConfiguration;
			buildSettings = {
				ENABLE_TESTABILITY = YES;
				FRAMEWORK_SEARCH_PATHS = (
					"$(inherited)",
					"$(PLATFORM_DIR)/Developer/Library/Frameworks",
				);
				HEADER_SEARCH_PATHS = (
					"$(inherited)",
					"$(SRCROOT)/.build/checkouts/swift-nio.git-3108475404973543938/Sources/CNIOAtomics/include",
					"$(SRCROOT)/.build/checkouts/swift-nio-zlib-support.git--1071467962839356487",
					"$(SRCROOT)/Atem.xcodeproj/GeneratedModuleMap/CNIOAtomics",
				);
				INFOPLIST_FILE = Atem.xcodeproj/NIOConcurrencyHelpers_Info.plist;
				LD_RUNPATH_SEARCH_PATHS = "$(inherited) $(TOOLCHAIN_DIR)/usr/lib/swift/macosx";
				OTHER_CFLAGS = "$(inherited)";
				OTHER_LDFLAGS = (
					"$(inherited)",
					"-lz",
				);
				OTHER_SWIFT_FLAGS = "$(inherited) -Xcc -fmodule-map-file=$(SRCROOT)/Atem.xcodeproj/GeneratedModuleMap/CNIOAtomics/module.modulemap";
				PRODUCT_BUNDLE_IDENTIFIER = NIOConcurrencyHelpers;
				PRODUCT_MODULE_NAME = "$(TARGET_NAME:c99extidentifier)";
				PRODUCT_NAME = "$(TARGET_NAME:c99extidentifier)";
				SKIP_INSTALL = YES;
				SWIFT_VERSION = 4.0;
				TARGET_NAME = NIOConcurrencyHelpers;
			};
			name = Debug;
		};
		OBJ_290 /* Release */ = {
			isa = XCBuildConfiguration;
			buildSettings = {
				ENABLE_TESTABILITY = YES;
				FRAMEWORK_SEARCH_PATHS = (
					"$(inherited)",
					"$(PLATFORM_DIR)/Developer/Library/Frameworks",
				);
				HEADER_SEARCH_PATHS = (
					"$(inherited)",
					"$(SRCROOT)/.build/checkouts/swift-nio.git-3108475404973543938/Sources/CNIOAtomics/include",
					"$(SRCROOT)/.build/checkouts/swift-nio-zlib-support.git--1071467962839356487",
					"$(SRCROOT)/Atem.xcodeproj/GeneratedModuleMap/CNIOAtomics",
				);
				INFOPLIST_FILE = Atem.xcodeproj/NIOConcurrencyHelpers_Info.plist;
				LD_RUNPATH_SEARCH_PATHS = "$(inherited) $(TOOLCHAIN_DIR)/usr/lib/swift/macosx";
				OTHER_CFLAGS = "$(inherited)";
				OTHER_LDFLAGS = (
					"$(inherited)",
					"-lz",
				);
				OTHER_SWIFT_FLAGS = "$(inherited) -Xcc -fmodule-map-file=$(SRCROOT)/Atem.xcodeproj/GeneratedModuleMap/CNIOAtomics/module.modulemap";
				PRODUCT_BUNDLE_IDENTIFIER = NIOConcurrencyHelpers;
				PRODUCT_MODULE_NAME = "$(TARGET_NAME:c99extidentifier)";
				PRODUCT_NAME = "$(TARGET_NAME:c99extidentifier)";
				SKIP_INSTALL = YES;
				SWIFT_VERSION = 4.0;
				TARGET_NAME = NIOConcurrencyHelpers;
			};
			name = Release;
		};
		OBJ_298 /* Debug */ = {
			isa = XCBuildConfiguration;
			buildSettings = {
				ENABLE_TESTABILITY = YES;
				FRAMEWORK_SEARCH_PATHS = (
					"$(inherited)",
					"$(PLATFORM_DIR)/Developer/Library/Frameworks",
				);
				HEADER_SEARCH_PATHS = (
					"$(inherited)",
					"$(SRCROOT)/.build/checkouts/swift-nio-zlib-support.git--1071467962839356487",
				);
				INFOPLIST_FILE = Atem.xcodeproj/NIOPriorityQueue_Info.plist;
				LD_RUNPATH_SEARCH_PATHS = "$(inherited) $(TOOLCHAIN_DIR)/usr/lib/swift/macosx";
				OTHER_CFLAGS = "$(inherited)";
				OTHER_LDFLAGS = (
					"$(inherited)",
					"-lz",
				);
				OTHER_SWIFT_FLAGS = "$(inherited)";
				PRODUCT_BUNDLE_IDENTIFIER = NIOPriorityQueue;
				PRODUCT_MODULE_NAME = "$(TARGET_NAME:c99extidentifier)";
				PRODUCT_NAME = "$(TARGET_NAME:c99extidentifier)";
				SKIP_INSTALL = YES;
				SWIFT_VERSION = 4.0;
				TARGET_NAME = NIOPriorityQueue;
			};
			name = Debug;
		};
		OBJ_299 /* Release */ = {
			isa = XCBuildConfiguration;
			buildSettings = {
				ENABLE_TESTABILITY = YES;
				FRAMEWORK_SEARCH_PATHS = (
					"$(inherited)",
					"$(PLATFORM_DIR)/Developer/Library/Frameworks",
				);
				HEADER_SEARCH_PATHS = (
					"$(inherited)",
					"$(SRCROOT)/.build/checkouts/swift-nio-zlib-support.git--1071467962839356487",
				);
				INFOPLIST_FILE = Atem.xcodeproj/NIOPriorityQueue_Info.plist;
				LD_RUNPATH_SEARCH_PATHS = "$(inherited) $(TOOLCHAIN_DIR)/usr/lib/swift/macosx";
				OTHER_CFLAGS = "$(inherited)";
				OTHER_LDFLAGS = (
					"$(inherited)",
					"-lz",
				);
				OTHER_SWIFT_FLAGS = "$(inherited)";
				PRODUCT_BUNDLE_IDENTIFIER = NIOPriorityQueue;
				PRODUCT_MODULE_NAME = "$(TARGET_NAME:c99extidentifier)";
				PRODUCT_NAME = "$(TARGET_NAME:c99extidentifier)";
				SKIP_INSTALL = YES;
				SWIFT_VERSION = 4.0;
				TARGET_NAME = NIOPriorityQueue;
			};
			name = Release;
		};
		OBJ_3 /* Debug */ = {
			isa = XCBuildConfiguration;
			buildSettings = {
				CLANG_ENABLE_OBJC_ARC = YES;
				COMBINE_HIDPI_IMAGES = YES;
				COPY_PHASE_STRIP = NO;
				DEBUG_INFORMATION_FORMAT = dwarf;
				DYLIB_INSTALL_NAME_BASE = "@rpath";
				ENABLE_NS_ASSERTIONS = YES;
				GCC_OPTIMIZATION_LEVEL = 0;
				MACOSX_DEPLOYMENT_TARGET = 10.10;
				ONLY_ACTIVE_ARCH = YES;
				OTHER_SWIFT_FLAGS = "-DXcode";
				PRODUCT_NAME = "$(TARGET_NAME)";
				SDKROOT = macosx;
				SUPPORTED_PLATFORMS = "macosx iphoneos iphonesimulator appletvos appletvsimulator watchos watchsimulator";
				SWIFT_ACTIVE_COMPILATION_CONDITIONS = SWIFT_PACKAGE;
				SWIFT_OPTIMIZATION_LEVEL = "-Onone";
				USE_HEADERMAP = NO;
			};
			name = Debug;
		};
		OBJ_306 /* Debug */ = {
			isa = XCBuildConfiguration;
			buildSettings = {
				LD = /usr/bin/true;
				OTHER_SWIFT_FLAGS = "-swift-version 4 -I $(TOOLCHAIN_DIR)/usr/lib/swift/pm/4 -target x86_64-apple-macosx10.10 -sdk /Applications/Xcode.app/Contents/Developer/Platforms/MacOSX.platform/Developer/SDKs/MacOSX10.13.sdk";
				SWIFT_VERSION = 4.0;
			};
			name = Debug;
		};
		OBJ_307 /* Release */ = {
			isa = XCBuildConfiguration;
			buildSettings = {
				LD = /usr/bin/true;
				OTHER_SWIFT_FLAGS = "-swift-version 4 -I $(TOOLCHAIN_DIR)/usr/lib/swift/pm/4 -target x86_64-apple-macosx10.10 -sdk /Applications/Xcode.app/Contents/Developer/Platforms/MacOSX.platform/Developer/SDKs/MacOSX10.13.sdk";
				SWIFT_VERSION = 4.0;
			};
			name = Release;
		};
		OBJ_4 /* Release */ = {
			isa = XCBuildConfiguration;
			buildSettings = {
				CLANG_ENABLE_OBJC_ARC = YES;
				COMBINE_HIDPI_IMAGES = YES;
				COPY_PHASE_STRIP = YES;
				DEBUG_INFORMATION_FORMAT = "dwarf-with-dsym";
				DYLIB_INSTALL_NAME_BASE = "@rpath";
				GCC_OPTIMIZATION_LEVEL = s;
				MACOSX_DEPLOYMENT_TARGET = 10.10;
				OTHER_SWIFT_FLAGS = "-DXcode";
				PRODUCT_NAME = "$(TARGET_NAME)";
				SDKROOT = macosx;
				SUPPORTED_PLATFORMS = "macosx iphoneos iphonesimulator appletvos appletvsimulator watchos watchsimulator";
				SWIFT_ACTIVE_COMPILATION_CONDITIONS = SWIFT_PACKAGE;
				SWIFT_OPTIMIZATION_LEVEL = "-Owholemodule";
				USE_HEADERMAP = NO;
			};
			name = Release;
		};
/* End XCBuildConfiguration section */

/* Begin XCConfigurationList section */
		OBJ_127 /* Build configuration list for PBXNativeTarget "Atem" */ = {
			isa = XCConfigurationList;
			buildConfigurations = (
				OBJ_128 /* Debug */,
				OBJ_129 /* Release */,
			);
			defaultConfigurationIsVisible = 0;
			defaultConfigurationName = Release;
		};
		OBJ_163 /* Build configuration list for PBXNativeTarget "Atem RTests" */ = {
			isa = XCConfigurationList;
			buildConfigurations = (
				OBJ_164 /* Debug */,
				OBJ_165 /* Release */,
			);
			defaultConfigurationIsVisible = 0;
			defaultConfigurationName = Release;
		};
		OBJ_186 /* Build configuration list for PBXNativeTarget "AtemPackageDescription" */ = {
			isa = XCConfigurationList;
			buildConfigurations = (
				OBJ_187 /* Debug */,
				OBJ_188 /* Release */,
			);
			defaultConfigurationIsVisible = 0;
			defaultConfigurationName = Release;
		};
		OBJ_192 /* Build configuration list for PBXAggregateTarget "AtemPackageTests" */ = {
			isa = XCConfigurationList;
			buildConfigurations = (
				OBJ_193 /* Debug */,
				OBJ_194 /* Release */,
			);
			defaultConfigurationIsVisible = 0;
			defaultConfigurationName = Release;
		};
		OBJ_196 /* Build configuration list for PBXNativeTarget "CNIOAtomics" */ = {
			isa = XCConfigurationList;
			buildConfigurations = (
				OBJ_197 /* Debug */,
				OBJ_198 /* Release */,
			);
			defaultConfigurationIsVisible = 0;
			defaultConfigurationName = Release;
		};
		OBJ_2 /* Build configuration list for PBXProject "Atem" */ = {
			isa = XCConfigurationList;
			buildConfigurations = (
				OBJ_3 /* Debug */,
				OBJ_4 /* Release */,
			);
			defaultConfigurationIsVisible = 0;
			defaultConfigurationName = Release;
		};
		OBJ_202 /* Build configuration list for PBXNativeTarget "CNIODarwin" */ = {
			isa = XCConfigurationList;
			buildConfigurations = (
				OBJ_203 /* Debug */,
				OBJ_204 /* Release */,
			);
			defaultConfigurationIsVisible = 0;
			defaultConfigurationName = Release;
		};
		OBJ_208 /* Build configuration list for PBXNativeTarget "CNIOLinux" */ = {
			isa = XCConfigurationList;
			buildConfigurations = (
				OBJ_209 /* Debug */,
				OBJ_210 /* Release */,
			);
			defaultConfigurationIsVisible = 0;
			defaultConfigurationName = Release;
		};
		OBJ_214 /* Build configuration list for PBXNativeTarget "CNIOSHA1" */ = {
			isa = XCConfigurationList;
			buildConfigurations = (
				OBJ_215 /* Debug */,
				OBJ_216 /* Release */,
			);
			defaultConfigurationIsVisible = 0;
			defaultConfigurationName = Release;
		};
		OBJ_220 /* Build configuration list for PBXNativeTarget "NIO" */ = {
			isa = XCConfigurationList;
			buildConfigurations = (
				OBJ_221 /* Debug */,
				OBJ_222 /* Release */,
			);
			defaultConfigurationIsVisible = 0;
			defaultConfigurationName = Release;
		};
		OBJ_288 /* Build configuration list for PBXNativeTarget "NIOConcurrencyHelpers" */ = {
			isa = XCConfigurationList;
			buildConfigurations = (
				OBJ_289 /* Debug */,
				OBJ_290 /* Release */,
			);
			defaultConfigurationIsVisible = 0;
			defaultConfigurationName = Release;
		};
		OBJ_297 /* Build configuration list for PBXNativeTarget "NIOPriorityQueue" */ = {
			isa = XCConfigurationList;
			buildConfigurations = (
				OBJ_298 /* Debug */,
				OBJ_299 /* Release */,
			);
			defaultConfigurationIsVisible = 0;
			defaultConfigurationName = Release;
		};
		OBJ_305 /* Build configuration list for PBXNativeTarget "swift-nioPackageDescription" */ = {
			isa = XCConfigurationList;
			buildConfigurations = (
				OBJ_306 /* Debug */,
				OBJ_307 /* Release */,
			);
			defaultConfigurationIsVisible = 0;
			defaultConfigurationName = Release;
		};
/* End XCConfigurationList section */
	};
	rootObject = OBJ_1 /* Project object */;
}
